{
  "version": 4,
  "terraform_version": "1.4.6",
  "serial": 587,
  "lineage": "137c492c-c4cf-9cc7-c008-e75cb9f45682",
  "outputs": {
    "data_base_name": {
      "value": "posqlserver6074",
      "type": "string"
    },
    "linux_hostname": {
      "value": [
        "vmlinux-n015360741",
        "vmlinux-n015360742",
        "vmlinux-n015360743"
      ],
      "type": [
        "tuple",
        [
          "string",
          "string",
          "string"
        ]
      ]
    },
    "linux_public_ip": {
      "value": [
        "20.104.121.154",
        "20.104.120.234",
        "20.104.57.66"
      ],
      "type": [
        "tuple",
        [
          "string",
          "string",
          "string"
        ]
      ]
    },
    "log_aw_name": {
      "value": "LogAnalyticsW",
      "type": "string"
    },
    "recovery_services_vault_name": {
      "value": "my-recoveryvault",
      "type": "string"
    },
    "rgroup_net_location": {
      "value": "canadacentral",
      "type": "string"
    },
    "rgroup_net_name": {
      "value": "n01536074-RG",
      "type": "string"
    },
    "st_acc_name": {
      "value": "n01536074sa",
      "type": "string"
    },
    "vm_linux": {
      "value": [
        [
          "vmlinux-n015360741",
          "vmlinux-n015360742",
          "vmlinux-n015360743"
        ]
      ],
      "type": [
        "tuple",
        [
          [
            "tuple",
            [
              "string",
              "string",
              "string"
            ]
          ]
        ]
      ]
    },
    "vmlinux_private_ip": {
      "value": [
        [
          "10.0.0.8",
          "10.0.0.7",
          "10.0.0.6"
        ]
      ],
      "type": [
        "tuple",
        [
          [
            "tuple",
            [
              "string",
              "string",
              "string"
            ]
          ]
        ]
      ]
    },
    "vmwindows_hostname": {
      "value": [
        [
          "n01536074-vm1",
          "n01536074-vm2"
        ]
      ],
      "type": [
        "tuple",
        [
          [
            "tuple",
            [
              "string",
              "string"
            ]
          ]
        ]
      ]
    },
    "vnet_name": {
      "value": "N01536074-VNET",
      "type": "string"
    },
    "vnet_sg_name1": {
      "value": "N01536074-NSG",
      "type": "string"
    },
    "vnet_space": {
      "value": [
        "10.0.0.0/16"
      ],
      "type": [
        "list",
        "string"
      ]
    },
    "vnet_subnet_name": {
      "value": "N01536074-SUBNET",
      "type": "string"
    },
    "win_private_ip": {
      "value": [
        [
          "10.0.0.4",
          "10.0.0.5"
        ]
      ],
      "type": [
        "tuple",
        [
          [
            "tuple",
            [
              "string",
              "string"
            ]
          ]
        ]
      ]
    },
    "win_public_ip": {
      "value": [
        [
          "20.104.120.208",
          "20.151.175.226"
        ]
      ],
      "type": [
        "tuple",
        [
          [
            "tuple",
            [
              "string",
              "string"
            ]
          ]
        ]
      ]
    }
  },
  "resources": [
    {
      "module": "module.common",
      "mode": "managed",
      "type": "azurerm_log_analytics_workspace",
      "name": "log_aw",
      "provider": "provider[\"registry.terraform.io/hashicorp/azurerm\"]",
      "instances": [
        {
          "schema_version": 3,
          "attributes": {
            "allow_resource_only_permissions": true,
            "cmk_for_query_forced": false,
            "daily_quota_gb": -1,
            "id": "/subscriptions/e788dca7-dec8-4c32-8a60-e78008622e22/resourceGroups/n01536074-RG/providers/Microsoft.OperationalInsights/workspaces/LogAnalyticsW",
            "internet_ingestion_enabled": true,
            "internet_query_enabled": true,
            "local_authentication_disabled": false,
            "location": "canadacentral",
            "name": "LogAnalyticsW",
            "primary_shared_key": "CdXv937FvSeI0Bv7nadLZx0XdPxXkTsP7qCYplf+/BvRdSwi0w9pZoDWYLZk7QsCz0G0zHhLL4xvpfT5pstr6A==",
            "reservation_capacity_in_gb_per_day": null,
            "resource_group_name": "n01536074-RG",
            "retention_in_days": 30,
            "secondary_shared_key": "+aA4/n8EpZ2LEf1l+Pvw1WhRHdwqgV3ony8R59SxiEq451W8tveWcizKNNAcJKWEzTCY9cVSvH1qZ8jxBxkBcA==",
            "sku": "PerGB2018",
            "tags": {
              "Assignment": "CCGC 5502 Automation Assignment",
              "Environment": "Learning",
              "ExpirationDate": "2024-12-31",
              "Name": "niharika.bhatt"
            },
            "timeouts": null,
            "workspace_id": "f125711e-8c4b-4348-8ce0-b1d0faab2017"
          },
          "sensitive_attributes": [],
          "private": "eyJlMmJmYjczMC1lY2FhLTExZTYtOGY4OC0zNDM2M2JjN2M0YzAiOnsiY3JlYXRlIjoxODAwMDAwMDAwMDAwLCJkZWxldGUiOjE4MDAwMDAwMDAwMDAsInJlYWQiOjMwMDAwMDAwMDAwMCwidXBkYXRlIjoxODAwMDAwMDAwMDAwfSwic2NoZW1hX3ZlcnNpb24iOiIzIn0=",
          "dependencies": [
            "module.resource_group.azurerm_resource_group.resource_group"
          ]
        }
      ]
    },
    {
      "module": "module.common",
      "mode": "managed",
      "type": "azurerm_recovery_services_vault",
      "name": "recovery_services_vault",
      "provider": "provider[\"registry.terraform.io/hashicorp/azurerm\"]",
      "instances": [
        {
          "schema_version": 0,
          "attributes": {
            "classic_vmware_replication_enabled": null,
            "cross_region_restore_enabled": false,
            "encryption": [],
            "id": "/subscriptions/e788dca7-dec8-4c32-8a60-e78008622e22/resourceGroups/n01536074-RG/providers/Microsoft.RecoveryServices/vaults/my-recoveryvault",
            "identity": [],
            "immutability": null,
            "location": "canadacentral",
            "monitoring": [],
            "name": "my-recoveryvault",
            "public_network_access_enabled": true,
            "resource_group_name": "n01536074-RG",
            "sku": "Standard",
            "soft_delete_enabled": true,
            "storage_mode_type": "GeoRedundant",
            "tags": null,
            "timeouts": null
          },
          "sensitive_attributes": [],
          "private": "eyJlMmJmYjczMC1lY2FhLTExZTYtOGY4OC0zNDM2M2JjN2M0YzAiOnsiY3JlYXRlIjo3MjAwMDAwMDAwMDAwLCJkZWxldGUiOjE4MDAwMDAwMDAwMDAsInJlYWQiOjMwMDAwMDAwMDAwMCwidXBkYXRlIjozNjAwMDAwMDAwMDAwfX0=",
          "dependencies": [
            "module.resource_group.azurerm_resource_group.resource_group"
          ]
        }
      ]
    },
    {
      "module": "module.common",
      "mode": "managed",
      "type": "azurerm_storage_account",
      "name": "storage_account",
      "provider": "provider[\"registry.terraform.io/hashicorp/azurerm\"]",
      "instances": [
        {
          "schema_version": 4,
          "attributes": {
            "access_tier": "Hot",
            "account_kind": "StorageV2",
            "account_replication_type": "LRS",
            "account_tier": "Standard",
            "allow_nested_items_to_be_public": true,
            "allowed_copy_scope": "",
            "azure_files_authentication": [],
            "blob_properties": [
              {
                "change_feed_enabled": false,
                "change_feed_retention_in_days": 0,
                "container_delete_retention_policy": [],
                "cors_rule": [],
                "default_service_version": "",
                "delete_retention_policy": [],
                "last_access_time_enabled": false,
                "restore_policy": [],
                "versioning_enabled": false
              }
            ],
            "cross_tenant_replication_enabled": true,
            "custom_domain": [],
            "customer_managed_key": [],
            "default_to_oauth_authentication": false,
            "edge_zone": "",
            "enable_https_traffic_only": true,
            "id": "/subscriptions/e788dca7-dec8-4c32-8a60-e78008622e22/resourceGroups/n01536074-RG/providers/Microsoft.Storage/storageAccounts/n01536074sa",
            "identity": [],
            "immutability_policy": [],
            "infrastructure_encryption_enabled": false,
            "is_hns_enabled": false,
            "large_file_share_enabled": null,
            "location": "canadacentral",
            "min_tls_version": "TLS1_2",
            "name": "n01536074sa",
            "network_rules": [
              {
                "bypass": [
                  "AzureServices"
                ],
                "default_action": "Allow",
                "ip_rules": [],
                "private_link_access": [],
                "virtual_network_subnet_ids": []
              }
            ],
            "nfsv3_enabled": false,
            "primary_access_key": "jx/pH+fFv8Eg1TwTv0AwAuS06FskBg0rGxpk7ql3ix/spZP7vPrk4UDVG3gF7ITuCcMSYHNHYcQP+ASts413oA==",
            "primary_blob_connection_string": "DefaultEndpointsProtocol=https;BlobEndpoint=https://n01536074sa.blob.core.windows.net/;AccountName=n01536074sa;AccountKey=jx/pH+fFv8Eg1TwTv0AwAuS06FskBg0rGxpk7ql3ix/spZP7vPrk4UDVG3gF7ITuCcMSYHNHYcQP+ASts413oA==",
            "primary_blob_endpoint": "https://n01536074sa.blob.core.windows.net/",
            "primary_blob_host": "n01536074sa.blob.core.windows.net",
            "primary_connection_string": "DefaultEndpointsProtocol=https;AccountName=n01536074sa;AccountKey=jx/pH+fFv8Eg1TwTv0AwAuS06FskBg0rGxpk7ql3ix/spZP7vPrk4UDVG3gF7ITuCcMSYHNHYcQP+ASts413oA==;EndpointSuffix=core.windows.net",
            "primary_dfs_endpoint": "https://n01536074sa.dfs.core.windows.net/",
            "primary_dfs_host": "n01536074sa.dfs.core.windows.net",
            "primary_file_endpoint": "https://n01536074sa.file.core.windows.net/",
            "primary_file_host": "n01536074sa.file.core.windows.net",
            "primary_location": "canadacentral",
            "primary_queue_endpoint": "https://n01536074sa.queue.core.windows.net/",
            "primary_queue_host": "n01536074sa.queue.core.windows.net",
            "primary_table_endpoint": "https://n01536074sa.table.core.windows.net/",
            "primary_table_host": "n01536074sa.table.core.windows.net",
            "primary_web_endpoint": "https://n01536074sa.z9.web.core.windows.net/",
            "primary_web_host": "n01536074sa.z9.web.core.windows.net",
            "public_network_access_enabled": true,
            "queue_encryption_key_type": "Service",
            "queue_properties": [
              {
                "cors_rule": [],
                "hour_metrics": [
                  {
                    "enabled": true,
                    "include_apis": true,
                    "retention_policy_days": 7,
                    "version": "1.0"
                  }
                ],
                "logging": [
                  {
                    "delete": false,
                    "read": false,
                    "retention_policy_days": 0,
                    "version": "1.0",
                    "write": false
                  }
                ],
                "minute_metrics": [
                  {
                    "enabled": false,
                    "include_apis": false,
                    "retention_policy_days": 0,
                    "version": "1.0"
                  }
                ]
              }
            ],
            "resource_group_name": "n01536074-RG",
            "routing": [],
            "sas_policy": [],
            "secondary_access_key": "XyJ35IZPSQHFTYe17Haf0Fc0wIf/aNoMgL59Vp3GHv7LcsY02Av1gz82sYxN6L/bK28slG3mi1SO+AStC4PyGg==",
            "secondary_blob_connection_string": "",
            "secondary_blob_endpoint": null,
            "secondary_blob_host": null,
            "secondary_connection_string": "DefaultEndpointsProtocol=https;AccountName=n01536074sa;AccountKey=XyJ35IZPSQHFTYe17Haf0Fc0wIf/aNoMgL59Vp3GHv7LcsY02Av1gz82sYxN6L/bK28slG3mi1SO+AStC4PyGg==;EndpointSuffix=core.windows.net",
            "secondary_dfs_endpoint": null,
            "secondary_dfs_host": null,
            "secondary_file_endpoint": null,
            "secondary_file_host": null,
            "secondary_location": "",
            "secondary_queue_endpoint": null,
            "secondary_queue_host": null,
            "secondary_table_endpoint": null,
            "secondary_table_host": null,
            "secondary_web_endpoint": null,
            "secondary_web_host": null,
            "sftp_enabled": false,
            "share_properties": [
              {
                "cors_rule": [],
                "retention_policy": [
                  {
                    "days": 7
                  }
                ],
                "smb": []
              }
            ],
            "shared_access_key_enabled": true,
            "static_website": [],
            "table_encryption_key_type": "Service",
            "tags": null,
            "timeouts": null
          },
          "sensitive_attributes": [],
          "private": "eyJlMmJmYjczMC1lY2FhLTExZTYtOGY4OC0zNDM2M2JjN2M0YzAiOnsiY3JlYXRlIjozNjAwMDAwMDAwMDAwLCJkZWxldGUiOjM2MDAwMDAwMDAwMDAsInJlYWQiOjMwMDAwMDAwMDAwMCwidXBkYXRlIjozNjAwMDAwMDAwMDAwfSwic2NoZW1hX3ZlcnNpb24iOiI0In0=",
          "dependencies": [
            "module.resource_group.azurerm_resource_group.resource_group"
          ]
        }
      ]
    },
    {
      "module": "module.data_disk",
      "mode": "managed",
      "type": "azurerm_managed_disk",
      "name": "d_disk",
      "provider": "provider[\"registry.terraform.io/hashicorp/azurerm\"]",
      "instances": [
        {
          "index_key": 0,
          "schema_version": 1,
          "attributes": {
            "create_option": "Empty",
            "disk_access_id": "",
            "disk_encryption_set_id": "",
            "disk_iops_read_only": 0,
            "disk_iops_read_write": 500,
            "disk_mbps_read_only": 0,
            "disk_mbps_read_write": 60,
            "disk_size_gb": 10,
            "edge_zone": "",
            "encryption_settings": [],
            "gallery_image_reference_id": "",
            "hyper_v_generation": "",
            "id": "/subscriptions/e788dca7-dec8-4c32-8a60-e78008622e22/resourceGroups/n01536074-RG/providers/Microsoft.Compute/disks/n01536074-vm1-data-disk1",
            "image_reference_id": "",
            "location": "canadacentral",
            "logical_sector_size": null,
            "max_shares": 0,
            "name": "n01536074-vm1-data-disk1",
            "network_access_policy": null,
            "on_demand_bursting_enabled": false,
            "os_type": "",
            "public_network_access_enabled": true,
            "resource_group_name": "n01536074-RG",
            "secure_vm_disk_encryption_set_id": "",
            "security_type": "",
            "source_resource_id": "",
            "source_uri": "",
            "storage_account_id": "",
            "storage_account_type": "Standard_LRS",
            "tags": {
              "Assignment": "CCGC 5502 Automation Assignment",
              "Environment": "Learning",
              "ExpirationDate": "2024-12-31",
              "Name": "niharika.bhatt"
            },
            "tier": "",
            "timeouts": null,
            "trusted_launch_enabled": false,
            "upload_size_bytes": 0,
            "zone": ""
          },
          "sensitive_attributes": [],
          "private": "eyJlMmJmYjczMC1lY2FhLTExZTYtOGY4OC0zNDM2M2JjN2M0YzAiOnsiY3JlYXRlIjoxODAwMDAwMDAwMDAwLCJkZWxldGUiOjE4MDAwMDAwMDAwMDAsInJlYWQiOjMwMDAwMDAwMDAwMCwidXBkYXRlIjoxODAwMDAwMDAwMDAwfSwic2NoZW1hX3ZlcnNpb24iOiIxIn0=",
          "dependencies": [
            "module.common.azurerm_log_analytics_workspace.log_aw",
            "module.common.azurerm_recovery_services_vault.recovery_services_vault",
            "module.common.azurerm_storage_account.storage_account",
            "module.network.azurerm_network_security_group.network_sg",
            "module.network.azurerm_subnet.virtual_network_subnet",
            "module.network.azurerm_subnet_network_security_group_association.subnet_nsg_association",
            "module.network.azurerm_virtual_network.virtual_network",
            "module.resource_group.azurerm_resource_group.resource_group",
            "module.vmlinux.azurerm_availability_set.linux_availability_set",
            "module.vmlinux.azurerm_linux_virtual_machine.linux_vm",
            "module.vmlinux.azurerm_network_interface.vmlinux_network_interface",
            "module.vmlinux.azurerm_public_ip.vmlinux_public_ip",
            "module.vmlinux.azurerm_virtual_machine_extension.azure_monitor_extension",
            "module.vmlinux.azurerm_virtual_machine_extension.vmlinux_network_watcher",
            "module.vmlinux.null_resource.linux_provisioner",
            "module.vmwindows.azurerm_availability_set.win_availability_set",
            "module.vmwindows.azurerm_network_interface.windows_network_interface",
            "module.vmwindows.azurerm_public_ip.vmwindows_public_ip",
            "module.vmwindows.azurerm_virtual_machine_extension.windows_extension",
            "module.vmwindows.azurerm_windows_virtual_machine.vm_windows"
          ]
        }
      ]
    },
    {
      "module": "module.data_disk",
      "mode": "managed",
      "type": "azurerm_managed_disk",
      "name": "vmlinux_data_disk",
      "provider": "provider[\"registry.terraform.io/hashicorp/azurerm\"]",
      "instances": [
        {
          "index_key": 0,
          "schema_version": 1,
          "attributes": {
            "create_option": "Empty",
            "disk_access_id": "",
            "disk_encryption_set_id": "",
            "disk_iops_read_only": 0,
            "disk_iops_read_write": 500,
            "disk_mbps_read_only": 0,
            "disk_mbps_read_write": 60,
            "disk_size_gb": 10,
            "edge_zone": "",
            "encryption_settings": [],
            "gallery_image_reference_id": "",
            "hyper_v_generation": "",
            "id": "/subscriptions/e788dca7-dec8-4c32-8a60-e78008622e22/resourceGroups/n01536074-RG/providers/Microsoft.Compute/disks/vmlinux-n015360741-data-disk1",
            "image_reference_id": "",
            "location": "canadacentral",
            "logical_sector_size": null,
            "max_shares": 0,
            "name": "vmlinux-n015360741-data-disk1",
            "network_access_policy": null,
            "on_demand_bursting_enabled": false,
            "os_type": "",
            "public_network_access_enabled": true,
            "resource_group_name": "n01536074-RG",
            "secure_vm_disk_encryption_set_id": "",
            "security_type": "",
            "source_resource_id": "",
            "source_uri": "",
            "storage_account_id": "",
            "storage_account_type": "Standard_LRS",
            "tags": {
              "Assignment": "CCGC 5502 Automation Assignment",
              "Environment": "Learning",
              "ExpirationDate": "2024-12-31",
              "Name": "niharika.bhatt"
            },
            "tier": "",
            "timeouts": null,
            "trusted_launch_enabled": false,
            "upload_size_bytes": 0,
            "zone": ""
          },
          "sensitive_attributes": [],
          "private": "eyJlMmJmYjczMC1lY2FhLTExZTYtOGY4OC0zNDM2M2JjN2M0YzAiOnsiY3JlYXRlIjoxODAwMDAwMDAwMDAwLCJkZWxldGUiOjE4MDAwMDAwMDAwMDAsInJlYWQiOjMwMDAwMDAwMDAwMCwidXBkYXRlIjoxODAwMDAwMDAwMDAwfSwic2NoZW1hX3ZlcnNpb24iOiIxIn0=",
          "dependencies": [
            "module.common.azurerm_log_analytics_workspace.log_aw",
            "module.common.azurerm_recovery_services_vault.recovery_services_vault",
            "module.common.azurerm_storage_account.storage_account",
            "module.network.azurerm_network_security_group.network_sg",
            "module.network.azurerm_subnet.virtual_network_subnet",
            "module.network.azurerm_subnet_network_security_group_association.subnet_nsg_association",
            "module.network.azurerm_virtual_network.virtual_network",
            "module.resource_group.azurerm_resource_group.resource_group",
            "module.vmlinux.azurerm_availability_set.linux_availability_set",
            "module.vmlinux.azurerm_linux_virtual_machine.linux_vm",
            "module.vmlinux.azurerm_network_interface.vmlinux_network_interface",
            "module.vmlinux.azurerm_public_ip.vmlinux_public_ip",
            "module.vmlinux.azurerm_virtual_machine_extension.azure_monitor_extension",
            "module.vmlinux.azurerm_virtual_machine_extension.vmlinux_network_watcher",
            "module.vmlinux.null_resource.linux_provisioner",
            "module.vmwindows.azurerm_availability_set.win_availability_set",
            "module.vmwindows.azurerm_network_interface.windows_network_interface",
            "module.vmwindows.azurerm_public_ip.vmwindows_public_ip",
            "module.vmwindows.azurerm_virtual_machine_extension.windows_extension",
            "module.vmwindows.azurerm_windows_virtual_machine.vm_windows"
          ]
        },
        {
          "index_key": 1,
          "schema_version": 1,
          "attributes": {
            "create_option": "Empty",
            "disk_access_id": "",
            "disk_encryption_set_id": "",
            "disk_iops_read_only": 0,
            "disk_iops_read_write": 500,
            "disk_mbps_read_only": 0,
            "disk_mbps_read_write": 60,
            "disk_size_gb": 10,
            "edge_zone": "",
            "encryption_settings": [],
            "gallery_image_reference_id": "",
            "hyper_v_generation": "",
            "id": "/subscriptions/e788dca7-dec8-4c32-8a60-e78008622e22/resourceGroups/n01536074-RG/providers/Microsoft.Compute/disks/vmlinux-n015360741-data-disk2",
            "image_reference_id": "",
            "location": "canadacentral",
            "logical_sector_size": null,
            "max_shares": 0,
            "name": "vmlinux-n015360741-data-disk2",
            "network_access_policy": null,
            "on_demand_bursting_enabled": false,
            "os_type": "",
            "public_network_access_enabled": true,
            "resource_group_name": "n01536074-RG",
            "secure_vm_disk_encryption_set_id": "",
            "security_type": "",
            "source_resource_id": "",
            "source_uri": "",
            "storage_account_id": "",
            "storage_account_type": "Standard_LRS",
            "tags": {
              "Assignment": "CCGC 5502 Automation Assignment",
              "Environment": "Learning",
              "ExpirationDate": "2024-12-31",
              "Name": "niharika.bhatt"
            },
            "tier": "",
            "timeouts": null,
            "trusted_launch_enabled": false,
            "upload_size_bytes": 0,
            "zone": ""
          },
          "sensitive_attributes": [],
          "private": "eyJlMmJmYjczMC1lY2FhLTExZTYtOGY4OC0zNDM2M2JjN2M0YzAiOnsiY3JlYXRlIjoxODAwMDAwMDAwMDAwLCJkZWxldGUiOjE4MDAwMDAwMDAwMDAsInJlYWQiOjMwMDAwMDAwMDAwMCwidXBkYXRlIjoxODAwMDAwMDAwMDAwfSwic2NoZW1hX3ZlcnNpb24iOiIxIn0=",
          "dependencies": [
            "module.common.azurerm_log_analytics_workspace.log_aw",
            "module.common.azurerm_recovery_services_vault.recovery_services_vault",
            "module.common.azurerm_storage_account.storage_account",
            "module.network.azurerm_network_security_group.network_sg",
            "module.network.azurerm_subnet.virtual_network_subnet",
            "module.network.azurerm_subnet_network_security_group_association.subnet_nsg_association",
            "module.network.azurerm_virtual_network.virtual_network",
            "module.resource_group.azurerm_resource_group.resource_group",
            "module.vmlinux.azurerm_availability_set.linux_availability_set",
            "module.vmlinux.azurerm_linux_virtual_machine.linux_vm",
            "module.vmlinux.azurerm_network_interface.vmlinux_network_interface",
            "module.vmlinux.azurerm_public_ip.vmlinux_public_ip",
            "module.vmlinux.azurerm_virtual_machine_extension.azure_monitor_extension",
            "module.vmlinux.azurerm_virtual_machine_extension.vmlinux_network_watcher",
            "module.vmlinux.null_resource.linux_provisioner",
            "module.vmwindows.azurerm_availability_set.win_availability_set",
            "module.vmwindows.azurerm_network_interface.windows_network_interface",
            "module.vmwindows.azurerm_public_ip.vmwindows_public_ip",
            "module.vmwindows.azurerm_virtual_machine_extension.windows_extension",
            "module.vmwindows.azurerm_windows_virtual_machine.vm_windows"
          ]
        },
        {
          "index_key": 2,
          "schema_version": 1,
          "attributes": {
            "create_option": "Empty",
            "disk_access_id": "",
            "disk_encryption_set_id": "",
            "disk_iops_read_only": 0,
            "disk_iops_read_write": 500,
            "disk_mbps_read_only": 0,
            "disk_mbps_read_write": 60,
            "disk_size_gb": 10,
            "edge_zone": "",
            "encryption_settings": [],
            "gallery_image_reference_id": "",
            "hyper_v_generation": "",
            "id": "/subscriptions/e788dca7-dec8-4c32-8a60-e78008622e22/resourceGroups/n01536074-RG/providers/Microsoft.Compute/disks/vmlinux-n015360741-data-disk3",
            "image_reference_id": "",
            "location": "canadacentral",
            "logical_sector_size": null,
            "max_shares": 0,
            "name": "vmlinux-n015360741-data-disk3",
            "network_access_policy": null,
            "on_demand_bursting_enabled": false,
            "os_type": "",
            "public_network_access_enabled": true,
            "resource_group_name": "n01536074-RG",
            "secure_vm_disk_encryption_set_id": "",
            "security_type": "",
            "source_resource_id": "",
            "source_uri": "",
            "storage_account_id": "",
            "storage_account_type": "Standard_LRS",
            "tags": {
              "Assignment": "CCGC 5502 Automation Assignment",
              "Environment": "Learning",
              "ExpirationDate": "2024-12-31",
              "Name": "niharika.bhatt"
            },
            "tier": "",
            "timeouts": null,
            "trusted_launch_enabled": false,
            "upload_size_bytes": 0,
            "zone": ""
          },
          "sensitive_attributes": [],
          "private": "eyJlMmJmYjczMC1lY2FhLTExZTYtOGY4OC0zNDM2M2JjN2M0YzAiOnsiY3JlYXRlIjoxODAwMDAwMDAwMDAwLCJkZWxldGUiOjE4MDAwMDAwMDAwMDAsInJlYWQiOjMwMDAwMDAwMDAwMCwidXBkYXRlIjoxODAwMDAwMDAwMDAwfSwic2NoZW1hX3ZlcnNpb24iOiIxIn0=",
          "dependencies": [
            "module.common.azurerm_log_analytics_workspace.log_aw",
            "module.common.azurerm_recovery_services_vault.recovery_services_vault",
            "module.common.azurerm_storage_account.storage_account",
            "module.network.azurerm_network_security_group.network_sg",
            "module.network.azurerm_subnet.virtual_network_subnet",
            "module.network.azurerm_subnet_network_security_group_association.subnet_nsg_association",
            "module.network.azurerm_virtual_network.virtual_network",
            "module.resource_group.azurerm_resource_group.resource_group",
            "module.vmlinux.azurerm_availability_set.linux_availability_set",
            "module.vmlinux.azurerm_linux_virtual_machine.linux_vm",
            "module.vmlinux.azurerm_network_interface.vmlinux_network_interface",
            "module.vmlinux.azurerm_public_ip.vmlinux_public_ip",
            "module.vmlinux.azurerm_virtual_machine_extension.azure_monitor_extension",
            "module.vmlinux.azurerm_virtual_machine_extension.vmlinux_network_watcher",
            "module.vmlinux.null_resource.linux_provisioner",
            "module.vmwindows.azurerm_availability_set.win_availability_set",
            "module.vmwindows.azurerm_network_interface.windows_network_interface",
            "module.vmwindows.azurerm_public_ip.vmwindows_public_ip",
            "module.vmwindows.azurerm_virtual_machine_extension.windows_extension",
            "module.vmwindows.azurerm_windows_virtual_machine.vm_windows"
          ]
        }
      ]
    },
    {
      "module": "module.data_disk",
      "mode": "managed",
      "type": "azurerm_virtual_machine_data_disk_attachment",
      "name": "linux_data_disk_management",
      "provider": "provider[\"registry.terraform.io/hashicorp/azurerm\"]",
      "instances": [
        {
          "index_key": 0,
          "schema_version": 0,
          "attributes": {
            "caching": "ReadWrite",
            "create_option": "Attach",
            "id": "/subscriptions/e788dca7-dec8-4c32-8a60-e78008622e22/resourceGroups/n01536074-RG/providers/Microsoft.Compute/virtualMachines/vmlinux-n015360741/dataDisks/vmlinux-n015360741-data-disk2",
            "lun": 0,
            "managed_disk_id": "/subscriptions/e788dca7-dec8-4c32-8a60-e78008622e22/resourceGroups/n01536074-RG/providers/Microsoft.Compute/disks/vmlinux-n015360741-data-disk2",
            "timeouts": null,
            "virtual_machine_id": "/subscriptions/e788dca7-dec8-4c32-8a60-e78008622e22/resourceGroups/n01536074-RG/providers/Microsoft.Compute/virtualMachines/vmlinux-n015360741",
            "write_accelerator_enabled": false
          },
          "sensitive_attributes": [],
          "private": "eyJlMmJmYjczMC1lY2FhLTExZTYtOGY4OC0zNDM2M2JjN2M0YzAiOnsiY3JlYXRlIjoxODAwMDAwMDAwMDAwLCJkZWxldGUiOjE4MDAwMDAwMDAwMDAsInJlYWQiOjMwMDAwMDAwMDAwMCwidXBkYXRlIjoxODAwMDAwMDAwMDAwfX0=",
          "dependencies": [
            "module.common.azurerm_log_analytics_workspace.log_aw",
            "module.common.azurerm_recovery_services_vault.recovery_services_vault",
            "module.common.azurerm_storage_account.storage_account",
            "module.data_disk.azurerm_managed_disk.vmlinux_data_disk",
            "module.network.azurerm_network_security_group.network_sg",
            "module.network.azurerm_subnet.virtual_network_subnet",
            "module.network.azurerm_subnet_network_security_group_association.subnet_nsg_association",
            "module.network.azurerm_virtual_network.virtual_network",
            "module.resource_group.azurerm_resource_group.resource_group",
            "module.vmlinux.azurerm_availability_set.linux_availability_set",
            "module.vmlinux.azurerm_linux_virtual_machine.linux_vm",
            "module.vmlinux.azurerm_network_interface.vmlinux_network_interface",
            "module.vmlinux.azurerm_public_ip.vmlinux_public_ip",
            "module.vmlinux.azurerm_virtual_machine_extension.azure_monitor_extension",
            "module.vmlinux.azurerm_virtual_machine_extension.vmlinux_network_watcher",
            "module.vmlinux.null_resource.linux_provisioner",
            "module.vmwindows.azurerm_availability_set.win_availability_set",
            "module.vmwindows.azurerm_network_interface.windows_network_interface",
            "module.vmwindows.azurerm_public_ip.vmwindows_public_ip",
            "module.vmwindows.azurerm_virtual_machine_extension.windows_extension",
            "module.vmwindows.azurerm_windows_virtual_machine.vm_windows"
          ]
        },
        {
          "index_key": 1,
          "schema_version": 0,
          "attributes": {
            "caching": "ReadWrite",
            "create_option": "Attach",
            "id": "/subscriptions/e788dca7-dec8-4c32-8a60-e78008622e22/resourceGroups/n01536074-RG/providers/Microsoft.Compute/virtualMachines/vmlinux-n015360742/dataDisks/vmlinux-n015360741-data-disk3",
            "lun": 0,
            "managed_disk_id": "/subscriptions/e788dca7-dec8-4c32-8a60-e78008622e22/resourceGroups/n01536074-RG/providers/Microsoft.Compute/disks/vmlinux-n015360741-data-disk3",
            "timeouts": null,
            "virtual_machine_id": "/subscriptions/e788dca7-dec8-4c32-8a60-e78008622e22/resourceGroups/n01536074-RG/providers/Microsoft.Compute/virtualMachines/vmlinux-n015360742",
            "write_accelerator_enabled": false
          },
          "sensitive_attributes": [],
          "private": "eyJlMmJmYjczMC1lY2FhLTExZTYtOGY4OC0zNDM2M2JjN2M0YzAiOnsiY3JlYXRlIjoxODAwMDAwMDAwMDAwLCJkZWxldGUiOjE4MDAwMDAwMDAwMDAsInJlYWQiOjMwMDAwMDAwMDAwMCwidXBkYXRlIjoxODAwMDAwMDAwMDAwfX0=",
          "dependencies": [
            "module.common.azurerm_log_analytics_workspace.log_aw",
            "module.common.azurerm_recovery_services_vault.recovery_services_vault",
            "module.common.azurerm_storage_account.storage_account",
            "module.data_disk.azurerm_managed_disk.vmlinux_data_disk",
            "module.network.azurerm_network_security_group.network_sg",
            "module.network.azurerm_subnet.virtual_network_subnet",
            "module.network.azurerm_subnet_network_security_group_association.subnet_nsg_association",
            "module.network.azurerm_virtual_network.virtual_network",
            "module.resource_group.azurerm_resource_group.resource_group",
            "module.vmlinux.azurerm_availability_set.linux_availability_set",
            "module.vmlinux.azurerm_linux_virtual_machine.linux_vm",
            "module.vmlinux.azurerm_network_interface.vmlinux_network_interface",
            "module.vmlinux.azurerm_public_ip.vmlinux_public_ip",
            "module.vmlinux.azurerm_virtual_machine_extension.azure_monitor_extension",
            "module.vmlinux.azurerm_virtual_machine_extension.vmlinux_network_watcher",
            "module.vmlinux.null_resource.linux_provisioner",
            "module.vmwindows.azurerm_availability_set.win_availability_set",
            "module.vmwindows.azurerm_network_interface.windows_network_interface",
            "module.vmwindows.azurerm_public_ip.vmwindows_public_ip",
            "module.vmwindows.azurerm_virtual_machine_extension.windows_extension",
            "module.vmwindows.azurerm_windows_virtual_machine.vm_windows"
          ]
        },
        {
          "index_key": 2,
          "schema_version": 0,
          "attributes": {
            "caching": "ReadWrite",
            "create_option": "Attach",
            "id": "/subscriptions/e788dca7-dec8-4c32-8a60-e78008622e22/resourceGroups/n01536074-RG/providers/Microsoft.Compute/virtualMachines/vmlinux-n015360743/dataDisks/vmlinux-n015360741-data-disk1",
            "lun": 0,
            "managed_disk_id": "/subscriptions/e788dca7-dec8-4c32-8a60-e78008622e22/resourceGroups/n01536074-RG/providers/Microsoft.Compute/disks/vmlinux-n015360741-data-disk1",
            "timeouts": null,
            "virtual_machine_id": "/subscriptions/e788dca7-dec8-4c32-8a60-e78008622e22/resourceGroups/n01536074-RG/providers/Microsoft.Compute/virtualMachines/vmlinux-n015360743",
            "write_accelerator_enabled": false
          },
          "sensitive_attributes": [],
          "private": "eyJlMmJmYjczMC1lY2FhLTExZTYtOGY4OC0zNDM2M2JjN2M0YzAiOnsiY3JlYXRlIjoxODAwMDAwMDAwMDAwLCJkZWxldGUiOjE4MDAwMDAwMDAwMDAsInJlYWQiOjMwMDAwMDAwMDAwMCwidXBkYXRlIjoxODAwMDAwMDAwMDAwfX0=",
          "dependencies": [
            "module.common.azurerm_log_analytics_workspace.log_aw",
            "module.common.azurerm_recovery_services_vault.recovery_services_vault",
            "module.common.azurerm_storage_account.storage_account",
            "module.data_disk.azurerm_managed_disk.vmlinux_data_disk",
            "module.network.azurerm_network_security_group.network_sg",
            "module.network.azurerm_subnet.virtual_network_subnet",
            "module.network.azurerm_subnet_network_security_group_association.subnet_nsg_association",
            "module.network.azurerm_virtual_network.virtual_network",
            "module.resource_group.azurerm_resource_group.resource_group",
            "module.vmlinux.azurerm_availability_set.linux_availability_set",
            "module.vmlinux.azurerm_linux_virtual_machine.linux_vm",
            "module.vmlinux.azurerm_network_interface.vmlinux_network_interface",
            "module.vmlinux.azurerm_public_ip.vmlinux_public_ip",
            "module.vmlinux.azurerm_virtual_machine_extension.azure_monitor_extension",
            "module.vmlinux.azurerm_virtual_machine_extension.vmlinux_network_watcher",
            "module.vmlinux.null_resource.linux_provisioner",
            "module.vmwindows.azurerm_availability_set.win_availability_set",
            "module.vmwindows.azurerm_network_interface.windows_network_interface",
            "module.vmwindows.azurerm_public_ip.vmwindows_public_ip",
            "module.vmwindows.azurerm_virtual_machine_extension.windows_extension",
            "module.vmwindows.azurerm_windows_virtual_machine.vm_windows"
          ]
        }
      ]
    },
    {
      "module": "module.data_disk",
      "mode": "managed",
      "type": "azurerm_virtual_machine_data_disk_attachment",
      "name": "win_data_disk_management",
      "provider": "provider[\"registry.terraform.io/hashicorp/azurerm\"]",
      "instances": [
        {
          "index_key": 0,
          "schema_version": 0,
          "attributes": {
            "caching": "ReadWrite",
            "create_option": "Attach",
            "id": "/subscriptions/e788dca7-dec8-4c32-8a60-e78008622e22/resourceGroups/n01536074-RG/providers/Microsoft.Compute/virtualMachines/n01536074-vm1/dataDisks/n01536074-vm1-data-disk1",
            "lun": 0,
            "managed_disk_id": "/subscriptions/e788dca7-dec8-4c32-8a60-e78008622e22/resourceGroups/n01536074-RG/providers/Microsoft.Compute/disks/n01536074-vm1-data-disk1",
            "timeouts": null,
            "virtual_machine_id": "/subscriptions/e788dca7-dec8-4c32-8a60-e78008622e22/resourceGroups/n01536074-RG/providers/Microsoft.Compute/virtualMachines/n01536074-vm1",
            "write_accelerator_enabled": false
          },
          "sensitive_attributes": [],
          "private": "eyJlMmJmYjczMC1lY2FhLTExZTYtOGY4OC0zNDM2M2JjN2M0YzAiOnsiY3JlYXRlIjoxODAwMDAwMDAwMDAwLCJkZWxldGUiOjE4MDAwMDAwMDAwMDAsInJlYWQiOjMwMDAwMDAwMDAwMCwidXBkYXRlIjoxODAwMDAwMDAwMDAwfX0=",
          "dependencies": [
            "module.common.azurerm_log_analytics_workspace.log_aw",
            "module.common.azurerm_recovery_services_vault.recovery_services_vault",
            "module.common.azurerm_storage_account.storage_account",
            "module.data_disk.azurerm_managed_disk.d_disk",
            "module.network.azurerm_network_security_group.network_sg",
            "module.network.azurerm_subnet.virtual_network_subnet",
            "module.network.azurerm_subnet_network_security_group_association.subnet_nsg_association",
            "module.network.azurerm_virtual_network.virtual_network",
            "module.resource_group.azurerm_resource_group.resource_group",
            "module.vmlinux.azurerm_availability_set.linux_availability_set",
            "module.vmlinux.azurerm_linux_virtual_machine.linux_vm",
            "module.vmlinux.azurerm_network_interface.vmlinux_network_interface",
            "module.vmlinux.azurerm_public_ip.vmlinux_public_ip",
            "module.vmlinux.azurerm_virtual_machine_extension.azure_monitor_extension",
            "module.vmlinux.azurerm_virtual_machine_extension.vmlinux_network_watcher",
            "module.vmlinux.null_resource.linux_provisioner",
            "module.vmwindows.azurerm_availability_set.win_availability_set",
            "module.vmwindows.azurerm_network_interface.windows_network_interface",
            "module.vmwindows.azurerm_public_ip.vmwindows_public_ip",
            "module.vmwindows.azurerm_virtual_machine_extension.windows_extension",
            "module.vmwindows.azurerm_windows_virtual_machine.vm_windows"
          ]
        }
      ]
    },
    {
      "module": "module.database",
      "mode": "managed",
      "type": "azurerm_postgresql_server",
      "name": "postgresql_server",
      "provider": "provider[\"registry.terraform.io/hashicorp/azurerm\"]",
      "instances": [
        {
          "schema_version": 1,
          "attributes": {
            "administrator_login": "posqladmin",
            "administrator_login_password": "Automation@123",
            "auto_grow_enabled": true,
            "backup_retention_days": 7,
            "create_mode": "Default",
            "creation_source_server_id": null,
            "fqdn": "posqlserver6074.postgres.database.azure.com",
            "geo_redundant_backup_enabled": false,
            "id": "/subscriptions/e788dca7-dec8-4c32-8a60-e78008622e22/resourceGroups/n01536074-RG/providers/Microsoft.DBforPostgreSQL/servers/posqlserver6074",
            "identity": [],
            "infrastructure_encryption_enabled": false,
            "location": "canadacentral",
            "name": "posqlserver6074",
            "public_network_access_enabled": true,
            "resource_group_name": "n01536074-RG",
            "restore_point_in_time": null,
            "sku_name": "B_Gen5_2",
            "ssl_enforcement_enabled": true,
            "ssl_minimal_tls_version_enforced": "TLS1_2",
            "storage_mb": 5120,
            "tags": {
              "Assignment": "CCGC 5502 Automation Assignment",
              "Environment": "Learning",
              "ExpirationDate": "2024-12-31",
              "Name": "niharika.bhatt"
            },
            "threat_detection_policy": [],
            "timeouts": null,
            "version": "9.5"
          },
          "sensitive_attributes": [],
          "private": "eyJlMmJmYjczMC1lY2FhLTExZTYtOGY4OC0zNDM2M2JjN2M0YzAiOnsiY3JlYXRlIjozNjAwMDAwMDAwMDAwLCJkZWxldGUiOjM2MDAwMDAwMDAwMDAsInJlYWQiOjMwMDAwMDAwMDAwMCwidXBkYXRlIjozNjAwMDAwMDAwMDAwfSwic2NoZW1hX3ZlcnNpb24iOiIxIn0=",
          "dependencies": [
            "module.resource_group.azurerm_resource_group.resource_group"
          ]
        }
      ]
    },
    {
      "module": "module.load_balancer",
      "mode": "managed",
      "type": "azurerm_lb",
      "name": "vmlinux_load_balancer",
      "provider": "provider[\"registry.terraform.io/hashicorp/azurerm\"]",
      "instances": [
        {
          "schema_version": 0,
          "attributes": {
            "edge_zone": "",
            "frontend_ip_configuration": [
              {
                "gateway_load_balancer_frontend_ip_configuration_id": "",
                "id": "/subscriptions/e788dca7-dec8-4c32-8a60-e78008622e22/resourceGroups/n01536074-RG/providers/Microsoft.Network/loadBalancers/linux_lb/frontendIPConfigurations/PublicIPAddress",
                "inbound_nat_rules": [],
                "load_balancer_rules": [],
                "name": "PublicIPAddress",
                "outbound_rules": [],
                "private_ip_address": "",
                "private_ip_address_allocation": "Dynamic",
                "private_ip_address_version": "",
                "public_ip_address_id": "/subscriptions/e788dca7-dec8-4c32-8a60-e78008622e22/resourceGroups/n01536074-RG/providers/Microsoft.Network/publicIPAddresses/PublicIPForLB",
                "public_ip_prefix_id": "",
                "subnet_id": "",
                "zones": null
              }
            ],
            "id": "/subscriptions/e788dca7-dec8-4c32-8a60-e78008622e22/resourceGroups/n01536074-RG/providers/Microsoft.Network/loadBalancers/linux_lb",
            "location": "canadacentral",
            "name": "linux_lb",
            "private_ip_address": "",
            "private_ip_addresses": [],
            "resource_group_name": "n01536074-RG",
            "sku": "Basic",
            "sku_tier": "Regional",
            "tags": {
              "Assignment": "CCGC 5502 Automation Assignment",
              "Environment": "Learning",
              "ExpirationDate": "2024-12-31",
              "Name": "niharika.bhatt"
            },
            "timeouts": null
          },
          "sensitive_attributes": [],
          "private": "eyJlMmJmYjczMC1lY2FhLTExZTYtOGY4OC0zNDM2M2JjN2M0YzAiOnsiY3JlYXRlIjoxODAwMDAwMDAwMDAwLCJkZWxldGUiOjE4MDAwMDAwMDAwMDAsInJlYWQiOjMwMDAwMDAwMDAwMCwidXBkYXRlIjoxODAwMDAwMDAwMDAwfX0=",
          "dependencies": [
            "module.common.azurerm_log_analytics_workspace.log_aw",
            "module.common.azurerm_recovery_services_vault.recovery_services_vault",
            "module.common.azurerm_storage_account.storage_account",
            "module.load_balancer.azurerm_public_ip.lb_public_ip",
            "module.network.azurerm_network_security_group.network_sg",
            "module.network.azurerm_subnet.virtual_network_subnet",
            "module.network.azurerm_subnet_network_security_group_association.subnet_nsg_association",
            "module.network.azurerm_virtual_network.virtual_network",
            "module.resource_group.azurerm_resource_group.resource_group",
            "module.vmlinux.azurerm_availability_set.linux_availability_set",
            "module.vmlinux.azurerm_linux_virtual_machine.linux_vm",
            "module.vmlinux.azurerm_network_interface.vmlinux_network_interface",
            "module.vmlinux.azurerm_public_ip.vmlinux_public_ip",
            "module.vmlinux.azurerm_virtual_machine_extension.azure_monitor_extension",
            "module.vmlinux.azurerm_virtual_machine_extension.vmlinux_network_watcher",
            "module.vmlinux.null_resource.linux_provisioner"
          ]
        }
      ]
    },
    {
      "module": "module.load_balancer",
      "mode": "managed",
      "type": "azurerm_lb_backend_address_pool",
      "name": "lb_address_pool",
      "provider": "provider[\"registry.terraform.io/hashicorp/azurerm\"]",
      "instances": [
        {
          "schema_version": 0,
          "attributes": {
            "backend_ip_configurations": [],
            "id": "/subscriptions/e788dca7-dec8-4c32-8a60-e78008622e22/resourceGroups/n01536074-RG/providers/Microsoft.Network/loadBalancers/linux_lb/backendAddressPools/BackEndAddressPool",
            "inbound_nat_rules": [],
            "load_balancing_rules": [],
            "loadbalancer_id": "/subscriptions/e788dca7-dec8-4c32-8a60-e78008622e22/resourceGroups/n01536074-RG/providers/Microsoft.Network/loadBalancers/linux_lb",
            "name": "BackEndAddressPool",
            "outbound_rules": [],
            "timeouts": null,
            "tunnel_interface": [],
            "virtual_network_id": ""
          },
          "sensitive_attributes": [],
          "private": "eyJlMmJmYjczMC1lY2FhLTExZTYtOGY4OC0zNDM2M2JjN2M0YzAiOnsiY3JlYXRlIjoxODAwMDAwMDAwMDAwLCJkZWxldGUiOjE4MDAwMDAwMDAwMDAsInJlYWQiOjMwMDAwMDAwMDAwMCwidXBkYXRlIjoxODAwMDAwMDAwMDAwfX0=",
          "dependencies": [
            "module.common.azurerm_log_analytics_workspace.log_aw",
            "module.common.azurerm_recovery_services_vault.recovery_services_vault",
            "module.common.azurerm_storage_account.storage_account",
            "module.load_balancer.azurerm_lb.vmlinux_load_balancer",
            "module.load_balancer.azurerm_public_ip.lb_public_ip",
            "module.network.azurerm_network_security_group.network_sg",
            "module.network.azurerm_subnet.virtual_network_subnet",
            "module.network.azurerm_subnet_network_security_group_association.subnet_nsg_association",
            "module.network.azurerm_virtual_network.virtual_network",
            "module.resource_group.azurerm_resource_group.resource_group",
            "module.vmlinux.azurerm_availability_set.linux_availability_set",
            "module.vmlinux.azurerm_linux_virtual_machine.linux_vm",
            "module.vmlinux.azurerm_network_interface.vmlinux_network_interface",
            "module.vmlinux.azurerm_public_ip.vmlinux_public_ip",
            "module.vmlinux.azurerm_virtual_machine_extension.azure_monitor_extension",
            "module.vmlinux.azurerm_virtual_machine_extension.vmlinux_network_watcher",
            "module.vmlinux.null_resource.linux_provisioner"
          ]
        }
      ]
    },
    {
      "module": "module.load_balancer",
      "mode": "managed",
      "type": "azurerm_lb_rule",
      "name": "load_balancer_rule",
      "provider": "provider[\"registry.terraform.io/hashicorp/azurerm\"]",
      "instances": [
        {
          "schema_version": 0,
          "attributes": {
            "backend_address_pool_ids": null,
            "backend_port": 22,
            "disable_outbound_snat": false,
            "enable_floating_ip": false,
            "enable_tcp_reset": false,
            "frontend_ip_configuration_id": "/subscriptions/e788dca7-dec8-4c32-8a60-e78008622e22/resourceGroups/n01536074-RG/providers/Microsoft.Network/loadBalancers/linux_lb/frontendIPConfigurations/PublicIPAddress",
            "frontend_ip_configuration_name": "PublicIPAddress",
            "frontend_port": 22,
            "id": "/subscriptions/e788dca7-dec8-4c32-8a60-e78008622e22/resourceGroups/n01536074-RG/providers/Microsoft.Network/loadBalancers/linux_lb/loadBalancingRules/LBRule",
            "idle_timeout_in_minutes": 4,
            "load_distribution": "Default",
            "loadbalancer_id": "/subscriptions/e788dca7-dec8-4c32-8a60-e78008622e22/resourceGroups/n01536074-RG/providers/Microsoft.Network/loadBalancers/linux_lb",
            "name": "LBRule",
            "probe_id": "",
            "protocol": "Tcp",
            "timeouts": null
          },
          "sensitive_attributes": [],
          "private": "eyJlMmJmYjczMC1lY2FhLTExZTYtOGY4OC0zNDM2M2JjN2M0YzAiOnsiY3JlYXRlIjoxODAwMDAwMDAwMDAwLCJkZWxldGUiOjE4MDAwMDAwMDAwMDAsInJlYWQiOjMwMDAwMDAwMDAwMCwidXBkYXRlIjoxODAwMDAwMDAwMDAwfX0=",
          "dependencies": [
            "module.common.azurerm_log_analytics_workspace.log_aw",
            "module.common.azurerm_recovery_services_vault.recovery_services_vault",
            "module.common.azurerm_storage_account.storage_account",
            "module.load_balancer.azurerm_lb.vmlinux_load_balancer",
            "module.load_balancer.azurerm_public_ip.lb_public_ip",
            "module.network.azurerm_network_security_group.network_sg",
            "module.network.azurerm_subnet.virtual_network_subnet",
            "module.network.azurerm_subnet_network_security_group_association.subnet_nsg_association",
            "module.network.azurerm_virtual_network.virtual_network",
            "module.resource_group.azurerm_resource_group.resource_group",
            "module.vmlinux.azurerm_availability_set.linux_availability_set",
            "module.vmlinux.azurerm_linux_virtual_machine.linux_vm",
            "module.vmlinux.azurerm_network_interface.vmlinux_network_interface",
            "module.vmlinux.azurerm_public_ip.vmlinux_public_ip",
            "module.vmlinux.azurerm_virtual_machine_extension.azure_monitor_extension",
            "module.vmlinux.azurerm_virtual_machine_extension.vmlinux_network_watcher",
            "module.vmlinux.null_resource.linux_provisioner"
          ]
        }
      ]
    },
    {
      "module": "module.load_balancer",
      "mode": "managed",
      "type": "azurerm_network_interface_backend_address_pool_association",
      "name": "lb_backend_pool_association",
      "provider": "provider[\"registry.terraform.io/hashicorp/azurerm\"]",
      "instances": [
        {
          "index_key": 0,
          "schema_version": 0,
          "attributes": {
            "backend_address_pool_id": "/subscriptions/e788dca7-dec8-4c32-8a60-e78008622e22/resourceGroups/n01536074-RG/providers/Microsoft.Network/loadBalancers/linux_lb/backendAddressPools/BackEndAddressPool",
            "id": "/subscriptions/e788dca7-dec8-4c32-8a60-e78008622e22/resourceGroups/n01536074-RG/providers/Microsoft.Network/networkInterfaces/vmlinux-n01536074-nic1/ipConfigurations/vmlinux-n015360741-ipconfig11|/subscriptions/e788dca7-dec8-4c32-8a60-e78008622e22/resourceGroups/n01536074-RG/providers/Microsoft.Network/loadBalancers/linux_lb/backendAddressPools/BackEndAddressPool",
            "ip_configuration_name": "vmlinux-n015360741-ipconfig11",
            "network_interface_id": "/subscriptions/e788dca7-dec8-4c32-8a60-e78008622e22/resourceGroups/n01536074-RG/providers/Microsoft.Network/networkInterfaces/vmlinux-n01536074-nic1",
            "timeouts": null
          },
          "sensitive_attributes": [],
          "private": "eyJlMmJmYjczMC1lY2FhLTExZTYtOGY4OC0zNDM2M2JjN2M0YzAiOnsiY3JlYXRlIjoxODAwMDAwMDAwMDAwLCJkZWxldGUiOjE4MDAwMDAwMDAwMDAsInJlYWQiOjMwMDAwMDAwMDAwMCwidXBkYXRlIjoxODAwMDAwMDAwMDAwfX0=",
          "dependencies": [
            "module.common.azurerm_log_analytics_workspace.log_aw",
            "module.common.azurerm_recovery_services_vault.recovery_services_vault",
            "module.common.azurerm_storage_account.storage_account",
            "module.load_balancer.azurerm_lb.vmlinux_load_balancer",
            "module.load_balancer.azurerm_lb_backend_address_pool.lb_address_pool",
            "module.load_balancer.azurerm_public_ip.lb_public_ip",
            "module.network.azurerm_network_security_group.network_sg",
            "module.network.azurerm_subnet.virtual_network_subnet",
            "module.network.azurerm_subnet_network_security_group_association.subnet_nsg_association",
            "module.network.azurerm_virtual_network.virtual_network",
            "module.resource_group.azurerm_resource_group.resource_group",
            "module.vmlinux.azurerm_availability_set.linux_availability_set",
            "module.vmlinux.azurerm_linux_virtual_machine.linux_vm",
            "module.vmlinux.azurerm_network_interface.vmlinux_network_interface",
            "module.vmlinux.azurerm_public_ip.vmlinux_public_ip",
            "module.vmlinux.azurerm_virtual_machine_extension.azure_monitor_extension",
            "module.vmlinux.azurerm_virtual_machine_extension.vmlinux_network_watcher",
            "module.vmlinux.null_resource.linux_provisioner"
          ]
        }
      ]
    },
    {
      "module": "module.load_balancer",
      "mode": "managed",
      "type": "azurerm_public_ip",
      "name": "lb_public_ip",
      "provider": "provider[\"registry.terraform.io/hashicorp/azurerm\"]",
      "instances": [
        {
          "schema_version": 0,
          "attributes": {
            "allocation_method": "Static",
            "ddos_protection_mode": "VirtualNetworkInherited",
            "ddos_protection_plan_id": null,
            "domain_name_label": null,
            "edge_zone": "",
            "fqdn": null,
            "id": "/subscriptions/e788dca7-dec8-4c32-8a60-e78008622e22/resourceGroups/n01536074-RG/providers/Microsoft.Network/publicIPAddresses/PublicIPForLB",
            "idle_timeout_in_minutes": 4,
            "ip_address": "20.116.77.167",
            "ip_tags": null,
            "ip_version": "IPv4",
            "location": "canadacentral",
            "name": "PublicIPForLB",
            "public_ip_prefix_id": null,
            "resource_group_name": "n01536074-RG",
            "reverse_fqdn": null,
            "sku": "Basic",
            "sku_tier": "Regional",
            "tags": {
              "Assignment": "CCGC 5502 Automation Assignment",
              "Environment": "Learning",
              "ExpirationDate": "2024-12-31",
              "Name": "niharika.bhatt"
            },
            "timeouts": null,
            "zones": null
          },
          "sensitive_attributes": [],
          "private": "eyJlMmJmYjczMC1lY2FhLTExZTYtOGY4OC0zNDM2M2JjN2M0YzAiOnsiY3JlYXRlIjoxODAwMDAwMDAwMDAwLCJkZWxldGUiOjE4MDAwMDAwMDAwMDAsInJlYWQiOjMwMDAwMDAwMDAwMCwidXBkYXRlIjoxODAwMDAwMDAwMDAwfX0=",
          "dependencies": [
            "module.common.azurerm_log_analytics_workspace.log_aw",
            "module.common.azurerm_recovery_services_vault.recovery_services_vault",
            "module.common.azurerm_storage_account.storage_account",
            "module.network.azurerm_network_security_group.network_sg",
            "module.network.azurerm_subnet.virtual_network_subnet",
            "module.network.azurerm_subnet_network_security_group_association.subnet_nsg_association",
            "module.network.azurerm_virtual_network.virtual_network",
            "module.resource_group.azurerm_resource_group.resource_group",
            "module.vmlinux.azurerm_availability_set.linux_availability_set",
            "module.vmlinux.azurerm_linux_virtual_machine.linux_vm",
            "module.vmlinux.azurerm_network_interface.vmlinux_network_interface",
            "module.vmlinux.azurerm_public_ip.vmlinux_public_ip",
            "module.vmlinux.azurerm_virtual_machine_extension.azure_monitor_extension",
            "module.vmlinux.azurerm_virtual_machine_extension.vmlinux_network_watcher",
            "module.vmlinux.null_resource.linux_provisioner"
          ]
        }
      ]
    },
    {
      "module": "module.network",
      "mode": "managed",
      "type": "azurerm_network_security_group",
      "name": "network_sg",
      "provider": "provider[\"registry.terraform.io/hashicorp/azurerm\"]",
      "instances": [
        {
          "schema_version": 0,
          "attributes": {
            "id": "/subscriptions/e788dca7-dec8-4c32-8a60-e78008622e22/resourceGroups/n01536074-RG/providers/Microsoft.Network/networkSecurityGroups/N01536074-NSG",
            "location": "canadacentral",
            "name": "N01536074-NSG",
            "resource_group_name": "n01536074-RG",
            "security_rule": [
              {
                "access": "Allow",
                "description": "",
                "destination_address_prefix": "*",
                "destination_address_prefixes": [],
                "destination_application_security_group_ids": [],
                "destination_port_range": "22",
                "destination_port_ranges": [],
                "direction": "Inbound",
                "name": "AllowSSH",
                "priority": 100,
                "protocol": "Tcp",
                "source_address_prefix": "*",
                "source_address_prefixes": [],
                "source_application_security_group_ids": [],
                "source_port_range": "*",
                "source_port_ranges": []
              },
              {
                "access": "Allow",
                "description": "",
                "destination_address_prefix": "*",
                "destination_address_prefixes": [],
                "destination_application_security_group_ids": [],
                "destination_port_range": "3389",
                "destination_port_ranges": [],
                "direction": "Inbound",
                "name": "ALLOWRDP",
                "priority": 101,
                "protocol": "Tcp",
                "source_address_prefix": "*",
                "source_address_prefixes": [],
                "source_application_security_group_ids": [],
                "source_port_range": "*",
                "source_port_ranges": []
              },
              {
                "access": "Allow",
                "description": "",
                "destination_address_prefix": "*",
                "destination_address_prefixes": [],
                "destination_application_security_group_ids": [],
                "destination_port_range": "5985",
                "destination_port_ranges": [],
                "direction": "Inbound",
                "name": "AllowWinRM",
                "priority": 102,
                "protocol": "Tcp",
                "source_address_prefix": "*",
                "source_address_prefixes": [],
                "source_application_security_group_ids": [],
                "source_port_range": "*",
                "source_port_ranges": []
              },
              {
                "access": "Allow",
                "description": "",
                "destination_address_prefix": "*",
                "destination_address_prefixes": [],
                "destination_application_security_group_ids": [],
                "destination_port_range": "80",
                "destination_port_ranges": [],
                "direction": "Inbound",
                "name": "AllowHTTP",
                "priority": 103,
                "protocol": "Tcp",
                "source_address_prefix": "*",
                "source_address_prefixes": [],
                "source_application_security_group_ids": [],
                "source_port_range": "*",
                "source_port_ranges": []
              }
            ],
            "tags": null,
            "timeouts": null
          },
          "sensitive_attributes": [],
          "private": "eyJlMmJmYjczMC1lY2FhLTExZTYtOGY4OC0zNDM2M2JjN2M0YzAiOnsiY3JlYXRlIjoxODAwMDAwMDAwMDAwLCJkZWxldGUiOjE4MDAwMDAwMDAwMDAsInJlYWQiOjMwMDAwMDAwMDAwMCwidXBkYXRlIjoxODAwMDAwMDAwMDAwfX0=",
          "dependencies": [
            "module.resource_group.azurerm_resource_group.resource_group"
          ]
        }
      ]
    },
    {
      "module": "module.network",
      "mode": "managed",
      "type": "azurerm_subnet",
      "name": "virtual_network_subnet",
      "provider": "provider[\"registry.terraform.io/hashicorp/azurerm\"]",
      "instances": [
        {
          "schema_version": 0,
          "attributes": {
            "address_prefixes": [
              "10.0.0.0/24"
            ],
            "delegation": [],
            "enforce_private_link_endpoint_network_policies": false,
            "enforce_private_link_service_network_policies": false,
            "id": "/subscriptions/e788dca7-dec8-4c32-8a60-e78008622e22/resourceGroups/n01536074-RG/providers/Microsoft.Network/virtualNetworks/N01536074-VNET/subnets/N01536074-SUBNET",
            "name": "N01536074-SUBNET",
            "private_endpoint_network_policies_enabled": true,
            "private_link_service_network_policies_enabled": true,
            "resource_group_name": "n01536074-RG",
            "service_endpoint_policy_ids": null,
            "service_endpoints": null,
            "timeouts": null,
            "virtual_network_name": "N01536074-VNET"
          },
          "sensitive_attributes": [],
          "private": "eyJlMmJmYjczMC1lY2FhLTExZTYtOGY4OC0zNDM2M2JjN2M0YzAiOnsiY3JlYXRlIjoxODAwMDAwMDAwMDAwLCJkZWxldGUiOjE4MDAwMDAwMDAwMDAsInJlYWQiOjMwMDAwMDAwMDAwMCwidXBkYXRlIjoxODAwMDAwMDAwMDAwfX0=",
          "dependencies": [
            "module.network.azurerm_virtual_network.virtual_network",
            "module.resource_group.azurerm_resource_group.resource_group"
          ]
        }
      ]
    },
    {
      "module": "module.network",
      "mode": "managed",
      "type": "azurerm_subnet_network_security_group_association",
      "name": "subnet_nsg_association",
      "provider": "provider[\"registry.terraform.io/hashicorp/azurerm\"]",
      "instances": [
        {
          "schema_version": 0,
          "attributes": {
            "id": "/subscriptions/e788dca7-dec8-4c32-8a60-e78008622e22/resourceGroups/n01536074-RG/providers/Microsoft.Network/virtualNetworks/N01536074-VNET/subnets/N01536074-SUBNET",
            "network_security_group_id": "/subscriptions/e788dca7-dec8-4c32-8a60-e78008622e22/resourceGroups/n01536074-RG/providers/Microsoft.Network/networkSecurityGroups/N01536074-NSG",
            "subnet_id": "/subscriptions/e788dca7-dec8-4c32-8a60-e78008622e22/resourceGroups/n01536074-RG/providers/Microsoft.Network/virtualNetworks/N01536074-VNET/subnets/N01536074-SUBNET",
            "timeouts": null
          },
          "sensitive_attributes": [],
          "private": "eyJlMmJmYjczMC1lY2FhLTExZTYtOGY4OC0zNDM2M2JjN2M0YzAiOnsiY3JlYXRlIjoxODAwMDAwMDAwMDAwLCJkZWxldGUiOjE4MDAwMDAwMDAwMDAsInJlYWQiOjMwMDAwMDAwMDAwMCwidXBkYXRlIjoxODAwMDAwMDAwMDAwfX0=",
          "dependencies": [
            "module.network.azurerm_network_security_group.network_sg",
            "module.network.azurerm_subnet.virtual_network_subnet",
            "module.network.azurerm_virtual_network.virtual_network",
            "module.resource_group.azurerm_resource_group.resource_group"
          ]
        }
      ]
    },
    {
      "module": "module.network",
      "mode": "managed",
      "type": "azurerm_virtual_network",
      "name": "virtual_network",
      "provider": "provider[\"registry.terraform.io/hashicorp/azurerm\"]",
      "instances": [
        {
          "schema_version": 0,
          "attributes": {
            "address_space": [
              "10.0.0.0/16"
            ],
            "bgp_community": "",
            "ddos_protection_plan": [],
            "dns_servers": [],
            "edge_zone": "",
            "flow_timeout_in_minutes": 0,
            "guid": "76579786-027c-4780-8c5e-217fb88beaa9",
            "id": "/subscriptions/e788dca7-dec8-4c32-8a60-e78008622e22/resourceGroups/n01536074-RG/providers/Microsoft.Network/virtualNetworks/N01536074-VNET",
            "location": "canadacentral",
            "name": "N01536074-VNET",
            "resource_group_name": "n01536074-RG",
            "subnet": [],
            "tags": {
              "Assignment": "CCGC 5502 Automation Assignment",
              "Environment": "Learning",
              "ExpirationDate": "2024-12-31",
              "Name": "niharika.bhatt"
            },
            "timeouts": null
          },
          "sensitive_attributes": [],
          "private": "eyJlMmJmYjczMC1lY2FhLTExZTYtOGY4OC0zNDM2M2JjN2M0YzAiOnsiY3JlYXRlIjoxODAwMDAwMDAwMDAwLCJkZWxldGUiOjE4MDAwMDAwMDAwMDAsInJlYWQiOjMwMDAwMDAwMDAwMCwidXBkYXRlIjoxODAwMDAwMDAwMDAwfX0=",
          "dependencies": [
            "module.resource_group.azurerm_resource_group.resource_group"
          ]
        }
      ]
    },
    {
      "module": "module.resource_group",
      "mode": "managed",
      "type": "azurerm_resource_group",
      "name": "resource_group",
      "provider": "provider[\"registry.terraform.io/hashicorp/azurerm\"]",
      "instances": [
        {
          "schema_version": 0,
          "attributes": {
            "id": "/subscriptions/e788dca7-dec8-4c32-8a60-e78008622e22/resourceGroups/n01536074-RG",
            "location": "canadacentral",
            "managed_by": "",
            "name": "n01536074-RG",
            "tags": {
              "Assignment": "CCGC 5502 Automation Assignment",
              "Environment": "Learning",
              "ExpirationDate": "2024-12-31",
              "Name": "niharika.bhatt"
            },
            "timeouts": null
          },
          "sensitive_attributes": [],
          "private": "eyJlMmJmYjczMC1lY2FhLTExZTYtOGY4OC0zNDM2M2JjN2M0YzAiOnsiY3JlYXRlIjo1NDAwMDAwMDAwMDAwLCJkZWxldGUiOjU0MDAwMDAwMDAwMDAsInJlYWQiOjMwMDAwMDAwMDAwMCwidXBkYXRlIjo1NDAwMDAwMDAwMDAwfX0="
        }
      ]
    },
    {
      "module": "module.vmlinux",
      "mode": "managed",
      "type": "azurerm_availability_set",
      "name": "linux_availability_set",
      "provider": "provider[\"registry.terraform.io/hashicorp/azurerm\"]",
      "instances": [
        {
          "schema_version": 0,
          "attributes": {
            "id": "/subscriptions/e788dca7-dec8-4c32-8a60-e78008622e22/resourceGroups/n01536074-RG/providers/Microsoft.Compute/availabilitySets/linux_availability_set",
            "location": "canadacentral",
            "managed": true,
            "name": "linux_availability_set",
            "platform_fault_domain_count": 3,
            "platform_update_domain_count": 5,
            "proximity_placement_group_id": null,
            "resource_group_name": "n01536074-RG",
            "tags": {
              "environment": "prod"
            },
            "timeouts": null
          },
          "sensitive_attributes": [],
          "private": "eyJlMmJmYjczMC1lY2FhLTExZTYtOGY4OC0zNDM2M2JjN2M0YzAiOnsiY3JlYXRlIjoxODAwMDAwMDAwMDAwLCJkZWxldGUiOjE4MDAwMDAwMDAwMDAsInJlYWQiOjMwMDAwMDAwMDAwMCwidXBkYXRlIjoxODAwMDAwMDAwMDAwfX0=",
          "dependencies": [
            "module.common.azurerm_log_analytics_workspace.log_aw",
            "module.common.azurerm_recovery_services_vault.recovery_services_vault",
            "module.common.azurerm_storage_account.storage_account",
            "module.network.azurerm_network_security_group.network_sg",
            "module.network.azurerm_subnet.virtual_network_subnet",
            "module.network.azurerm_subnet_network_security_group_association.subnet_nsg_association",
            "module.network.azurerm_virtual_network.virtual_network",
            "module.resource_group.azurerm_resource_group.resource_group"
          ]
        }
      ]
    },
    {
      "module": "module.vmlinux",
      "mode": "managed",
      "type": "azurerm_linux_virtual_machine",
      "name": "linux_vm",
      "provider": "provider[\"registry.terraform.io/hashicorp/azurerm\"]",
      "instances": [
        {
          "index_key": 0,
          "schema_version": 0,
          "attributes": {
            "additional_capabilities": [],
            "admin_password": null,
            "admin_ssh_key": [
              {
                "public_key": "ssh-rsa AAAAB3NzaC1yc2EAAAADAQABAAABgQC5l+qiAZav0K8+B79bOew+50FKH9ikR7y0QRnsYeSOCQ4myoc1oxLkT+8Z3fxVibJRWs5cz9lpbvcbQZhiD9j8lsH/la4i576cwFTPbrfoJyDjfj0PduFy6boALeK3C1bcPRS89mLTEx3Dc+W7uRtmbPzP6Koig9QZ7A+d+eLlIzk3RPkbIKtzbpTGl8RO4ozMn2K/FuIdqChGglvcPN+Z0S4tvtebVpD62DASoOpm0r8ffAH0A/3uEFcrSa2D4nLYEaVnI3/7gT5cWtO+B57YSBPgtXptK35AVHmRsHF1FbtWCj13REJzotVXwh3VgFAvkXxRskKdNnwRT9EommVnhYBhBBn/5QdaAZFVQ7eS9W32ctqhPysQ3SlH3OOmsDBVXU77FchC8DOwMSe70tlv8OXHU7d0WTbUtHTVJrvCb5pknhegj7n4Ey4CYFKunypxUGKkq/qn3hgtwofQWxJs8qu82saGFqeGVIqM1meQ3B/LzBSGN2fhiPcG6T3KTbc= 19057@Niharika\n",
                "username": "n01536074"
              }
            ],
            "admin_username": "n01536074",
            "allow_extension_operations": true,
            "availability_set_id": "/subscriptions/e788dca7-dec8-4c32-8a60-e78008622e22/resourceGroups/n01536074-RG/providers/Microsoft.Compute/availabilitySets/LINUX_AVAILABILITY_SET",
            "boot_diagnostics": [
              {
                "storage_account_uri": "https://n01536074sa.blob.core.windows.net/"
              }
            ],
            "capacity_reservation_group_id": "",
            "computer_name": "vmlinux-n015360741",
            "custom_data": null,
            "dedicated_host_group_id": "",
            "dedicated_host_id": "",
            "disable_password_authentication": true,
            "edge_zone": "",
            "encryption_at_host_enabled": false,
            "eviction_policy": "",
            "extensions_time_budget": "PT1H30M",
            "gallery_application": [],
            "id": "/subscriptions/e788dca7-dec8-4c32-8a60-e78008622e22/resourceGroups/n01536074-RG/providers/Microsoft.Compute/virtualMachines/vmlinux-n015360741",
            "identity": [],
            "license_type": "",
            "location": "canadacentral",
            "max_bid_price": -1,
            "name": "vmlinux-n015360741",
            "network_interface_ids": [
              "/subscriptions/e788dca7-dec8-4c32-8a60-e78008622e22/resourceGroups/n01536074-RG/providers/Microsoft.Network/networkInterfaces/vmlinux-n01536074-nic2"
            ],
            "os_disk": [
              {
                "caching": "ReadWrite",
                "diff_disk_settings": [],
                "disk_encryption_set_id": "",
                "disk_size_gb": 32,
                "name": "vmlinux-n01536074-os-disk1",
                "secure_vm_disk_encryption_set_id": "",
                "security_encryption_type": "",
                "storage_account_type": "Premium_LRS",
                "write_accelerator_enabled": false
              }
            ],
            "patch_assessment_mode": "ImageDefault",
            "patch_mode": "ImageDefault",
            "plan": [],
            "platform_fault_domain": -1,
            "priority": "Regular",
            "private_ip_address": "10.0.0.8",
            "private_ip_addresses": [
              "10.0.0.8"
            ],
            "provision_vm_agent": true,
            "proximity_placement_group_id": "",
            "public_ip_address": "20.104.121.154",
            "public_ip_addresses": [
              "20.104.121.154"
            ],
            "resource_group_name": "n01536074-RG",
            "secret": [],
            "secure_boot_enabled": false,
            "size": "Standard_B1s",
            "source_image_id": "",
            "source_image_reference": [
              {
                "offer": "CentOS",
                "publisher": "OpenLogic",
                "sku": "8_2",
                "version": "latest"
              }
            ],
            "tags": {
              "Assignment": "CCGC 5502 Automation Assignment",
              "Environment": "Learning",
              "ExpirationDate": "2024-12-31",
              "Name": "niharika.bhatt"
            },
            "termination_notification": null,
            "timeouts": null,
            "user_data": "",
            "virtual_machine_id": "a5d1c078-f565-4acd-876f-e55a133795de",
            "virtual_machine_scale_set_id": "",
            "vtpm_enabled": false,
            "zone": ""
          },
          "sensitive_attributes": [],
          "private": "eyJlMmJmYjczMC1lY2FhLTExZTYtOGY4OC0zNDM2M2JjN2M0YzAiOnsiY3JlYXRlIjoyNzAwMDAwMDAwMDAwLCJkZWxldGUiOjI3MDAwMDAwMDAwMDAsInJlYWQiOjMwMDAwMDAwMDAwMCwidXBkYXRlIjoyNzAwMDAwMDAwMDAwfX0=",
          "dependencies": [
            "module.common.azurerm_log_analytics_workspace.log_aw",
            "module.common.azurerm_recovery_services_vault.recovery_services_vault",
            "module.common.azurerm_storage_account.storage_account",
            "module.network.azurerm_network_security_group.network_sg",
            "module.network.azurerm_subnet.virtual_network_subnet",
            "module.network.azurerm_subnet_network_security_group_association.subnet_nsg_association",
            "module.network.azurerm_virtual_network.virtual_network",
            "module.resource_group.azurerm_resource_group.resource_group",
            "module.vmlinux.azurerm_availability_set.linux_availability_set",
            "module.vmlinux.azurerm_network_interface.vmlinux_network_interface",
            "module.vmlinux.azurerm_public_ip.vmlinux_public_ip"
          ]
        },
        {
          "index_key": 1,
          "schema_version": 0,
          "attributes": {
            "additional_capabilities": [],
            "admin_password": null,
            "admin_ssh_key": [
              {
                "public_key": "ssh-rsa AAAAB3NzaC1yc2EAAAADAQABAAABgQC5l+qiAZav0K8+B79bOew+50FKH9ikR7y0QRnsYeSOCQ4myoc1oxLkT+8Z3fxVibJRWs5cz9lpbvcbQZhiD9j8lsH/la4i576cwFTPbrfoJyDjfj0PduFy6boALeK3C1bcPRS89mLTEx3Dc+W7uRtmbPzP6Koig9QZ7A+d+eLlIzk3RPkbIKtzbpTGl8RO4ozMn2K/FuIdqChGglvcPN+Z0S4tvtebVpD62DASoOpm0r8ffAH0A/3uEFcrSa2D4nLYEaVnI3/7gT5cWtO+B57YSBPgtXptK35AVHmRsHF1FbtWCj13REJzotVXwh3VgFAvkXxRskKdNnwRT9EommVnhYBhBBn/5QdaAZFVQ7eS9W32ctqhPysQ3SlH3OOmsDBVXU77FchC8DOwMSe70tlv8OXHU7d0WTbUtHTVJrvCb5pknhegj7n4Ey4CYFKunypxUGKkq/qn3hgtwofQWxJs8qu82saGFqeGVIqM1meQ3B/LzBSGN2fhiPcG6T3KTbc= 19057@Niharika\n",
                "username": "n01536074"
              }
            ],
            "admin_username": "n01536074",
            "allow_extension_operations": true,
            "availability_set_id": "/subscriptions/e788dca7-dec8-4c32-8a60-e78008622e22/resourceGroups/n01536074-RG/providers/Microsoft.Compute/availabilitySets/LINUX_AVAILABILITY_SET",
            "boot_diagnostics": [
              {
                "storage_account_uri": "https://n01536074sa.blob.core.windows.net/"
              }
            ],
            "capacity_reservation_group_id": "",
            "computer_name": "vmlinux-n015360742",
            "custom_data": null,
            "dedicated_host_group_id": "",
            "dedicated_host_id": "",
            "disable_password_authentication": true,
            "edge_zone": "",
            "encryption_at_host_enabled": false,
            "eviction_policy": "",
            "extensions_time_budget": "PT1H30M",
            "gallery_application": [],
            "id": "/subscriptions/e788dca7-dec8-4c32-8a60-e78008622e22/resourceGroups/n01536074-RG/providers/Microsoft.Compute/virtualMachines/vmlinux-n015360742",
            "identity": [],
            "license_type": "",
            "location": "canadacentral",
            "max_bid_price": -1,
            "name": "vmlinux-n015360742",
            "network_interface_ids": [
              "/subscriptions/e788dca7-dec8-4c32-8a60-e78008622e22/resourceGroups/n01536074-RG/providers/Microsoft.Network/networkInterfaces/vmlinux-n01536074-nic3"
            ],
            "os_disk": [
              {
                "caching": "ReadWrite",
                "diff_disk_settings": [],
                "disk_encryption_set_id": "",
                "disk_size_gb": 32,
                "name": "vmlinux-n01536074-os-disk2",
                "secure_vm_disk_encryption_set_id": "",
                "security_encryption_type": "",
                "storage_account_type": "Premium_LRS",
                "write_accelerator_enabled": false
              }
            ],
            "patch_assessment_mode": "ImageDefault",
            "patch_mode": "ImageDefault",
            "plan": [],
            "platform_fault_domain": -1,
            "priority": "Regular",
            "private_ip_address": "10.0.0.7",
            "private_ip_addresses": [
              "10.0.0.7"
            ],
            "provision_vm_agent": true,
            "proximity_placement_group_id": "",
            "public_ip_address": "20.104.120.234",
            "public_ip_addresses": [
              "20.104.120.234"
            ],
            "resource_group_name": "n01536074-RG",
            "secret": [],
            "secure_boot_enabled": false,
            "size": "Standard_B1s",
            "source_image_id": "",
            "source_image_reference": [
              {
                "offer": "CentOS",
                "publisher": "OpenLogic",
                "sku": "8_2",
                "version": "latest"
              }
            ],
            "tags": {
              "Assignment": "CCGC 5502 Automation Assignment",
              "Environment": "Learning",
              "ExpirationDate": "2024-12-31",
              "Name": "niharika.bhatt"
            },
            "termination_notification": null,
            "timeouts": null,
            "user_data": "",
            "virtual_machine_id": "168391e8-b6e1-4c02-a567-872002030fbd",
            "virtual_machine_scale_set_id": "",
            "vtpm_enabled": false,
            "zone": ""
          },
          "sensitive_attributes": [],
          "private": "eyJlMmJmYjczMC1lY2FhLTExZTYtOGY4OC0zNDM2M2JjN2M0YzAiOnsiY3JlYXRlIjoyNzAwMDAwMDAwMDAwLCJkZWxldGUiOjI3MDAwMDAwMDAwMDAsInJlYWQiOjMwMDAwMDAwMDAwMCwidXBkYXRlIjoyNzAwMDAwMDAwMDAwfX0=",
          "dependencies": [
            "module.common.azurerm_log_analytics_workspace.log_aw",
            "module.common.azurerm_recovery_services_vault.recovery_services_vault",
            "module.common.azurerm_storage_account.storage_account",
            "module.network.azurerm_network_security_group.network_sg",
            "module.network.azurerm_subnet.virtual_network_subnet",
            "module.network.azurerm_subnet_network_security_group_association.subnet_nsg_association",
            "module.network.azurerm_virtual_network.virtual_network",
            "module.resource_group.azurerm_resource_group.resource_group",
            "module.vmlinux.azurerm_availability_set.linux_availability_set",
            "module.vmlinux.azurerm_network_interface.vmlinux_network_interface",
            "module.vmlinux.azurerm_public_ip.vmlinux_public_ip"
          ]
        },
        {
          "index_key": 2,
          "schema_version": 0,
          "attributes": {
            "additional_capabilities": [],
            "admin_password": null,
            "admin_ssh_key": [
              {
                "public_key": "ssh-rsa AAAAB3NzaC1yc2EAAAADAQABAAABgQC5l+qiAZav0K8+B79bOew+50FKH9ikR7y0QRnsYeSOCQ4myoc1oxLkT+8Z3fxVibJRWs5cz9lpbvcbQZhiD9j8lsH/la4i576cwFTPbrfoJyDjfj0PduFy6boALeK3C1bcPRS89mLTEx3Dc+W7uRtmbPzP6Koig9QZ7A+d+eLlIzk3RPkbIKtzbpTGl8RO4ozMn2K/FuIdqChGglvcPN+Z0S4tvtebVpD62DASoOpm0r8ffAH0A/3uEFcrSa2D4nLYEaVnI3/7gT5cWtO+B57YSBPgtXptK35AVHmRsHF1FbtWCj13REJzotVXwh3VgFAvkXxRskKdNnwRT9EommVnhYBhBBn/5QdaAZFVQ7eS9W32ctqhPysQ3SlH3OOmsDBVXU77FchC8DOwMSe70tlv8OXHU7d0WTbUtHTVJrvCb5pknhegj7n4Ey4CYFKunypxUGKkq/qn3hgtwofQWxJs8qu82saGFqeGVIqM1meQ3B/LzBSGN2fhiPcG6T3KTbc= 19057@Niharika\n",
                "username": "n01536074"
              }
            ],
            "admin_username": "n01536074",
            "allow_extension_operations": true,
            "availability_set_id": "/subscriptions/e788dca7-dec8-4c32-8a60-e78008622e22/resourceGroups/n01536074-RG/providers/Microsoft.Compute/availabilitySets/LINUX_AVAILABILITY_SET",
            "boot_diagnostics": [
              {
                "storage_account_uri": "https://n01536074sa.blob.core.windows.net/"
              }
            ],
            "capacity_reservation_group_id": "",
            "computer_name": "vmlinux-n015360743",
            "custom_data": null,
            "dedicated_host_group_id": "",
            "dedicated_host_id": "",
            "disable_password_authentication": true,
            "edge_zone": "",
            "encryption_at_host_enabled": false,
            "eviction_policy": "",
            "extensions_time_budget": "PT1H30M",
            "gallery_application": [],
            "id": "/subscriptions/e788dca7-dec8-4c32-8a60-e78008622e22/resourceGroups/n01536074-RG/providers/Microsoft.Compute/virtualMachines/vmlinux-n015360743",
            "identity": [],
            "license_type": "",
            "location": "canadacentral",
            "max_bid_price": -1,
            "name": "vmlinux-n015360743",
            "network_interface_ids": [
              "/subscriptions/e788dca7-dec8-4c32-8a60-e78008622e22/resourceGroups/n01536074-RG/providers/Microsoft.Network/networkInterfaces/vmlinux-n01536074-nic1"
            ],
            "os_disk": [
              {
                "caching": "ReadWrite",
                "diff_disk_settings": [],
                "disk_encryption_set_id": "",
                "disk_size_gb": 32,
                "name": "vmlinux-n01536074-os-disk3",
                "secure_vm_disk_encryption_set_id": "",
                "security_encryption_type": "",
                "storage_account_type": "Premium_LRS",
                "write_accelerator_enabled": false
              }
            ],
            "patch_assessment_mode": "ImageDefault",
            "patch_mode": "ImageDefault",
            "plan": [],
            "platform_fault_domain": -1,
            "priority": "Regular",
            "private_ip_address": "10.0.0.6",
            "private_ip_addresses": [
              "10.0.0.6"
            ],
            "provision_vm_agent": true,
            "proximity_placement_group_id": "",
            "public_ip_address": "20.104.57.66",
            "public_ip_addresses": [
              "20.104.57.66"
            ],
            "resource_group_name": "n01536074-RG",
            "secret": [],
            "secure_boot_enabled": false,
            "size": "Standard_B1s",
            "source_image_id": "",
            "source_image_reference": [
              {
                "offer": "CentOS",
                "publisher": "OpenLogic",
                "sku": "8_2",
                "version": "latest"
              }
            ],
            "tags": {
              "Assignment": "CCGC 5502 Automation Assignment",
              "Environment": "Learning",
              "ExpirationDate": "2024-12-31",
              "Name": "niharika.bhatt"
            },
            "termination_notification": null,
            "timeouts": null,
            "user_data": "",
            "virtual_machine_id": "2b586232-0259-4ef9-a31f-3d3a59c77787",
            "virtual_machine_scale_set_id": "",
            "vtpm_enabled": false,
            "zone": ""
          },
          "sensitive_attributes": [],
          "private": "eyJlMmJmYjczMC1lY2FhLTExZTYtOGY4OC0zNDM2M2JjN2M0YzAiOnsiY3JlYXRlIjoyNzAwMDAwMDAwMDAwLCJkZWxldGUiOjI3MDAwMDAwMDAwMDAsInJlYWQiOjMwMDAwMDAwMDAwMCwidXBkYXRlIjoyNzAwMDAwMDAwMDAwfX0=",
          "dependencies": [
            "module.common.azurerm_log_analytics_workspace.log_aw",
            "module.common.azurerm_recovery_services_vault.recovery_services_vault",
            "module.common.azurerm_storage_account.storage_account",
            "module.network.azurerm_network_security_group.network_sg",
            "module.network.azurerm_subnet.virtual_network_subnet",
            "module.network.azurerm_subnet_network_security_group_association.subnet_nsg_association",
            "module.network.azurerm_virtual_network.virtual_network",
            "module.resource_group.azurerm_resource_group.resource_group",
            "module.vmlinux.azurerm_availability_set.linux_availability_set",
            "module.vmlinux.azurerm_network_interface.vmlinux_network_interface",
            "module.vmlinux.azurerm_public_ip.vmlinux_public_ip"
          ]
        }
      ]
    },
    {
      "module": "module.vmlinux",
      "mode": "managed",
      "type": "azurerm_network_interface",
      "name": "vmlinux_network_interface",
      "provider": "provider[\"registry.terraform.io/hashicorp/azurerm\"]",
      "instances": [
        {
          "index_key": 0,
          "schema_version": 0,
          "attributes": {
            "applied_dns_servers": [],
            "dns_servers": [],
            "edge_zone": "",
            "enable_accelerated_networking": false,
            "enable_ip_forwarding": false,
            "id": "/subscriptions/e788dca7-dec8-4c32-8a60-e78008622e22/resourceGroups/n01536074-RG/providers/Microsoft.Network/networkInterfaces/vmlinux-n01536074-nic1",
            "internal_dns_name_label": "",
            "internal_domain_name_suffix": "q0lvo3t2akaepdc4ef51rc5kvb.ux.internal.cloudapp.net",
            "ip_configuration": [
              {
                "gateway_load_balancer_frontend_ip_configuration_id": "",
                "name": "vmlinux-n015360741-ipconfig11",
                "primary": true,
                "private_ip_address": "10.0.0.6",
                "private_ip_address_allocation": "Dynamic",
                "private_ip_address_version": "IPv4",
                "public_ip_address_id": "/subscriptions/e788dca7-dec8-4c32-8a60-e78008622e22/resourceGroups/n01536074-RG/providers/Microsoft.Network/publicIPAddresses/vmlinux-n01536074-pip2",
                "subnet_id": "/subscriptions/e788dca7-dec8-4c32-8a60-e78008622e22/resourceGroups/n01536074-RG/providers/Microsoft.Network/virtualNetworks/N01536074-VNET/subnets/N01536074-SUBNET"
              }
            ],
            "location": "canadacentral",
            "mac_address": "",
            "name": "vmlinux-n01536074-nic1",
            "private_ip_address": "10.0.0.6",
            "private_ip_addresses": [
              "10.0.0.6"
            ],
            "resource_group_name": "n01536074-RG",
            "tags": {
              "Assignment": "CCGC 5502 Automation Assignment",
              "Environment": "Learning",
              "ExpirationDate": "2024-12-31",
              "Name": "niharika.bhatt"
            },
            "timeouts": null,
            "virtual_machine_id": ""
          },
          "sensitive_attributes": [],
          "private": "eyJlMmJmYjczMC1lY2FhLTExZTYtOGY4OC0zNDM2M2JjN2M0YzAiOnsiY3JlYXRlIjoxODAwMDAwMDAwMDAwLCJkZWxldGUiOjE4MDAwMDAwMDAwMDAsInJlYWQiOjMwMDAwMDAwMDAwMCwidXBkYXRlIjoxODAwMDAwMDAwMDAwfX0=",
          "dependencies": [
            "module.common.azurerm_log_analytics_workspace.log_aw",
            "module.common.azurerm_recovery_services_vault.recovery_services_vault",
            "module.common.azurerm_storage_account.storage_account",
            "module.network.azurerm_network_security_group.network_sg",
            "module.network.azurerm_subnet.virtual_network_subnet",
            "module.network.azurerm_subnet_network_security_group_association.subnet_nsg_association",
            "module.network.azurerm_virtual_network.virtual_network",
            "module.resource_group.azurerm_resource_group.resource_group",
            "module.vmlinux.azurerm_public_ip.vmlinux_public_ip"
          ]
        },
        {
          "index_key": 1,
          "schema_version": 0,
          "attributes": {
            "applied_dns_servers": [],
            "dns_servers": [],
            "edge_zone": "",
            "enable_accelerated_networking": false,
            "enable_ip_forwarding": false,
            "id": "/subscriptions/e788dca7-dec8-4c32-8a60-e78008622e22/resourceGroups/n01536074-RG/providers/Microsoft.Network/networkInterfaces/vmlinux-n01536074-nic2",
            "internal_dns_name_label": "",
            "internal_domain_name_suffix": "q0lvo3t2akaepdc4ef51rc5kvb.ux.internal.cloudapp.net",
            "ip_configuration": [
              {
                "gateway_load_balancer_frontend_ip_configuration_id": "",
                "name": "vmlinux-n015360741-ipconfig12",
                "primary": true,
                "private_ip_address": "10.0.0.8",
                "private_ip_address_allocation": "Dynamic",
                "private_ip_address_version": "IPv4",
                "public_ip_address_id": "/subscriptions/e788dca7-dec8-4c32-8a60-e78008622e22/resourceGroups/n01536074-RG/providers/Microsoft.Network/publicIPAddresses/vmlinux-n01536074-pip3",
                "subnet_id": "/subscriptions/e788dca7-dec8-4c32-8a60-e78008622e22/resourceGroups/n01536074-RG/providers/Microsoft.Network/virtualNetworks/N01536074-VNET/subnets/N01536074-SUBNET"
              }
            ],
            "location": "canadacentral",
            "mac_address": "",
            "name": "vmlinux-n01536074-nic2",
            "private_ip_address": "10.0.0.8",
            "private_ip_addresses": [
              "10.0.0.8"
            ],
            "resource_group_name": "n01536074-RG",
            "tags": {
              "Assignment": "CCGC 5502 Automation Assignment",
              "Environment": "Learning",
              "ExpirationDate": "2024-12-31",
              "Name": "niharika.bhatt"
            },
            "timeouts": null,
            "virtual_machine_id": ""
          },
          "sensitive_attributes": [],
          "private": "eyJlMmJmYjczMC1lY2FhLTExZTYtOGY4OC0zNDM2M2JjN2M0YzAiOnsiY3JlYXRlIjoxODAwMDAwMDAwMDAwLCJkZWxldGUiOjE4MDAwMDAwMDAwMDAsInJlYWQiOjMwMDAwMDAwMDAwMCwidXBkYXRlIjoxODAwMDAwMDAwMDAwfX0=",
          "dependencies": [
            "module.common.azurerm_log_analytics_workspace.log_aw",
            "module.common.azurerm_recovery_services_vault.recovery_services_vault",
            "module.common.azurerm_storage_account.storage_account",
            "module.network.azurerm_network_security_group.network_sg",
            "module.network.azurerm_subnet.virtual_network_subnet",
            "module.network.azurerm_subnet_network_security_group_association.subnet_nsg_association",
            "module.network.azurerm_virtual_network.virtual_network",
            "module.resource_group.azurerm_resource_group.resource_group",
            "module.vmlinux.azurerm_public_ip.vmlinux_public_ip"
          ]
        },
        {
          "index_key": 2,
          "schema_version": 0,
          "attributes": {
            "applied_dns_servers": [],
            "dns_servers": [],
            "edge_zone": "",
            "enable_accelerated_networking": false,
            "enable_ip_forwarding": false,
            "id": "/subscriptions/e788dca7-dec8-4c32-8a60-e78008622e22/resourceGroups/n01536074-RG/providers/Microsoft.Network/networkInterfaces/vmlinux-n01536074-nic3",
            "internal_dns_name_label": "",
            "internal_domain_name_suffix": "q0lvo3t2akaepdc4ef51rc5kvb.ux.internal.cloudapp.net",
            "ip_configuration": [
              {
                "gateway_load_balancer_frontend_ip_configuration_id": "",
                "name": "vmlinux-n015360741-ipconfig13",
                "primary": true,
                "private_ip_address": "10.0.0.7",
                "private_ip_address_allocation": "Dynamic",
                "private_ip_address_version": "IPv4",
                "public_ip_address_id": "/subscriptions/e788dca7-dec8-4c32-8a60-e78008622e22/resourceGroups/n01536074-RG/providers/Microsoft.Network/publicIPAddresses/vmlinux-n01536074-pip1",
                "subnet_id": "/subscriptions/e788dca7-dec8-4c32-8a60-e78008622e22/resourceGroups/n01536074-RG/providers/Microsoft.Network/virtualNetworks/N01536074-VNET/subnets/N01536074-SUBNET"
              }
            ],
            "location": "canadacentral",
            "mac_address": "",
            "name": "vmlinux-n01536074-nic3",
            "private_ip_address": "10.0.0.7",
            "private_ip_addresses": [
              "10.0.0.7"
            ],
            "resource_group_name": "n01536074-RG",
            "tags": {
              "Assignment": "CCGC 5502 Automation Assignment",
              "Environment": "Learning",
              "ExpirationDate": "2024-12-31",
              "Name": "niharika.bhatt"
            },
            "timeouts": null,
            "virtual_machine_id": ""
          },
          "sensitive_attributes": [],
          "private": "eyJlMmJmYjczMC1lY2FhLTExZTYtOGY4OC0zNDM2M2JjN2M0YzAiOnsiY3JlYXRlIjoxODAwMDAwMDAwMDAwLCJkZWxldGUiOjE4MDAwMDAwMDAwMDAsInJlYWQiOjMwMDAwMDAwMDAwMCwidXBkYXRlIjoxODAwMDAwMDAwMDAwfX0=",
          "dependencies": [
            "module.common.azurerm_log_analytics_workspace.log_aw",
            "module.common.azurerm_recovery_services_vault.recovery_services_vault",
            "module.common.azurerm_storage_account.storage_account",
            "module.network.azurerm_network_security_group.network_sg",
            "module.network.azurerm_subnet.virtual_network_subnet",
            "module.network.azurerm_subnet_network_security_group_association.subnet_nsg_association",
            "module.network.azurerm_virtual_network.virtual_network",
            "module.resource_group.azurerm_resource_group.resource_group",
            "module.vmlinux.azurerm_public_ip.vmlinux_public_ip"
          ]
        }
      ]
    },
    {
      "module": "module.vmlinux",
      "mode": "managed",
      "type": "azurerm_public_ip",
      "name": "vmlinux_public_ip",
      "provider": "provider[\"registry.terraform.io/hashicorp/azurerm\"]",
      "instances": [
        {
          "index_key": 0,
          "schema_version": 0,
          "attributes": {
            "allocation_method": "Dynamic",
            "ddos_protection_mode": "VirtualNetworkInherited",
            "ddos_protection_plan_id": null,
            "domain_name_label": "domain1-vmlinux-n01536074-1",
            "edge_zone": "",
            "fqdn": "domain1-vmlinux-n01536074-1.canadacentral.cloudapp.azure.com",
            "id": "/subscriptions/e788dca7-dec8-4c32-8a60-e78008622e22/resourceGroups/n01536074-RG/providers/Microsoft.Network/publicIPAddresses/vmlinux-n01536074-pip1",
            "idle_timeout_in_minutes": 30,
            "ip_address": "",
            "ip_tags": null,
            "ip_version": "IPv4",
            "location": "canadacentral",
            "name": "vmlinux-n01536074-pip1",
            "public_ip_prefix_id": null,
            "resource_group_name": "n01536074-RG",
            "reverse_fqdn": "",
            "sku": "Basic",
            "sku_tier": "Regional",
            "tags": {
              "Assignment": "CCGC 5502 Automation Assignment",
              "Environment": "Learning",
              "ExpirationDate": "2024-12-31",
              "Name": "niharika.bhatt"
            },
            "timeouts": null,
            "zones": null
          },
          "sensitive_attributes": [],
          "private": "eyJlMmJmYjczMC1lY2FhLTExZTYtOGY4OC0zNDM2M2JjN2M0YzAiOnsiY3JlYXRlIjoxODAwMDAwMDAwMDAwLCJkZWxldGUiOjE4MDAwMDAwMDAwMDAsInJlYWQiOjMwMDAwMDAwMDAwMCwidXBkYXRlIjoxODAwMDAwMDAwMDAwfX0=",
          "dependencies": [
            "module.common.azurerm_log_analytics_workspace.log_aw",
            "module.common.azurerm_recovery_services_vault.recovery_services_vault",
            "module.common.azurerm_storage_account.storage_account",
            "module.network.azurerm_network_security_group.network_sg",
            "module.network.azurerm_subnet.virtual_network_subnet",
            "module.network.azurerm_subnet_network_security_group_association.subnet_nsg_association",
            "module.network.azurerm_virtual_network.virtual_network",
            "module.resource_group.azurerm_resource_group.resource_group"
          ]
        },
        {
          "index_key": 1,
          "schema_version": 0,
          "attributes": {
            "allocation_method": "Dynamic",
            "ddos_protection_mode": "VirtualNetworkInherited",
            "ddos_protection_plan_id": null,
            "domain_name_label": "domain1-vmlinux-n01536074-2",
            "edge_zone": "",
            "fqdn": "domain1-vmlinux-n01536074-2.canadacentral.cloudapp.azure.com",
            "id": "/subscriptions/e788dca7-dec8-4c32-8a60-e78008622e22/resourceGroups/n01536074-RG/providers/Microsoft.Network/publicIPAddresses/vmlinux-n01536074-pip2",
            "idle_timeout_in_minutes": 30,
            "ip_address": "",
            "ip_tags": null,
            "ip_version": "IPv4",
            "location": "canadacentral",
            "name": "vmlinux-n01536074-pip2",
            "public_ip_prefix_id": null,
            "resource_group_name": "n01536074-RG",
            "reverse_fqdn": "",
            "sku": "Basic",
            "sku_tier": "Regional",
            "tags": {
              "Assignment": "CCGC 5502 Automation Assignment",
              "Environment": "Learning",
              "ExpirationDate": "2024-12-31",
              "Name": "niharika.bhatt"
            },
            "timeouts": null,
            "zones": null
          },
          "sensitive_attributes": [],
          "private": "eyJlMmJmYjczMC1lY2FhLTExZTYtOGY4OC0zNDM2M2JjN2M0YzAiOnsiY3JlYXRlIjoxODAwMDAwMDAwMDAwLCJkZWxldGUiOjE4MDAwMDAwMDAwMDAsInJlYWQiOjMwMDAwMDAwMDAwMCwidXBkYXRlIjoxODAwMDAwMDAwMDAwfX0=",
          "dependencies": [
            "module.common.azurerm_log_analytics_workspace.log_aw",
            "module.common.azurerm_recovery_services_vault.recovery_services_vault",
            "module.common.azurerm_storage_account.storage_account",
            "module.network.azurerm_network_security_group.network_sg",
            "module.network.azurerm_subnet.virtual_network_subnet",
            "module.network.azurerm_subnet_network_security_group_association.subnet_nsg_association",
            "module.network.azurerm_virtual_network.virtual_network",
            "module.resource_group.azurerm_resource_group.resource_group"
          ]
        },
        {
          "index_key": 2,
          "schema_version": 0,
          "attributes": {
            "allocation_method": "Dynamic",
            "ddos_protection_mode": "VirtualNetworkInherited",
            "ddos_protection_plan_id": null,
            "domain_name_label": "domain1-vmlinux-n01536074-3",
            "edge_zone": "",
            "fqdn": "domain1-vmlinux-n01536074-3.canadacentral.cloudapp.azure.com",
            "id": "/subscriptions/e788dca7-dec8-4c32-8a60-e78008622e22/resourceGroups/n01536074-RG/providers/Microsoft.Network/publicIPAddresses/vmlinux-n01536074-pip3",
            "idle_timeout_in_minutes": 30,
            "ip_address": "",
            "ip_tags": null,
            "ip_version": "IPv4",
            "location": "canadacentral",
            "name": "vmlinux-n01536074-pip3",
            "public_ip_prefix_id": null,
            "resource_group_name": "n01536074-RG",
            "reverse_fqdn": "",
            "sku": "Basic",
            "sku_tier": "Regional",
            "tags": {
              "Assignment": "CCGC 5502 Automation Assignment",
              "Environment": "Learning",
              "ExpirationDate": "2024-12-31",
              "Name": "niharika.bhatt"
            },
            "timeouts": null,
            "zones": null
          },
          "sensitive_attributes": [],
          "private": "eyJlMmJmYjczMC1lY2FhLTExZTYtOGY4OC0zNDM2M2JjN2M0YzAiOnsiY3JlYXRlIjoxODAwMDAwMDAwMDAwLCJkZWxldGUiOjE4MDAwMDAwMDAwMDAsInJlYWQiOjMwMDAwMDAwMDAwMCwidXBkYXRlIjoxODAwMDAwMDAwMDAwfX0=",
          "dependencies": [
            "module.common.azurerm_log_analytics_workspace.log_aw",
            "module.common.azurerm_recovery_services_vault.recovery_services_vault",
            "module.common.azurerm_storage_account.storage_account",
            "module.network.azurerm_network_security_group.network_sg",
            "module.network.azurerm_subnet.virtual_network_subnet",
            "module.network.azurerm_subnet_network_security_group_association.subnet_nsg_association",
            "module.network.azurerm_virtual_network.virtual_network",
            "module.resource_group.azurerm_resource_group.resource_group"
          ]
        }
      ]
    },
    {
      "module": "module.vmlinux",
      "mode": "managed",
      "type": "azurerm_virtual_machine_extension",
      "name": "azure_monitor_extension",
      "provider": "provider[\"registry.terraform.io/hashicorp/azurerm\"]",
      "instances": [
        {
          "index_key": 0,
          "schema_version": 0,
          "attributes": {
            "auto_upgrade_minor_version": true,
            "automatic_upgrade_enabled": false,
            "failure_suppression_enabled": false,
            "id": "/subscriptions/e788dca7-dec8-4c32-8a60-e78008622e22/resourceGroups/n01536074-RG/providers/Microsoft.Compute/virtualMachines/vmlinux-n015360741/extensions/azure_monitor_extension-1",
            "name": "azure_monitor_extension-1",
            "protected_settings": null,
            "protected_settings_from_key_vault": [],
            "publisher": "Microsoft.Azure.Monitor",
            "settings": "",
            "tags": {
              "Assignment": "CCGC 5502 Automation Assignment",
              "Environment": "Learning",
              "ExpirationDate": "2024-12-31",
              "Name": "niharika.bhatt"
            },
            "timeouts": null,
            "type": "AzureMonitorLinuxAgent",
            "type_handler_version": "1.0",
            "virtual_machine_id": "/subscriptions/e788dca7-dec8-4c32-8a60-e78008622e22/resourceGroups/n01536074-RG/providers/Microsoft.Compute/virtualMachines/vmlinux-n015360741"
          },
          "sensitive_attributes": [],
          "private": "eyJlMmJmYjczMC1lY2FhLTExZTYtOGY4OC0zNDM2M2JjN2M0YzAiOnsiY3JlYXRlIjoxODAwMDAwMDAwMDAwLCJkZWxldGUiOjE4MDAwMDAwMDAwMDAsInJlYWQiOjMwMDAwMDAwMDAwMCwidXBkYXRlIjoxODAwMDAwMDAwMDAwfX0=",
          "dependencies": [
            "module.common.azurerm_log_analytics_workspace.log_aw",
            "module.common.azurerm_recovery_services_vault.recovery_services_vault",
            "module.common.azurerm_storage_account.storage_account",
            "module.network.azurerm_network_security_group.network_sg",
            "module.network.azurerm_subnet.virtual_network_subnet",
            "module.network.azurerm_subnet_network_security_group_association.subnet_nsg_association",
            "module.network.azurerm_virtual_network.virtual_network",
            "module.resource_group.azurerm_resource_group.resource_group",
            "module.vmlinux.azurerm_availability_set.linux_availability_set",
            "module.vmlinux.azurerm_linux_virtual_machine.linux_vm",
            "module.vmlinux.azurerm_network_interface.vmlinux_network_interface",
            "module.vmlinux.azurerm_public_ip.vmlinux_public_ip"
          ]
        },
        {
          "index_key": 1,
          "schema_version": 0,
          "attributes": {
            "auto_upgrade_minor_version": true,
            "automatic_upgrade_enabled": false,
            "failure_suppression_enabled": false,
            "id": "/subscriptions/e788dca7-dec8-4c32-8a60-e78008622e22/resourceGroups/n01536074-RG/providers/Microsoft.Compute/virtualMachines/vmlinux-n015360742/extensions/azure_monitor_extension-2",
            "name": "azure_monitor_extension-2",
            "protected_settings": null,
            "protected_settings_from_key_vault": [],
            "publisher": "Microsoft.Azure.Monitor",
            "settings": "",
            "tags": {
              "Assignment": "CCGC 5502 Automation Assignment",
              "Environment": "Learning",
              "ExpirationDate": "2024-12-31",
              "Name": "niharika.bhatt"
            },
            "timeouts": null,
            "type": "AzureMonitorLinuxAgent",
            "type_handler_version": "1.0",
            "virtual_machine_id": "/subscriptions/e788dca7-dec8-4c32-8a60-e78008622e22/resourceGroups/n01536074-RG/providers/Microsoft.Compute/virtualMachines/vmlinux-n015360742"
          },
          "sensitive_attributes": [],
          "private": "eyJlMmJmYjczMC1lY2FhLTExZTYtOGY4OC0zNDM2M2JjN2M0YzAiOnsiY3JlYXRlIjoxODAwMDAwMDAwMDAwLCJkZWxldGUiOjE4MDAwMDAwMDAwMDAsInJlYWQiOjMwMDAwMDAwMDAwMCwidXBkYXRlIjoxODAwMDAwMDAwMDAwfX0=",
          "dependencies": [
            "module.common.azurerm_log_analytics_workspace.log_aw",
            "module.common.azurerm_recovery_services_vault.recovery_services_vault",
            "module.common.azurerm_storage_account.storage_account",
            "module.network.azurerm_network_security_group.network_sg",
            "module.network.azurerm_subnet.virtual_network_subnet",
            "module.network.azurerm_subnet_network_security_group_association.subnet_nsg_association",
            "module.network.azurerm_virtual_network.virtual_network",
            "module.resource_group.azurerm_resource_group.resource_group",
            "module.vmlinux.azurerm_availability_set.linux_availability_set",
            "module.vmlinux.azurerm_linux_virtual_machine.linux_vm",
            "module.vmlinux.azurerm_network_interface.vmlinux_network_interface",
            "module.vmlinux.azurerm_public_ip.vmlinux_public_ip"
          ]
        },
        {
          "index_key": 2,
          "schema_version": 0,
          "attributes": {
            "auto_upgrade_minor_version": true,
            "automatic_upgrade_enabled": false,
            "failure_suppression_enabled": false,
            "id": "/subscriptions/e788dca7-dec8-4c32-8a60-e78008622e22/resourceGroups/n01536074-RG/providers/Microsoft.Compute/virtualMachines/vmlinux-n015360743/extensions/azure_monitor_extension-3",
            "name": "azure_monitor_extension-3",
            "protected_settings": null,
            "protected_settings_from_key_vault": [],
            "publisher": "Microsoft.Azure.Monitor",
            "settings": "",
            "tags": {
              "Assignment": "CCGC 5502 Automation Assignment",
              "Environment": "Learning",
              "ExpirationDate": "2024-12-31",
              "Name": "niharika.bhatt"
            },
            "timeouts": null,
            "type": "AzureMonitorLinuxAgent",
            "type_handler_version": "1.0",
            "virtual_machine_id": "/subscriptions/e788dca7-dec8-4c32-8a60-e78008622e22/resourceGroups/n01536074-RG/providers/Microsoft.Compute/virtualMachines/vmlinux-n015360743"
          },
          "sensitive_attributes": [],
          "private": "eyJlMmJmYjczMC1lY2FhLTExZTYtOGY4OC0zNDM2M2JjN2M0YzAiOnsiY3JlYXRlIjoxODAwMDAwMDAwMDAwLCJkZWxldGUiOjE4MDAwMDAwMDAwMDAsInJlYWQiOjMwMDAwMDAwMDAwMCwidXBkYXRlIjoxODAwMDAwMDAwMDAwfX0=",
          "dependencies": [
            "module.common.azurerm_log_analytics_workspace.log_aw",
            "module.common.azurerm_recovery_services_vault.recovery_services_vault",
            "module.common.azurerm_storage_account.storage_account",
            "module.network.azurerm_network_security_group.network_sg",
            "module.network.azurerm_subnet.virtual_network_subnet",
            "module.network.azurerm_subnet_network_security_group_association.subnet_nsg_association",
            "module.network.azurerm_virtual_network.virtual_network",
            "module.resource_group.azurerm_resource_group.resource_group",
            "module.vmlinux.azurerm_availability_set.linux_availability_set",
            "module.vmlinux.azurerm_linux_virtual_machine.linux_vm",
            "module.vmlinux.azurerm_network_interface.vmlinux_network_interface",
            "module.vmlinux.azurerm_public_ip.vmlinux_public_ip"
          ]
        }
      ]
    },
    {
      "module": "module.vmlinux",
      "mode": "managed",
      "type": "azurerm_virtual_machine_extension",
      "name": "vmlinux_network_watcher",
      "provider": "provider[\"registry.terraform.io/hashicorp/azurerm\"]",
      "instances": [
        {
          "index_key": 0,
          "schema_version": 0,
          "attributes": {
            "auto_upgrade_minor_version": true,
            "automatic_upgrade_enabled": false,
            "failure_suppression_enabled": false,
            "id": "/subscriptions/e788dca7-dec8-4c32-8a60-e78008622e22/resourceGroups/n01536074-RG/providers/Microsoft.Compute/virtualMachines/vmlinux-n015360741/extensions/vmlinux_network_watcher-1",
            "name": "vmlinux_network_watcher-1",
            "protected_settings": "    {\n      \"storageAccountName\": \"n01536074sa\",\n      \"storageAccountKey\": \"jx/pH+fFv8Eg1TwTv0AwAuS06FskBg0rGxpk7ql3ix/spZP7vPrk4UDVG3gF7ITuCcMSYHNHYcQP+ASts413oA==\"\n    }\n",
            "protected_settings_from_key_vault": [],
            "publisher": "Microsoft.Azure.NetworkWatcher",
            "settings": "{\"xmlCfg\":\"\"}",
            "tags": {
              "Assignment": "CCGC 5502 Automation Assignment",
              "Environment": "Learning",
              "ExpirationDate": "2024-12-31",
              "Name": "niharika.bhatt"
            },
            "timeouts": null,
            "type": "NetworkWatcherAgentLinux",
            "type_handler_version": "1.4",
            "virtual_machine_id": "/subscriptions/e788dca7-dec8-4c32-8a60-e78008622e22/resourceGroups/n01536074-RG/providers/Microsoft.Compute/virtualMachines/vmlinux-n015360741"
          },
          "sensitive_attributes": [
            [
              {
                "type": "get_attr",
                "value": "protected_settings"
              }
            ]
          ],
          "private": "eyJlMmJmYjczMC1lY2FhLTExZTYtOGY4OC0zNDM2M2JjN2M0YzAiOnsiY3JlYXRlIjoxODAwMDAwMDAwMDAwLCJkZWxldGUiOjE4MDAwMDAwMDAwMDAsInJlYWQiOjMwMDAwMDAwMDAwMCwidXBkYXRlIjoxODAwMDAwMDAwMDAwfX0=",
          "dependencies": [
            "module.common.azurerm_log_analytics_workspace.log_aw",
            "module.common.azurerm_recovery_services_vault.recovery_services_vault",
            "module.common.azurerm_storage_account.storage_account",
            "module.network.azurerm_network_security_group.network_sg",
            "module.network.azurerm_subnet.virtual_network_subnet",
            "module.network.azurerm_subnet_network_security_group_association.subnet_nsg_association",
            "module.network.azurerm_virtual_network.virtual_network",
            "module.resource_group.azurerm_resource_group.resource_group",
            "module.vmlinux.azurerm_availability_set.linux_availability_set",
            "module.vmlinux.azurerm_linux_virtual_machine.linux_vm",
            "module.vmlinux.azurerm_network_interface.vmlinux_network_interface",
            "module.vmlinux.azurerm_public_ip.vmlinux_public_ip"
          ]
        },
        {
          "index_key": 1,
          "schema_version": 0,
          "attributes": {
            "auto_upgrade_minor_version": true,
            "automatic_upgrade_enabled": false,
            "failure_suppression_enabled": false,
            "id": "/subscriptions/e788dca7-dec8-4c32-8a60-e78008622e22/resourceGroups/n01536074-RG/providers/Microsoft.Compute/virtualMachines/vmlinux-n015360742/extensions/vmlinux_network_watcher-2",
            "name": "vmlinux_network_watcher-2",
            "protected_settings": "    {\n      \"storageAccountName\": \"n01536074sa\",\n      \"storageAccountKey\": \"jx/pH+fFv8Eg1TwTv0AwAuS06FskBg0rGxpk7ql3ix/spZP7vPrk4UDVG3gF7ITuCcMSYHNHYcQP+ASts413oA==\"\n    }\n",
            "protected_settings_from_key_vault": [],
            "publisher": "Microsoft.Azure.NetworkWatcher",
            "settings": "{\"xmlCfg\":\"\"}",
            "tags": {
              "Assignment": "CCGC 5502 Automation Assignment",
              "Environment": "Learning",
              "ExpirationDate": "2024-12-31",
              "Name": "niharika.bhatt"
            },
            "timeouts": null,
            "type": "NetworkWatcherAgentLinux",
            "type_handler_version": "1.4",
            "virtual_machine_id": "/subscriptions/e788dca7-dec8-4c32-8a60-e78008622e22/resourceGroups/n01536074-RG/providers/Microsoft.Compute/virtualMachines/vmlinux-n015360742"
          },
          "sensitive_attributes": [
            [
              {
                "type": "get_attr",
                "value": "protected_settings"
              }
            ]
          ],
          "private": "eyJlMmJmYjczMC1lY2FhLTExZTYtOGY4OC0zNDM2M2JjN2M0YzAiOnsiY3JlYXRlIjoxODAwMDAwMDAwMDAwLCJkZWxldGUiOjE4MDAwMDAwMDAwMDAsInJlYWQiOjMwMDAwMDAwMDAwMCwidXBkYXRlIjoxODAwMDAwMDAwMDAwfX0=",
          "dependencies": [
            "module.common.azurerm_log_analytics_workspace.log_aw",
            "module.common.azurerm_recovery_services_vault.recovery_services_vault",
            "module.common.azurerm_storage_account.storage_account",
            "module.network.azurerm_network_security_group.network_sg",
            "module.network.azurerm_subnet.virtual_network_subnet",
            "module.network.azurerm_subnet_network_security_group_association.subnet_nsg_association",
            "module.network.azurerm_virtual_network.virtual_network",
            "module.resource_group.azurerm_resource_group.resource_group",
            "module.vmlinux.azurerm_availability_set.linux_availability_set",
            "module.vmlinux.azurerm_linux_virtual_machine.linux_vm",
            "module.vmlinux.azurerm_network_interface.vmlinux_network_interface",
            "module.vmlinux.azurerm_public_ip.vmlinux_public_ip"
          ]
        },
        {
          "index_key": 2,
          "schema_version": 0,
          "attributes": {
            "auto_upgrade_minor_version": true,
            "automatic_upgrade_enabled": false,
            "failure_suppression_enabled": false,
            "id": "/subscriptions/e788dca7-dec8-4c32-8a60-e78008622e22/resourceGroups/n01536074-RG/providers/Microsoft.Compute/virtualMachines/vmlinux-n015360743/extensions/vmlinux_network_watcher-3",
            "name": "vmlinux_network_watcher-3",
            "protected_settings": "    {\n      \"storageAccountName\": \"n01536074sa\",\n      \"storageAccountKey\": \"jx/pH+fFv8Eg1TwTv0AwAuS06FskBg0rGxpk7ql3ix/spZP7vPrk4UDVG3gF7ITuCcMSYHNHYcQP+ASts413oA==\"\n    }\n",
            "protected_settings_from_key_vault": [],
            "publisher": "Microsoft.Azure.NetworkWatcher",
            "settings": "{\"xmlCfg\":\"\"}",
            "tags": {
              "Assignment": "CCGC 5502 Automation Assignment",
              "Environment": "Learning",
              "ExpirationDate": "2024-12-31",
              "Name": "niharika.bhatt"
            },
            "timeouts": null,
            "type": "NetworkWatcherAgentLinux",
            "type_handler_version": "1.4",
            "virtual_machine_id": "/subscriptions/e788dca7-dec8-4c32-8a60-e78008622e22/resourceGroups/n01536074-RG/providers/Microsoft.Compute/virtualMachines/vmlinux-n015360743"
          },
          "sensitive_attributes": [
            [
              {
                "type": "get_attr",
                "value": "protected_settings"
              }
            ]
          ],
          "private": "eyJlMmJmYjczMC1lY2FhLTExZTYtOGY4OC0zNDM2M2JjN2M0YzAiOnsiY3JlYXRlIjoxODAwMDAwMDAwMDAwLCJkZWxldGUiOjE4MDAwMDAwMDAwMDAsInJlYWQiOjMwMDAwMDAwMDAwMCwidXBkYXRlIjoxODAwMDAwMDAwMDAwfX0=",
          "dependencies": [
            "module.common.azurerm_log_analytics_workspace.log_aw",
            "module.common.azurerm_recovery_services_vault.recovery_services_vault",
            "module.common.azurerm_storage_account.storage_account",
            "module.network.azurerm_network_security_group.network_sg",
            "module.network.azurerm_subnet.virtual_network_subnet",
            "module.network.azurerm_subnet_network_security_group_association.subnet_nsg_association",
            "module.network.azurerm_virtual_network.virtual_network",
            "module.resource_group.azurerm_resource_group.resource_group",
            "module.vmlinux.azurerm_availability_set.linux_availability_set",
            "module.vmlinux.azurerm_linux_virtual_machine.linux_vm",
            "module.vmlinux.azurerm_network_interface.vmlinux_network_interface",
            "module.vmlinux.azurerm_public_ip.vmlinux_public_ip"
          ]
        }
      ]
    },
    {
      "module": "module.vmlinux",
      "mode": "managed",
      "type": "null_resource",
      "name": "linux_provisioner",
      "provider": "provider[\"registry.terraform.io/hashicorp/null\"]",
      "instances": [
        {
          "index_key": 0,
          "schema_version": 0,
          "attributes": {
            "id": "6570555500352116691",
            "triggers": null
          },
          "sensitive_attributes": [],
          "dependencies": [
            "module.common.azurerm_log_analytics_workspace.log_aw",
            "module.common.azurerm_recovery_services_vault.recovery_services_vault",
            "module.common.azurerm_storage_account.storage_account",
            "module.network.azurerm_network_security_group.network_sg",
            "module.network.azurerm_subnet.virtual_network_subnet",
            "module.network.azurerm_subnet_network_security_group_association.subnet_nsg_association",
            "module.network.azurerm_virtual_network.virtual_network",
            "module.resource_group.azurerm_resource_group.resource_group",
            "module.vmlinux.azurerm_availability_set.linux_availability_set",
            "module.vmlinux.azurerm_linux_virtual_machine.linux_vm",
            "module.vmlinux.azurerm_network_interface.vmlinux_network_interface",
            "module.vmlinux.azurerm_public_ip.vmlinux_public_ip"
          ]
        },
        {
          "index_key": 1,
          "schema_version": 0,
          "attributes": {
            "id": "7826050829839770185",
            "triggers": null
          },
          "sensitive_attributes": [],
          "dependencies": [
            "module.common.azurerm_log_analytics_workspace.log_aw",
            "module.common.azurerm_recovery_services_vault.recovery_services_vault",
            "module.common.azurerm_storage_account.storage_account",
            "module.network.azurerm_network_security_group.network_sg",
            "module.network.azurerm_subnet.virtual_network_subnet",
            "module.network.azurerm_subnet_network_security_group_association.subnet_nsg_association",
            "module.network.azurerm_virtual_network.virtual_network",
            "module.resource_group.azurerm_resource_group.resource_group",
            "module.vmlinux.azurerm_availability_set.linux_availability_set",
            "module.vmlinux.azurerm_linux_virtual_machine.linux_vm",
            "module.vmlinux.azurerm_network_interface.vmlinux_network_interface",
            "module.vmlinux.azurerm_public_ip.vmlinux_public_ip"
          ]
        },
        {
          "index_key": 2,
          "schema_version": 0,
          "attributes": {
            "id": "1371966483105274356",
            "triggers": null
          },
          "sensitive_attributes": [],
          "dependencies": [
            "module.common.azurerm_log_analytics_workspace.log_aw",
            "module.common.azurerm_recovery_services_vault.recovery_services_vault",
            "module.common.azurerm_storage_account.storage_account",
            "module.network.azurerm_network_security_group.network_sg",
            "module.network.azurerm_subnet.virtual_network_subnet",
            "module.network.azurerm_subnet_network_security_group_association.subnet_nsg_association",
            "module.network.azurerm_virtual_network.virtual_network",
            "module.resource_group.azurerm_resource_group.resource_group",
            "module.vmlinux.azurerm_availability_set.linux_availability_set",
            "module.vmlinux.azurerm_linux_virtual_machine.linux_vm",
            "module.vmlinux.azurerm_network_interface.vmlinux_network_interface",
            "module.vmlinux.azurerm_public_ip.vmlinux_public_ip"
          ]
        }
      ]
    },
    {
      "module": "module.vmwindows",
      "mode": "managed",
      "type": "azurerm_availability_set",
      "name": "win_availability_set",
      "provider": "provider[\"registry.terraform.io/hashicorp/azurerm\"]",
      "instances": [
        {
          "schema_version": 0,
          "attributes": {
            "id": "/subscriptions/e788dca7-dec8-4c32-8a60-e78008622e22/resourceGroups/n01536074-RG/providers/Microsoft.Compute/availabilitySets/win_avs",
            "location": "canadacentral",
            "managed": true,
            "name": "win_avs",
            "platform_fault_domain_count": 3,
            "platform_update_domain_count": 5,
            "proximity_placement_group_id": null,
            "resource_group_name": "n01536074-RG",
            "tags": {
              "environment": "prod"
            },
            "timeouts": null
          },
          "sensitive_attributes": [],
          "private": "eyJlMmJmYjczMC1lY2FhLTExZTYtOGY4OC0zNDM2M2JjN2M0YzAiOnsiY3JlYXRlIjoxODAwMDAwMDAwMDAwLCJkZWxldGUiOjE4MDAwMDAwMDAwMDAsInJlYWQiOjMwMDAwMDAwMDAwMCwidXBkYXRlIjoxODAwMDAwMDAwMDAwfX0=",
          "dependencies": [
            "module.common.azurerm_log_analytics_workspace.log_aw",
            "module.common.azurerm_recovery_services_vault.recovery_services_vault",
            "module.common.azurerm_storage_account.storage_account",
            "module.network.azurerm_network_security_group.network_sg",
            "module.network.azurerm_subnet.virtual_network_subnet",
            "module.network.azurerm_subnet_network_security_group_association.subnet_nsg_association",
            "module.network.azurerm_virtual_network.virtual_network",
            "module.resource_group.azurerm_resource_group.resource_group"
          ]
        }
      ]
    },
    {
      "module": "module.vmwindows",
      "mode": "managed",
      "type": "azurerm_network_interface",
      "name": "windows_network_interface",
      "provider": "provider[\"registry.terraform.io/hashicorp/azurerm\"]",
      "instances": [
        {
          "index_key": "n01536074-vm1",
          "schema_version": 0,
          "attributes": {
            "applied_dns_servers": [],
            "dns_servers": [],
            "edge_zone": "",
            "enable_accelerated_networking": false,
            "enable_ip_forwarding": false,
            "id": "/subscriptions/e788dca7-dec8-4c32-8a60-e78008622e22/resourceGroups/n01536074-RG/providers/Microsoft.Network/networkInterfaces/n01536074-vm1-nic",
            "internal_dns_name_label": "",
            "internal_domain_name_suffix": "q0lvo3t2akaepdc4ef51rc5kvb.ux.internal.cloudapp.net",
            "ip_configuration": [
              {
                "gateway_load_balancer_frontend_ip_configuration_id": "",
                "name": "n01536074-vm1-nic",
                "primary": true,
                "private_ip_address": "10.0.0.4",
                "private_ip_address_allocation": "Dynamic",
                "private_ip_address_version": "IPv4",
                "public_ip_address_id": "/subscriptions/e788dca7-dec8-4c32-8a60-e78008622e22/resourceGroups/n01536074-RG/providers/Microsoft.Network/publicIPAddresses/n01536074-vm1-public-ip",
                "subnet_id": "/subscriptions/e788dca7-dec8-4c32-8a60-e78008622e22/resourceGroups/n01536074-RG/providers/Microsoft.Network/virtualNetworks/N01536074-VNET/subnets/N01536074-SUBNET"
              }
            ],
            "location": "canadacentral",
            "mac_address": "",
            "name": "n01536074-vm1-nic",
            "private_ip_address": "10.0.0.4",
            "private_ip_addresses": [
              "10.0.0.4"
            ],
            "resource_group_name": "n01536074-RG",
            "tags": {
              "Assignment": "CCGC 5502 Automation Assignment",
              "Environment": "Learning",
              "ExpirationDate": "2024-12-31",
              "Name": "niharika.bhatt"
            },
            "timeouts": null,
            "virtual_machine_id": ""
          },
          "sensitive_attributes": [],
          "private": "eyJlMmJmYjczMC1lY2FhLTExZTYtOGY4OC0zNDM2M2JjN2M0YzAiOnsiY3JlYXRlIjoxODAwMDAwMDAwMDAwLCJkZWxldGUiOjE4MDAwMDAwMDAwMDAsInJlYWQiOjMwMDAwMDAwMDAwMCwidXBkYXRlIjoxODAwMDAwMDAwMDAwfX0=",
          "dependencies": [
            "module.common.azurerm_log_analytics_workspace.log_aw",
            "module.common.azurerm_recovery_services_vault.recovery_services_vault",
            "module.common.azurerm_storage_account.storage_account",
            "module.network.azurerm_network_security_group.network_sg",
            "module.network.azurerm_subnet.virtual_network_subnet",
            "module.network.azurerm_subnet_network_security_group_association.subnet_nsg_association",
            "module.network.azurerm_virtual_network.virtual_network",
            "module.resource_group.azurerm_resource_group.resource_group",
            "module.vmwindows.azurerm_public_ip.vmwindows_public_ip"
          ]
        },
        {
          "index_key": "n01536074-vm2",
          "schema_version": 0,
          "attributes": {
            "applied_dns_servers": [],
            "dns_servers": [],
            "edge_zone": "",
            "enable_accelerated_networking": false,
            "enable_ip_forwarding": false,
            "id": "/subscriptions/e788dca7-dec8-4c32-8a60-e78008622e22/resourceGroups/n01536074-RG/providers/Microsoft.Network/networkInterfaces/n01536074-vm2-nic",
            "internal_dns_name_label": "",
            "internal_domain_name_suffix": "q0lvo3t2akaepdc4ef51rc5kvb.ux.internal.cloudapp.net",
            "ip_configuration": [
              {
                "gateway_load_balancer_frontend_ip_configuration_id": "",
                "name": "n01536074-vm2-nic",
                "primary": true,
                "private_ip_address": "10.0.0.5",
                "private_ip_address_allocation": "Dynamic",
                "private_ip_address_version": "IPv4",
                "public_ip_address_id": "/subscriptions/e788dca7-dec8-4c32-8a60-e78008622e22/resourceGroups/n01536074-RG/providers/Microsoft.Network/publicIPAddresses/n01536074-vm2-public-ip",
                "subnet_id": "/subscriptions/e788dca7-dec8-4c32-8a60-e78008622e22/resourceGroups/n01536074-RG/providers/Microsoft.Network/virtualNetworks/N01536074-VNET/subnets/N01536074-SUBNET"
              }
            ],
            "location": "canadacentral",
            "mac_address": "",
            "name": "n01536074-vm2-nic",
            "private_ip_address": "10.0.0.5",
            "private_ip_addresses": [
              "10.0.0.5"
            ],
            "resource_group_name": "n01536074-RG",
            "tags": {
              "Assignment": "CCGC 5502 Automation Assignment",
              "Environment": "Learning",
              "ExpirationDate": "2024-12-31",
              "Name": "niharika.bhatt"
            },
            "timeouts": null,
            "virtual_machine_id": ""
          },
          "sensitive_attributes": [],
          "private": "eyJlMmJmYjczMC1lY2FhLTExZTYtOGY4OC0zNDM2M2JjN2M0YzAiOnsiY3JlYXRlIjoxODAwMDAwMDAwMDAwLCJkZWxldGUiOjE4MDAwMDAwMDAwMDAsInJlYWQiOjMwMDAwMDAwMDAwMCwidXBkYXRlIjoxODAwMDAwMDAwMDAwfX0=",
          "dependencies": [
            "module.common.azurerm_log_analytics_workspace.log_aw",
            "module.common.azurerm_recovery_services_vault.recovery_services_vault",
            "module.common.azurerm_storage_account.storage_account",
            "module.network.azurerm_network_security_group.network_sg",
            "module.network.azurerm_subnet.virtual_network_subnet",
            "module.network.azurerm_subnet_network_security_group_association.subnet_nsg_association",
            "module.network.azurerm_virtual_network.virtual_network",
            "module.resource_group.azurerm_resource_group.resource_group",
            "module.vmwindows.azurerm_public_ip.vmwindows_public_ip"
          ]
        }
      ]
    },
    {
      "module": "module.vmwindows",
      "mode": "managed",
      "type": "azurerm_public_ip",
      "name": "vmwindows_public_ip",
      "provider": "provider[\"registry.terraform.io/hashicorp/azurerm\"]",
      "instances": [
        {
          "index_key": "n01536074-vm1",
          "schema_version": 0,
          "attributes": {
            "allocation_method": "Dynamic",
            "ddos_protection_mode": "VirtualNetworkInherited",
            "ddos_protection_plan_id": null,
            "domain_name_label": "automation-assignment1-n01536074-vm1",
            "edge_zone": "",
            "fqdn": "automation-assignment1-n01536074-vm1.canadacentral.cloudapp.azure.com",
            "id": "/subscriptions/e788dca7-dec8-4c32-8a60-e78008622e22/resourceGroups/n01536074-RG/providers/Microsoft.Network/publicIPAddresses/n01536074-vm1-public-ip",
            "idle_timeout_in_minutes": 4,
            "ip_address": "",
            "ip_tags": null,
            "ip_version": "IPv4",
            "location": "canadacentral",
            "name": "n01536074-vm1-public-ip",
            "public_ip_prefix_id": null,
            "resource_group_name": "n01536074-RG",
            "reverse_fqdn": "",
            "sku": "Basic",
            "sku_tier": "Regional",
            "tags": {
              "Assignment": "CCGC 5502 Automation Assignment",
              "Environment": "Learning",
              "ExpirationDate": "2024-12-31",
              "Name": "niharika.bhatt"
            },
            "timeouts": null,
            "zones": null
          },
          "sensitive_attributes": [],
          "private": "eyJlMmJmYjczMC1lY2FhLTExZTYtOGY4OC0zNDM2M2JjN2M0YzAiOnsiY3JlYXRlIjoxODAwMDAwMDAwMDAwLCJkZWxldGUiOjE4MDAwMDAwMDAwMDAsInJlYWQiOjMwMDAwMDAwMDAwMCwidXBkYXRlIjoxODAwMDAwMDAwMDAwfX0=",
          "dependencies": [
            "module.common.azurerm_log_analytics_workspace.log_aw",
            "module.common.azurerm_recovery_services_vault.recovery_services_vault",
            "module.common.azurerm_storage_account.storage_account",
            "module.network.azurerm_network_security_group.network_sg",
            "module.network.azurerm_subnet.virtual_network_subnet",
            "module.network.azurerm_subnet_network_security_group_association.subnet_nsg_association",
            "module.network.azurerm_virtual_network.virtual_network",
            "module.resource_group.azurerm_resource_group.resource_group"
          ]
        },
        {
          "index_key": "n01536074-vm2",
          "schema_version": 0,
          "attributes": {
            "allocation_method": "Dynamic",
            "ddos_protection_mode": "VirtualNetworkInherited",
            "ddos_protection_plan_id": null,
            "domain_name_label": "automation-assignment1-n01536074-vm2",
            "edge_zone": "",
            "fqdn": "automation-assignment1-n01536074-vm2.canadacentral.cloudapp.azure.com",
            "id": "/subscriptions/e788dca7-dec8-4c32-8a60-e78008622e22/resourceGroups/n01536074-RG/providers/Microsoft.Network/publicIPAddresses/n01536074-vm2-public-ip",
            "idle_timeout_in_minutes": 4,
            "ip_address": "",
            "ip_tags": null,
            "ip_version": "IPv4",
            "location": "canadacentral",
            "name": "n01536074-vm2-public-ip",
            "public_ip_prefix_id": null,
            "resource_group_name": "n01536074-RG",
            "reverse_fqdn": "",
            "sku": "Basic",
            "sku_tier": "Regional",
            "tags": {
              "Assignment": "CCGC 5502 Automation Assignment",
              "Environment": "Learning",
              "ExpirationDate": "2024-12-31",
              "Name": "niharika.bhatt"
            },
            "timeouts": null,
            "zones": null
          },
          "sensitive_attributes": [],
          "private": "eyJlMmJmYjczMC1lY2FhLTExZTYtOGY4OC0zNDM2M2JjN2M0YzAiOnsiY3JlYXRlIjoxODAwMDAwMDAwMDAwLCJkZWxldGUiOjE4MDAwMDAwMDAwMDAsInJlYWQiOjMwMDAwMDAwMDAwMCwidXBkYXRlIjoxODAwMDAwMDAwMDAwfX0=",
          "dependencies": [
            "module.common.azurerm_log_analytics_workspace.log_aw",
            "module.common.azurerm_recovery_services_vault.recovery_services_vault",
            "module.common.azurerm_storage_account.storage_account",
            "module.network.azurerm_network_security_group.network_sg",
            "module.network.azurerm_subnet.virtual_network_subnet",
            "module.network.azurerm_subnet_network_security_group_association.subnet_nsg_association",
            "module.network.azurerm_virtual_network.virtual_network",
            "module.resource_group.azurerm_resource_group.resource_group"
          ]
        }
      ]
    },
    {
      "module": "module.vmwindows",
      "mode": "managed",
      "type": "azurerm_virtual_machine_extension",
      "name": "windows_extension",
      "provider": "provider[\"registry.terraform.io/hashicorp/azurerm\"]",
      "instances": [
        {
          "index_key": "n01536074-vm1",
          "schema_version": 0,
          "attributes": {
            "auto_upgrade_minor_version": true,
            "automatic_upgrade_enabled": false,
            "failure_suppression_enabled": false,
            "id": "/subscriptions/e788dca7-dec8-4c32-8a60-e78008622e22/resourceGroups/n01536074-RG/providers/Microsoft.Compute/virtualMachines/n01536074-vm1/extensions/IaaSAntimalware",
            "name": "IaaSAntimalware",
            "protected_settings": null,
            "protected_settings_from_key_vault": [],
            "publisher": "Microsoft.Azure.Security",
            "settings": "{\"AntimalwareEnabled\":true,\"Exclusions\":{\"Extensions\":\"\",\"Paths\":\"\",\"Processes\":\"\"},\"RealtimeProtectionEnabled\":\"true\",\"ScheduledScanSettings\":{\"day\":\"1\",\"isEnabled\":\"true\",\"scanType\":\"Quick\",\"time\":\"120\"}}",
            "tags": null,
            "timeouts": null,
            "type": "IaaSAntimalware",
            "type_handler_version": "1.3",
            "virtual_machine_id": "/subscriptions/e788dca7-dec8-4c32-8a60-e78008622e22/resourceGroups/n01536074-RG/providers/Microsoft.Compute/virtualMachines/n01536074-vm1"
          },
          "sensitive_attributes": [],
          "private": "eyJlMmJmYjczMC1lY2FhLTExZTYtOGY4OC0zNDM2M2JjN2M0YzAiOnsiY3JlYXRlIjoxODAwMDAwMDAwMDAwLCJkZWxldGUiOjE4MDAwMDAwMDAwMDAsInJlYWQiOjMwMDAwMDAwMDAwMCwidXBkYXRlIjoxODAwMDAwMDAwMDAwfX0=",
          "dependencies": [
            "module.common.azurerm_log_analytics_workspace.log_aw",
            "module.common.azurerm_recovery_services_vault.recovery_services_vault",
            "module.common.azurerm_storage_account.storage_account",
            "module.network.azurerm_network_security_group.network_sg",
            "module.network.azurerm_subnet.virtual_network_subnet",
            "module.network.azurerm_subnet_network_security_group_association.subnet_nsg_association",
            "module.network.azurerm_virtual_network.virtual_network",
            "module.resource_group.azurerm_resource_group.resource_group",
            "module.vmwindows.azurerm_availability_set.win_availability_set",
            "module.vmwindows.azurerm_network_interface.windows_network_interface",
            "module.vmwindows.azurerm_public_ip.vmwindows_public_ip",
            "module.vmwindows.azurerm_windows_virtual_machine.vm_windows"
          ]
        },
        {
          "index_key": "n01536074-vm2",
          "schema_version": 0,
          "attributes": {
            "auto_upgrade_minor_version": true,
            "automatic_upgrade_enabled": false,
            "failure_suppression_enabled": false,
            "id": "/subscriptions/e788dca7-dec8-4c32-8a60-e78008622e22/resourceGroups/n01536074-RG/providers/Microsoft.Compute/virtualMachines/n01536074-vm2/extensions/IaaSAntimalware",
            "name": "IaaSAntimalware",
            "protected_settings": null,
            "protected_settings_from_key_vault": [],
            "publisher": "Microsoft.Azure.Security",
            "settings": "{\"AntimalwareEnabled\":true,\"Exclusions\":{\"Extensions\":\"\",\"Paths\":\"\",\"Processes\":\"\"},\"RealtimeProtectionEnabled\":\"true\",\"ScheduledScanSettings\":{\"day\":\"1\",\"isEnabled\":\"true\",\"scanType\":\"Quick\",\"time\":\"120\"}}",
            "tags": null,
            "timeouts": null,
            "type": "IaaSAntimalware",
            "type_handler_version": "1.3",
            "virtual_machine_id": "/subscriptions/e788dca7-dec8-4c32-8a60-e78008622e22/resourceGroups/n01536074-RG/providers/Microsoft.Compute/virtualMachines/n01536074-vm2"
          },
          "sensitive_attributes": [],
          "private": "eyJlMmJmYjczMC1lY2FhLTExZTYtOGY4OC0zNDM2M2JjN2M0YzAiOnsiY3JlYXRlIjoxODAwMDAwMDAwMDAwLCJkZWxldGUiOjE4MDAwMDAwMDAwMDAsInJlYWQiOjMwMDAwMDAwMDAwMCwidXBkYXRlIjoxODAwMDAwMDAwMDAwfX0=",
          "dependencies": [
            "module.common.azurerm_log_analytics_workspace.log_aw",
            "module.common.azurerm_recovery_services_vault.recovery_services_vault",
            "module.common.azurerm_storage_account.storage_account",
            "module.network.azurerm_network_security_group.network_sg",
            "module.network.azurerm_subnet.virtual_network_subnet",
            "module.network.azurerm_subnet_network_security_group_association.subnet_nsg_association",
            "module.network.azurerm_virtual_network.virtual_network",
            "module.resource_group.azurerm_resource_group.resource_group",
            "module.vmwindows.azurerm_availability_set.win_availability_set",
            "module.vmwindows.azurerm_network_interface.windows_network_interface",
            "module.vmwindows.azurerm_public_ip.vmwindows_public_ip",
            "module.vmwindows.azurerm_windows_virtual_machine.vm_windows"
          ]
        }
      ]
    },
    {
      "module": "module.vmwindows",
      "mode": "managed",
      "type": "azurerm_windows_virtual_machine",
      "name": "vm_windows",
      "provider": "provider[\"registry.terraform.io/hashicorp/azurerm\"]",
      "instances": [
        {
          "index_key": "n01536074-vm1",
          "schema_version": 0,
          "attributes": {
            "additional_capabilities": [],
            "additional_unattend_content": [],
            "admin_password": "Automation@123",
            "admin_username": "n01536074",
            "allow_extension_operations": true,
            "availability_set_id": "",
            "boot_diagnostics": [
              {
                "storage_account_uri": "https://n01536074sa.blob.core.windows.net/"
              }
            ],
            "capacity_reservation_group_id": "",
            "computer_name": "n01536074-vm1",
            "custom_data": null,
            "dedicated_host_group_id": "",
            "dedicated_host_id": "",
            "edge_zone": "",
            "enable_automatic_updates": true,
            "encryption_at_host_enabled": false,
            "eviction_policy": "",
            "extensions_time_budget": "PT1H30M",
            "gallery_application": [],
            "hotpatching_enabled": false,
            "id": "/subscriptions/e788dca7-dec8-4c32-8a60-e78008622e22/resourceGroups/n01536074-RG/providers/Microsoft.Compute/virtualMachines/n01536074-vm1",
            "identity": [],
            "license_type": "",
            "location": "canadacentral",
            "max_bid_price": -1,
            "name": "n01536074-vm1",
            "network_interface_ids": [
              "/subscriptions/e788dca7-dec8-4c32-8a60-e78008622e22/resourceGroups/n01536074-RG/providers/Microsoft.Network/networkInterfaces/n01536074-vm1-nic"
            ],
            "os_disk": [
              {
                "caching": "ReadWrite",
                "diff_disk_settings": [],
                "disk_encryption_set_id": "",
                "disk_size_gb": 128,
                "name": "n01536074-vm1",
                "secure_vm_disk_encryption_set_id": "",
                "security_encryption_type": "",
                "storage_account_type": "StandardSSD_LRS",
                "write_accelerator_enabled": false
              }
            ],
            "patch_assessment_mode": "ImageDefault",
            "patch_mode": "AutomaticByOS",
            "plan": [],
            "platform_fault_domain": -1,
            "priority": "Regular",
            "private_ip_address": "10.0.0.4",
            "private_ip_addresses": [
              "10.0.0.4"
            ],
            "provision_vm_agent": true,
            "proximity_placement_group_id": "",
            "public_ip_address": "20.104.120.208",
            "public_ip_addresses": [
              "20.104.120.208"
            ],
            "resource_group_name": "n01536074-RG",
            "secret": [],
            "secure_boot_enabled": false,
            "size": "Standard_B1s",
            "source_image_id": "",
            "source_image_reference": [
              {
                "offer": "WindowsServer",
                "publisher": "MicrosoftWindowsServer",
                "sku": "2016-Datacenter",
                "version": "latest"
              }
            ],
            "tags": {
              "Assignment": "CCGC 5502 Automation Assignment",
              "Environment": "Learning",
              "ExpirationDate": "2024-12-31",
              "Name": "niharika.bhatt"
            },
            "termination_notification": null,
            "timeouts": null,
            "timezone": "",
            "user_data": "",
            "virtual_machine_id": "8212263c-e6cc-4973-8045-0c2c5aa9bc59",
            "virtual_machine_scale_set_id": "",
            "vtpm_enabled": false,
            "winrm_listener": [
              {
                "certificate_url": "",
                "protocol": "Http"
              }
            ],
            "zone": ""
          },
          "sensitive_attributes": [],
          "private": "eyJlMmJmYjczMC1lY2FhLTExZTYtOGY4OC0zNDM2M2JjN2M0YzAiOnsiY3JlYXRlIjoyNzAwMDAwMDAwMDAwLCJkZWxldGUiOjI3MDAwMDAwMDAwMDAsInJlYWQiOjMwMDAwMDAwMDAwMCwidXBkYXRlIjoyNzAwMDAwMDAwMDAwfX0=",
          "dependencies": [
            "module.common.azurerm_log_analytics_workspace.log_aw",
            "module.common.azurerm_recovery_services_vault.recovery_services_vault",
            "module.common.azurerm_storage_account.storage_account",
            "module.network.azurerm_network_security_group.network_sg",
            "module.network.azurerm_subnet.virtual_network_subnet",
            "module.network.azurerm_subnet_network_security_group_association.subnet_nsg_association",
            "module.network.azurerm_virtual_network.virtual_network",
            "module.resource_group.azurerm_resource_group.resource_group",
            "module.vmwindows.azurerm_availability_set.win_availability_set",
            "module.vmwindows.azurerm_network_interface.windows_network_interface",
            "module.vmwindows.azurerm_public_ip.vmwindows_public_ip"
          ]
        },
        {
          "index_key": "n01536074-vm2",
          "schema_version": 0,
          "attributes": {
            "additional_capabilities": [],
            "additional_unattend_content": [],
            "admin_password": "Automation@123",
            "admin_username": "n01536074",
            "allow_extension_operations": true,
            "availability_set_id": "",
            "boot_diagnostics": [
              {
                "storage_account_uri": "https://n01536074sa.blob.core.windows.net/"
              }
            ],
            "capacity_reservation_group_id": "",
            "computer_name": "n01536074-vm2",
            "custom_data": null,
            "dedicated_host_group_id": "",
            "dedicated_host_id": "",
            "edge_zone": "",
            "enable_automatic_updates": true,
            "encryption_at_host_enabled": false,
            "eviction_policy": "",
            "extensions_time_budget": "PT1H30M",
            "gallery_application": [],
            "hotpatching_enabled": false,
            "id": "/subscriptions/e788dca7-dec8-4c32-8a60-e78008622e22/resourceGroups/n01536074-RG/providers/Microsoft.Compute/virtualMachines/n01536074-vm2",
            "identity": [],
            "license_type": "",
            "location": "canadacentral",
            "max_bid_price": -1,
            "name": "n01536074-vm2",
            "network_interface_ids": [
              "/subscriptions/e788dca7-dec8-4c32-8a60-e78008622e22/resourceGroups/n01536074-RG/providers/Microsoft.Network/networkInterfaces/n01536074-vm2-nic"
            ],
            "os_disk": [
              {
                "caching": "ReadWrite",
                "diff_disk_settings": [],
                "disk_encryption_set_id": "",
                "disk_size_gb": 128,
                "name": "n01536074-vm2",
                "secure_vm_disk_encryption_set_id": "",
                "security_encryption_type": "",
                "storage_account_type": "StandardSSD_LRS",
                "write_accelerator_enabled": false
              }
            ],
            "patch_assessment_mode": "ImageDefault",
            "patch_mode": "AutomaticByOS",
            "plan": [],
            "platform_fault_domain": -1,
            "priority": "Regular",
            "private_ip_address": "10.0.0.5",
            "private_ip_addresses": [
              "10.0.0.5"
            ],
            "provision_vm_agent": true,
            "proximity_placement_group_id": "",
            "public_ip_address": "20.151.175.226",
            "public_ip_addresses": [
              "20.151.175.226"
            ],
            "resource_group_name": "n01536074-RG",
            "secret": [],
            "secure_boot_enabled": false,
            "size": "Standard_B1ms",
            "source_image_id": "",
            "source_image_reference": [
              {
                "offer": "WindowsServer",
                "publisher": "MicrosoftWindowsServer",
                "sku": "2016-Datacenter",
                "version": "latest"
              }
            ],
            "tags": {
              "Assignment": "CCGC 5502 Automation Assignment",
              "Environment": "Learning",
              "ExpirationDate": "2024-12-31",
              "Name": "niharika.bhatt"
            },
            "termination_notification": null,
            "timeouts": null,
            "timezone": "",
            "user_data": "",
            "virtual_machine_id": "9ee98133-4a0e-44a6-b639-3a6292315250",
            "virtual_machine_scale_set_id": "",
            "vtpm_enabled": false,
            "winrm_listener": [
              {
                "certificate_url": "",
                "protocol": "Http"
              }
            ],
            "zone": ""
          },
          "sensitive_attributes": [],
          "private": "eyJlMmJmYjczMC1lY2FhLTExZTYtOGY4OC0zNDM2M2JjN2M0YzAiOnsiY3JlYXRlIjoyNzAwMDAwMDAwMDAwLCJkZWxldGUiOjI3MDAwMDAwMDAwMDAsInJlYWQiOjMwMDAwMDAwMDAwMCwidXBkYXRlIjoyNzAwMDAwMDAwMDAwfX0=",
          "dependencies": [
            "module.common.azurerm_log_analytics_workspace.log_aw",
            "module.common.azurerm_recovery_services_vault.recovery_services_vault",
            "module.common.azurerm_storage_account.storage_account",
            "module.network.azurerm_network_security_group.network_sg",
            "module.network.azurerm_subnet.virtual_network_subnet",
            "module.network.azurerm_subnet_network_security_group_association.subnet_nsg_association",
            "module.network.azurerm_virtual_network.virtual_network",
            "module.resource_group.azurerm_resource_group.resource_group",
            "module.vmwindows.azurerm_availability_set.win_availability_set",
            "module.vmwindows.azurerm_network_interface.windows_network_interface",
            "module.vmwindows.azurerm_public_ip.vmwindows_public_ip"
          ]
        }
      ]
    }
  ],
  "check_results": null
}
