{
  "version": 4,
  "terraform_version": "1.4.6",
  "serial": 51,
  "lineage": "df2cfad7-254e-7721-3c8a-f7d7b08bddb2",
  "outputs": {
    "db_name": {
      "value": "posqlserver6074",
      "type": "string"
    },
    "linux_public_ip": {
      "value": [
        "4.205.105.15",
        "4.205.105.14",
        "4.205.104.231"
      ],
      "type": [
        "tuple",
        [
          "string",
          "string",
          "string"
        ]
      ]
    },
    "linux_vm": {
      "value": [
        [
          "vmlinux-n015949111",
          "vmlinux-n015949112",
          "vmlinux-n015949113"
        ]
      ],
      "type": [
        "tuple",
        [
          [
            "tuple",
            [
              "string",
              "string",
              "string"
            ]
          ]
        ]
      ]
    },
    "linux_vm_hostname": {
      "value": [
        "vmlinux-n015949111",
        "vmlinux-n015949112",
        "vmlinux-n015949113"
      ],
      "type": [
        "tuple",
        [
          "string",
          "string",
          "string"
        ]
      ]
    },
    "linux_vm_private_ip": {
      "value": [
        [
          "10.0.0.8",
          "10.0.0.4",
          "10.0.0.6"
        ]
      ],
      "type": [
        "tuple",
        [
          [
            "tuple",
            [
              "string",
              "string",
              "string"
            ]
          ]
        ]
      ]
    },
    "log_analytics_workspace_name": {
      "value": "LogAnalyticsWorkspace",
      "type": "string"
    },
    "resource_group_location": {
      "value": "canadacentral",
      "type": "string"
    },
    "resource_group_name": {
      "value": "n01594911-RG",
      "type": "string"
    },
    "rsv_name": {
      "value": "my-recovery-service-vault",
      "type": "string"
    },
    "storage_acc_name": {
      "value": "n01594911sa",
      "type": "string"
    },
    "virtual_network_address_space": {
      "value": [
        "10.0.0.0/16"
      ],
      "type": [
        "list",
        "string"
      ]
    },
    "virtual_network_name": {
      "value": "n01594911-VNET",
      "type": "string"
    },
    "virtual_network_sg_name": {
      "value": "n01594911-NSG",
      "type": "string"
    },
    "virtual_network_subnet_name": {
      "value": "n01594911-SUBNET",
      "type": "string"
    },
    "windows_private_ip": {
      "value": [
        [
          "10.0.0.7",
          "10.0.0.5"
        ]
      ],
      "type": [
        "tuple",
        [
          [
            "tuple",
            [
              "string",
              "string"
            ]
          ]
        ]
      ]
    },
    "windows_public_ip": {
      "value": [
        [
          "20.220.150.158",
          "4.205.104.222"
        ]
      ],
      "type": [
        "tuple",
        [
          [
            "tuple",
            [
              "string",
              "string"
            ]
          ]
        ]
      ]
    },
    "windows_vm_hostname": {
      "value": [
        [
          "n01594911-vm1",
          "n01594911-vm2"
        ]
      ],
      "type": [
        "tuple",
        [
          [
            "tuple",
            [
              "string",
              "string"
            ]
          ]
        ]
      ]
    }
  },
  "resources": [
    {
      "module": "module.common",
      "mode": "managed",
      "type": "azurerm_log_analytics_workspace",
      "name": "log_analytics_workspace",
      "provider": "provider[\"registry.terraform.io/hashicorp/azurerm\"]",
      "instances": [
        {
          "schema_version": 3,
          "attributes": {
            "allow_resource_only_permissions": true,
            "cmk_for_query_forced": false,
            "daily_quota_gb": -1,
            "id": "/subscriptions/43cac67b-c2a7-4907-b8de-07b7cbc98827/resourceGroups/n01594911-RG/providers/Microsoft.OperationalInsights/workspaces/LogAnalyticsWorkspace",
            "internet_ingestion_enabled": true,
            "internet_query_enabled": true,
            "local_authentication_disabled": false,
            "location": "canadacentral",
            "name": "LogAnalyticsWorkspace",
            "primary_shared_key": "WzIHU8LF33fRI4u2ZwuO84zTJoAEZGIbI7/DrqHxFOoVr0WD8B5tmXupwOcalBVDGWHjA7U5wx1MbgxZWNYuKA==",
            "reservation_capacity_in_gb_per_day": null,
            "resource_group_name": "n01594911-RG",
            "retention_in_days": 30,
            "secondary_shared_key": "OtpDChAyu+Ydyz//O5OtGtB4xgfqoUQOzr3c/pSEIeJYb9HFy2ET9uVb8CgC/LZ+YE48LlzJjKkxjSPy0RL1jg==",
            "sku": "PerGB2018",
            "tags": {
              "Assignment": "CCGC 5502 Automation Assignment",
              "Environment": "Learning",
              "ExpirationDate": "2024-12-31",
              "Name": "mohammed.hossain"
            },
            "timeouts": null,
            "workspace_id": "9f95bafe-b24f-492e-b14d-b9a18ab94dd1"
          },
          "sensitive_attributes": [],
          "private": "eyJlMmJmYjczMC1lY2FhLTExZTYtOGY4OC0zNDM2M2JjN2M0YzAiOnsiY3JlYXRlIjoxODAwMDAwMDAwMDAwLCJkZWxldGUiOjE4MDAwMDAwMDAwMDAsInJlYWQiOjMwMDAwMDAwMDAwMCwidXBkYXRlIjoxODAwMDAwMDAwMDAwfSwic2NoZW1hX3ZlcnNpb24iOiIzIn0=",
          "dependencies": [
            "module.rgroup.azurerm_resource_group.rgroup"
          ]
        }
      ]
    },
    {
      "module": "module.common",
      "mode": "managed",
      "type": "azurerm_recovery_services_vault",
      "name": "rsv",
      "provider": "provider[\"registry.terraform.io/hashicorp/azurerm\"]",
      "instances": [
        {
          "schema_version": 0,
          "attributes": {
            "classic_vmware_replication_enabled": null,
            "cross_region_restore_enabled": false,
            "encryption": [],
            "id": "/subscriptions/43cac67b-c2a7-4907-b8de-07b7cbc98827/resourceGroups/n01594911-RG/providers/Microsoft.RecoveryServices/vaults/my-recovery-service-vault",
            "identity": [],
            "immutability": null,
            "location": "canadacentral",
            "monitoring": [],
            "name": "my-recovery-service-vault",
            "public_network_access_enabled": true,
            "resource_group_name": "n01594911-RG",
            "sku": "Standard",
            "soft_delete_enabled": true,
            "storage_mode_type": "GeoRedundant",
            "tags": null,
            "timeouts": null
          },
          "sensitive_attributes": [],
          "private": "eyJlMmJmYjczMC1lY2FhLTExZTYtOGY4OC0zNDM2M2JjN2M0YzAiOnsiY3JlYXRlIjo3MjAwMDAwMDAwMDAwLCJkZWxldGUiOjE4MDAwMDAwMDAwMDAsInJlYWQiOjMwMDAwMDAwMDAwMCwidXBkYXRlIjozNjAwMDAwMDAwMDAwfX0=",
          "dependencies": [
            "module.rgroup.azurerm_resource_group.rgroup"
          ]
        }
      ]
    },
    {
      "module": "module.common",
      "mode": "managed",
      "type": "azurerm_storage_account",
      "name": "st_acc",
      "provider": "provider[\"registry.terraform.io/hashicorp/azurerm\"]",
      "instances": [
        {
          "schema_version": 4,
          "attributes": {
            "access_tier": "Hot",
            "account_kind": "StorageV2",
            "account_replication_type": "LRS",
            "account_tier": "Standard",
            "allow_nested_items_to_be_public": true,
            "allowed_copy_scope": "",
            "azure_files_authentication": [],
            "blob_properties": [
              {
                "change_feed_enabled": false,
                "change_feed_retention_in_days": 0,
                "container_delete_retention_policy": [],
                "cors_rule": [],
                "default_service_version": "",
                "delete_retention_policy": [],
                "last_access_time_enabled": false,
                "restore_policy": [],
                "versioning_enabled": false
              }
            ],
            "cross_tenant_replication_enabled": true,
            "custom_domain": [],
            "customer_managed_key": [],
            "default_to_oauth_authentication": false,
            "edge_zone": "",
            "enable_https_traffic_only": true,
            "id": "/subscriptions/43cac67b-c2a7-4907-b8de-07b7cbc98827/resourceGroups/n01594911-RG/providers/Microsoft.Storage/storageAccounts/n01594911sa",
            "identity": [],
            "immutability_policy": [],
            "infrastructure_encryption_enabled": false,
            "is_hns_enabled": false,
            "large_file_share_enabled": null,
            "location": "canadacentral",
            "min_tls_version": "TLS1_2",
            "name": "n01594911sa",
            "network_rules": [
              {
                "bypass": [
                  "AzureServices"
                ],
                "default_action": "Allow",
                "ip_rules": [],
                "private_link_access": [],
                "virtual_network_subnet_ids": []
              }
            ],
            "nfsv3_enabled": false,
            "primary_access_key": "xEUgJL7nDFcAgR/6cUNC8XwhoyXpW7mF6os/MyHQx0WEJBuP7dpTyh03T4h3aNeoHCwRlhkxps4e+AStTCuqJw==",
            "primary_blob_connection_string": "DefaultEndpointsProtocol=https;BlobEndpoint=https://n01594911sa.blob.core.windows.net/;AccountName=n01594911sa;AccountKey=xEUgJL7nDFcAgR/6cUNC8XwhoyXpW7mF6os/MyHQx0WEJBuP7dpTyh03T4h3aNeoHCwRlhkxps4e+AStTCuqJw==",
            "primary_blob_endpoint": "https://n01594911sa.blob.core.windows.net/",
            "primary_blob_host": "n01594911sa.blob.core.windows.net",
            "primary_connection_string": "DefaultEndpointsProtocol=https;AccountName=n01594911sa;AccountKey=xEUgJL7nDFcAgR/6cUNC8XwhoyXpW7mF6os/MyHQx0WEJBuP7dpTyh03T4h3aNeoHCwRlhkxps4e+AStTCuqJw==;EndpointSuffix=core.windows.net",
            "primary_dfs_endpoint": "https://n01594911sa.dfs.core.windows.net/",
            "primary_dfs_host": "n01594911sa.dfs.core.windows.net",
            "primary_file_endpoint": "https://n01594911sa.file.core.windows.net/",
            "primary_file_host": "n01594911sa.file.core.windows.net",
            "primary_location": "canadacentral",
            "primary_queue_endpoint": "https://n01594911sa.queue.core.windows.net/",
            "primary_queue_host": "n01594911sa.queue.core.windows.net",
            "primary_table_endpoint": "https://n01594911sa.table.core.windows.net/",
            "primary_table_host": "n01594911sa.table.core.windows.net",
            "primary_web_endpoint": "https://n01594911sa.z9.web.core.windows.net/",
            "primary_web_host": "n01594911sa.z9.web.core.windows.net",
            "public_network_access_enabled": true,
            "queue_encryption_key_type": "Service",
            "queue_properties": [
              {
                "cors_rule": [],
                "hour_metrics": [
                  {
                    "enabled": true,
                    "include_apis": true,
                    "retention_policy_days": 7,
                    "version": "1.0"
                  }
                ],
                "logging": [
                  {
                    "delete": false,
                    "read": false,
                    "retention_policy_days": 0,
                    "version": "1.0",
                    "write": false
                  }
                ],
                "minute_metrics": [
                  {
                    "enabled": false,
                    "include_apis": false,
                    "retention_policy_days": 0,
                    "version": "1.0"
                  }
                ]
              }
            ],
            "resource_group_name": "n01594911-RG",
            "routing": [],
            "sas_policy": [],
            "secondary_access_key": "Kc5PfEThZxKu6W57YWtCN8RBtqLoaziZwIlFVuzL73yN9+3xFRrKWnHfWOCzY88U+pdwYq68Ycv5+AStlSZGIg==",
            "secondary_blob_connection_string": "",
            "secondary_blob_endpoint": null,
            "secondary_blob_host": null,
            "secondary_connection_string": "DefaultEndpointsProtocol=https;AccountName=n01594911sa;AccountKey=Kc5PfEThZxKu6W57YWtCN8RBtqLoaziZwIlFVuzL73yN9+3xFRrKWnHfWOCzY88U+pdwYq68Ycv5+AStlSZGIg==;EndpointSuffix=core.windows.net",
            "secondary_dfs_endpoint": null,
            "secondary_dfs_host": null,
            "secondary_file_endpoint": null,
            "secondary_file_host": null,
            "secondary_location": "",
            "secondary_queue_endpoint": null,
            "secondary_queue_host": null,
            "secondary_table_endpoint": null,
            "secondary_table_host": null,
            "secondary_web_endpoint": null,
            "secondary_web_host": null,
            "sftp_enabled": false,
            "share_properties": [
              {
                "cors_rule": [],
                "retention_policy": [
                  {
                    "days": 7
                  }
                ],
                "smb": []
              }
            ],
            "shared_access_key_enabled": true,
            "static_website": [],
            "table_encryption_key_type": "Service",
            "tags": null,
            "timeouts": null
          },
          "sensitive_attributes": [],
          "private": "eyJlMmJmYjczMC1lY2FhLTExZTYtOGY4OC0zNDM2M2JjN2M0YzAiOnsiY3JlYXRlIjozNjAwMDAwMDAwMDAwLCJkZWxldGUiOjM2MDAwMDAwMDAwMDAsInJlYWQiOjMwMDAwMDAwMDAwMCwidXBkYXRlIjozNjAwMDAwMDAwMDAwfSwic2NoZW1hX3ZlcnNpb24iOiI0In0=",
          "dependencies": [
            "module.rgroup.azurerm_resource_group.rgroup"
          ]
        }
      ]
    },
    {
      "module": "module.database",
      "mode": "managed",
      "type": "azurerm_postgresql_server",
      "name": "sql_server",
      "provider": "provider[\"registry.terraform.io/hashicorp/azurerm\"]",
      "instances": [
        {
          "schema_version": 1,
          "attributes": {
            "administrator_login": "posqladmin",
            "administrator_login_password": "Amin@123",
            "auto_grow_enabled": true,
            "backup_retention_days": 7,
            "create_mode": "Default",
            "creation_source_server_id": null,
            "fqdn": "posqlserver6074.postgres.database.azure.com",
            "geo_redundant_backup_enabled": false,
            "id": "/subscriptions/43cac67b-c2a7-4907-b8de-07b7cbc98827/resourceGroups/n01594911-RG/providers/Microsoft.DBforPostgreSQL/servers/posqlserver6074",
            "identity": [],
            "infrastructure_encryption_enabled": false,
            "location": "canadacentral",
            "name": "posqlserver6074",
            "public_network_access_enabled": true,
            "resource_group_name": "n01594911-RG",
            "restore_point_in_time": null,
            "sku_name": "B_Gen5_2",
            "ssl_enforcement_enabled": true,
            "ssl_minimal_tls_version_enforced": "TLS1_2",
            "storage_mb": 5120,
            "tags": {
              "Assignment": "CCGC 5502 Automation Assignment",
              "Environment": "Learning",
              "ExpirationDate": "2024-12-31",
              "Name": "mohammed.hossain"
            },
            "threat_detection_policy": [],
            "timeouts": null,
            "version": "9.5"
          },
          "sensitive_attributes": [],
          "private": "eyJlMmJmYjczMC1lY2FhLTExZTYtOGY4OC0zNDM2M2JjN2M0YzAiOnsiY3JlYXRlIjozNjAwMDAwMDAwMDAwLCJkZWxldGUiOjM2MDAwMDAwMDAwMDAsInJlYWQiOjMwMDAwMDAwMDAwMCwidXBkYXRlIjozNjAwMDAwMDAwMDAwfSwic2NoZW1hX3ZlcnNpb24iOiIxIn0=",
          "dependencies": [
            "module.rgroup.azurerm_resource_group.rgroup"
          ]
        }
      ]
    },
    {
      "module": "module.datadisk",
      "mode": "managed",
      "type": "azurerm_managed_disk",
      "name": "linux_data_disk",
      "provider": "provider[\"registry.terraform.io/hashicorp/azurerm\"]",
      "instances": [
        {
          "index_key": 0,
          "schema_version": 1,
          "attributes": {
            "create_option": "Empty",
            "disk_access_id": "",
            "disk_encryption_set_id": "",
            "disk_iops_read_only": 0,
            "disk_iops_read_write": 500,
            "disk_mbps_read_only": 0,
            "disk_mbps_read_write": 60,
            "disk_size_gb": 10,
            "edge_zone": "",
            "encryption_settings": [],
            "gallery_image_reference_id": "",
            "hyper_v_generation": "",
            "id": "/subscriptions/43cac67b-c2a7-4907-b8de-07b7cbc98827/resourceGroups/n01594911-RG/providers/Microsoft.Compute/disks/vmlinux-n015949111-data-disk1",
            "image_reference_id": "",
            "location": "canadacentral",
            "logical_sector_size": null,
            "max_shares": 0,
            "name": "vmlinux-n015949111-data-disk1",
            "network_access_policy": null,
            "on_demand_bursting_enabled": false,
            "os_type": "",
            "public_network_access_enabled": true,
            "resource_group_name": "n01594911-RG",
            "secure_vm_disk_encryption_set_id": "",
            "security_type": "",
            "source_resource_id": "",
            "source_uri": "",
            "storage_account_id": "",
            "storage_account_type": "Standard_LRS",
            "tags": {
              "Assignment": "CCGC 5502 Automation Assignment",
              "Environment": "Learning",
              "ExpirationDate": "2024-12-31",
              "Name": "mohammed.hossain"
            },
            "tier": "",
            "timeouts": null,
            "trusted_launch_enabled": false,
            "upload_size_bytes": 0,
            "zone": ""
          },
          "sensitive_attributes": [],
          "private": "eyJlMmJmYjczMC1lY2FhLTExZTYtOGY4OC0zNDM2M2JjN2M0YzAiOnsiY3JlYXRlIjoxODAwMDAwMDAwMDAwLCJkZWxldGUiOjE4MDAwMDAwMDAwMDAsInJlYWQiOjMwMDAwMDAwMDAwMCwidXBkYXRlIjoxODAwMDAwMDAwMDAwfSwic2NoZW1hX3ZlcnNpb24iOiIxIn0=",
          "dependencies": [
            "module.common.azurerm_log_analytics_workspace.log_analytics_workspace",
            "module.common.azurerm_recovery_services_vault.rsv",
            "module.common.azurerm_storage_account.st_acc",
            "module.linux.azurerm_availability_set.linux_avs",
            "module.linux.azurerm_linux_virtual_machine.vm_linux",
            "module.linux.azurerm_network_interface.linux_vm_network_interface",
            "module.linux.azurerm_public_ip.linux_public_ip",
            "module.linux.azurerm_virtual_machine_extension.azure_monitor",
            "module.linux.azurerm_virtual_machine_extension.linux_vm_network_watcher",
            "module.linux.null_resource.linux_provisioner",
            "module.network.azurerm_network_security_group.nsg",
            "module.network.azurerm_subnet.vnet_subnet",
            "module.network.azurerm_subnet_network_security_group_association.nsg_association",
            "module.network.azurerm_virtual_network.vnet",
            "module.rgroup.azurerm_resource_group.rgroup",
            "module.windows.azurerm_availability_set.win_vm_avs",
            "module.windows.azurerm_network_interface.win_network_interface",
            "module.windows.azurerm_public_ip.win_public_ip",
            "module.windows.azurerm_virtual_machine_extension.win_vm_extension",
            "module.windows.azurerm_windows_virtual_machine.windows_vm"
          ]
        },
        {
          "index_key": 1,
          "schema_version": 1,
          "attributes": {
            "create_option": "Empty",
            "disk_access_id": "",
            "disk_encryption_set_id": "",
            "disk_iops_read_only": 0,
            "disk_iops_read_write": 500,
            "disk_mbps_read_only": 0,
            "disk_mbps_read_write": 60,
            "disk_size_gb": 10,
            "edge_zone": "",
            "encryption_settings": [],
            "gallery_image_reference_id": "",
            "hyper_v_generation": "",
            "id": "/subscriptions/43cac67b-c2a7-4907-b8de-07b7cbc98827/resourceGroups/n01594911-RG/providers/Microsoft.Compute/disks/vmlinux-n015949111-data-disk2",
            "image_reference_id": "",
            "location": "canadacentral",
            "logical_sector_size": null,
            "max_shares": 0,
            "name": "vmlinux-n015949111-data-disk2",
            "network_access_policy": null,
            "on_demand_bursting_enabled": false,
            "os_type": "",
            "public_network_access_enabled": true,
            "resource_group_name": "n01594911-RG",
            "secure_vm_disk_encryption_set_id": "",
            "security_type": "",
            "source_resource_id": "",
            "source_uri": "",
            "storage_account_id": "",
            "storage_account_type": "Standard_LRS",
            "tags": {
              "Assignment": "CCGC 5502 Automation Assignment",
              "Environment": "Learning",
              "ExpirationDate": "2024-12-31",
              "Name": "mohammed.hossain"
            },
            "tier": "",
            "timeouts": null,
            "trusted_launch_enabled": false,
            "upload_size_bytes": 0,
            "zone": ""
          },
          "sensitive_attributes": [],
          "private": "eyJlMmJmYjczMC1lY2FhLTExZTYtOGY4OC0zNDM2M2JjN2M0YzAiOnsiY3JlYXRlIjoxODAwMDAwMDAwMDAwLCJkZWxldGUiOjE4MDAwMDAwMDAwMDAsInJlYWQiOjMwMDAwMDAwMDAwMCwidXBkYXRlIjoxODAwMDAwMDAwMDAwfSwic2NoZW1hX3ZlcnNpb24iOiIxIn0=",
          "dependencies": [
            "module.common.azurerm_log_analytics_workspace.log_analytics_workspace",
            "module.common.azurerm_recovery_services_vault.rsv",
            "module.common.azurerm_storage_account.st_acc",
            "module.linux.azurerm_availability_set.linux_avs",
            "module.linux.azurerm_linux_virtual_machine.vm_linux",
            "module.linux.azurerm_network_interface.linux_vm_network_interface",
            "module.linux.azurerm_public_ip.linux_public_ip",
            "module.linux.azurerm_virtual_machine_extension.azure_monitor",
            "module.linux.azurerm_virtual_machine_extension.linux_vm_network_watcher",
            "module.linux.null_resource.linux_provisioner",
            "module.network.azurerm_network_security_group.nsg",
            "module.network.azurerm_subnet.vnet_subnet",
            "module.network.azurerm_subnet_network_security_group_association.nsg_association",
            "module.network.azurerm_virtual_network.vnet",
            "module.rgroup.azurerm_resource_group.rgroup",
            "module.windows.azurerm_availability_set.win_vm_avs",
            "module.windows.azurerm_network_interface.win_network_interface",
            "module.windows.azurerm_public_ip.win_public_ip",
            "module.windows.azurerm_virtual_machine_extension.win_vm_extension",
            "module.windows.azurerm_windows_virtual_machine.windows_vm"
          ]
        },
        {
          "index_key": 2,
          "schema_version": 1,
          "attributes": {
            "create_option": "Empty",
            "disk_access_id": "",
            "disk_encryption_set_id": "",
            "disk_iops_read_only": 0,
            "disk_iops_read_write": 500,
            "disk_mbps_read_only": 0,
            "disk_mbps_read_write": 60,
            "disk_size_gb": 10,
            "edge_zone": "",
            "encryption_settings": [],
            "gallery_image_reference_id": "",
            "hyper_v_generation": "",
            "id": "/subscriptions/43cac67b-c2a7-4907-b8de-07b7cbc98827/resourceGroups/n01594911-RG/providers/Microsoft.Compute/disks/vmlinux-n015949111-data-disk3",
            "image_reference_id": "",
            "location": "canadacentral",
            "logical_sector_size": null,
            "max_shares": 0,
            "name": "vmlinux-n015949111-data-disk3",
            "network_access_policy": null,
            "on_demand_bursting_enabled": false,
            "os_type": "",
            "public_network_access_enabled": true,
            "resource_group_name": "n01594911-RG",
            "secure_vm_disk_encryption_set_id": "",
            "security_type": "",
            "source_resource_id": "",
            "source_uri": "",
            "storage_account_id": "",
            "storage_account_type": "Standard_LRS",
            "tags": {
              "Assignment": "CCGC 5502 Automation Assignment",
              "Environment": "Learning",
              "ExpirationDate": "2024-12-31",
              "Name": "mohammed.hossain"
            },
            "tier": "",
            "timeouts": null,
            "trusted_launch_enabled": false,
            "upload_size_bytes": 0,
            "zone": ""
          },
          "sensitive_attributes": [],
          "private": "eyJlMmJmYjczMC1lY2FhLTExZTYtOGY4OC0zNDM2M2JjN2M0YzAiOnsiY3JlYXRlIjoxODAwMDAwMDAwMDAwLCJkZWxldGUiOjE4MDAwMDAwMDAwMDAsInJlYWQiOjMwMDAwMDAwMDAwMCwidXBkYXRlIjoxODAwMDAwMDAwMDAwfSwic2NoZW1hX3ZlcnNpb24iOiIxIn0=",
          "dependencies": [
            "module.common.azurerm_log_analytics_workspace.log_analytics_workspace",
            "module.common.azurerm_recovery_services_vault.rsv",
            "module.common.azurerm_storage_account.st_acc",
            "module.linux.azurerm_availability_set.linux_avs",
            "module.linux.azurerm_linux_virtual_machine.vm_linux",
            "module.linux.azurerm_network_interface.linux_vm_network_interface",
            "module.linux.azurerm_public_ip.linux_public_ip",
            "module.linux.azurerm_virtual_machine_extension.azure_monitor",
            "module.linux.azurerm_virtual_machine_extension.linux_vm_network_watcher",
            "module.linux.null_resource.linux_provisioner",
            "module.network.azurerm_network_security_group.nsg",
            "module.network.azurerm_subnet.vnet_subnet",
            "module.network.azurerm_subnet_network_security_group_association.nsg_association",
            "module.network.azurerm_virtual_network.vnet",
            "module.rgroup.azurerm_resource_group.rgroup",
            "module.windows.azurerm_availability_set.win_vm_avs",
            "module.windows.azurerm_network_interface.win_network_interface",
            "module.windows.azurerm_public_ip.win_public_ip",
            "module.windows.azurerm_virtual_machine_extension.win_vm_extension",
            "module.windows.azurerm_windows_virtual_machine.windows_vm"
          ]
        }
      ]
    },
    {
      "module": "module.datadisk",
      "mode": "managed",
      "type": "azurerm_managed_disk",
      "name": "windows_data_disk",
      "provider": "provider[\"registry.terraform.io/hashicorp/azurerm\"]",
      "instances": [
        {
          "index_key": 0,
          "schema_version": 1,
          "attributes": {
            "create_option": "Empty",
            "disk_access_id": "",
            "disk_encryption_set_id": "",
            "disk_iops_read_only": 0,
            "disk_iops_read_write": 500,
            "disk_mbps_read_only": 0,
            "disk_mbps_read_write": 60,
            "disk_size_gb": 10,
            "edge_zone": "",
            "encryption_settings": [],
            "gallery_image_reference_id": "",
            "hyper_v_generation": "",
            "id": "/subscriptions/43cac67b-c2a7-4907-b8de-07b7cbc98827/resourceGroups/n01594911-RG/providers/Microsoft.Compute/disks/n01594911-vm1-data-disk1",
            "image_reference_id": "",
            "location": "canadacentral",
            "logical_sector_size": null,
            "max_shares": 0,
            "name": "n01594911-vm1-data-disk1",
            "network_access_policy": null,
            "on_demand_bursting_enabled": false,
            "os_type": "",
            "public_network_access_enabled": true,
            "resource_group_name": "n01594911-RG",
            "secure_vm_disk_encryption_set_id": "",
            "security_type": "",
            "source_resource_id": "",
            "source_uri": "",
            "storage_account_id": "",
            "storage_account_type": "Standard_LRS",
            "tags": {
              "Assignment": "CCGC 5502 Automation Assignment",
              "Environment": "Learning",
              "ExpirationDate": "2024-12-31",
              "Name": "mohammed.hossain"
            },
            "tier": "",
            "timeouts": null,
            "trusted_launch_enabled": false,
            "upload_size_bytes": 0,
            "zone": ""
          },
          "sensitive_attributes": [],
          "private": "eyJlMmJmYjczMC1lY2FhLTExZTYtOGY4OC0zNDM2M2JjN2M0YzAiOnsiY3JlYXRlIjoxODAwMDAwMDAwMDAwLCJkZWxldGUiOjE4MDAwMDAwMDAwMDAsInJlYWQiOjMwMDAwMDAwMDAwMCwidXBkYXRlIjoxODAwMDAwMDAwMDAwfSwic2NoZW1hX3ZlcnNpb24iOiIxIn0=",
          "dependencies": [
            "module.common.azurerm_log_analytics_workspace.log_analytics_workspace",
            "module.common.azurerm_recovery_services_vault.rsv",
            "module.common.azurerm_storage_account.st_acc",
            "module.linux.azurerm_availability_set.linux_avs",
            "module.linux.azurerm_linux_virtual_machine.vm_linux",
            "module.linux.azurerm_network_interface.linux_vm_network_interface",
            "module.linux.azurerm_public_ip.linux_public_ip",
            "module.linux.azurerm_virtual_machine_extension.azure_monitor",
            "module.linux.azurerm_virtual_machine_extension.linux_vm_network_watcher",
            "module.linux.null_resource.linux_provisioner",
            "module.network.azurerm_network_security_group.nsg",
            "module.network.azurerm_subnet.vnet_subnet",
            "module.network.azurerm_subnet_network_security_group_association.nsg_association",
            "module.network.azurerm_virtual_network.vnet",
            "module.rgroup.azurerm_resource_group.rgroup",
            "module.windows.azurerm_availability_set.win_vm_avs",
            "module.windows.azurerm_network_interface.win_network_interface",
            "module.windows.azurerm_public_ip.win_public_ip",
            "module.windows.azurerm_virtual_machine_extension.win_vm_extension",
            "module.windows.azurerm_windows_virtual_machine.windows_vm"
          ]
        }
      ]
    },
    {
      "module": "module.datadisk",
      "mode": "managed",
      "type": "azurerm_virtual_machine_data_disk_attachment",
      "name": "linux_disk_management",
      "provider": "provider[\"registry.terraform.io/hashicorp/azurerm\"]",
      "instances": [
        {
          "index_key": 0,
          "schema_version": 0,
          "attributes": {
            "caching": "ReadWrite",
            "create_option": "Attach",
            "id": "/subscriptions/43cac67b-c2a7-4907-b8de-07b7cbc98827/resourceGroups/n01594911-RG/providers/Microsoft.Compute/virtualMachines/vmlinux-n015949111/dataDisks/vmlinux-n015949111-data-disk2",
            "lun": 0,
            "managed_disk_id": "/subscriptions/43cac67b-c2a7-4907-b8de-07b7cbc98827/resourceGroups/n01594911-RG/providers/Microsoft.Compute/disks/vmlinux-n015949111-data-disk2",
            "timeouts": null,
            "virtual_machine_id": "/subscriptions/43cac67b-c2a7-4907-b8de-07b7cbc98827/resourceGroups/n01594911-RG/providers/Microsoft.Compute/virtualMachines/vmlinux-n015949111",
            "write_accelerator_enabled": false
          },
          "sensitive_attributes": [],
          "private": "eyJlMmJmYjczMC1lY2FhLTExZTYtOGY4OC0zNDM2M2JjN2M0YzAiOnsiY3JlYXRlIjoxODAwMDAwMDAwMDAwLCJkZWxldGUiOjE4MDAwMDAwMDAwMDAsInJlYWQiOjMwMDAwMDAwMDAwMCwidXBkYXRlIjoxODAwMDAwMDAwMDAwfX0=",
          "dependencies": [
            "module.common.azurerm_log_analytics_workspace.log_analytics_workspace",
            "module.common.azurerm_recovery_services_vault.rsv",
            "module.common.azurerm_storage_account.st_acc",
            "module.datadisk.azurerm_managed_disk.linux_data_disk",
            "module.linux.azurerm_availability_set.linux_avs",
            "module.linux.azurerm_linux_virtual_machine.vm_linux",
            "module.linux.azurerm_network_interface.linux_vm_network_interface",
            "module.linux.azurerm_public_ip.linux_public_ip",
            "module.linux.azurerm_virtual_machine_extension.azure_monitor",
            "module.linux.azurerm_virtual_machine_extension.linux_vm_network_watcher",
            "module.linux.null_resource.linux_provisioner",
            "module.network.azurerm_network_security_group.nsg",
            "module.network.azurerm_subnet.vnet_subnet",
            "module.network.azurerm_subnet_network_security_group_association.nsg_association",
            "module.network.azurerm_virtual_network.vnet",
            "module.rgroup.azurerm_resource_group.rgroup",
            "module.windows.azurerm_availability_set.win_vm_avs",
            "module.windows.azurerm_network_interface.win_network_interface",
            "module.windows.azurerm_public_ip.win_public_ip",
            "module.windows.azurerm_virtual_machine_extension.win_vm_extension",
            "module.windows.azurerm_windows_virtual_machine.windows_vm"
          ]
        },
        {
          "index_key": 1,
          "schema_version": 0,
          "attributes": {
            "caching": "ReadWrite",
            "create_option": "Attach",
            "id": "/subscriptions/43cac67b-c2a7-4907-b8de-07b7cbc98827/resourceGroups/n01594911-RG/providers/Microsoft.Compute/virtualMachines/vmlinux-n015949112/dataDisks/vmlinux-n015949111-data-disk3",
            "lun": 0,
            "managed_disk_id": "/subscriptions/43cac67b-c2a7-4907-b8de-07b7cbc98827/resourceGroups/n01594911-RG/providers/Microsoft.Compute/disks/vmlinux-n015949111-data-disk3",
            "timeouts": null,
            "virtual_machine_id": "/subscriptions/43cac67b-c2a7-4907-b8de-07b7cbc98827/resourceGroups/n01594911-RG/providers/Microsoft.Compute/virtualMachines/vmlinux-n015949112",
            "write_accelerator_enabled": false
          },
          "sensitive_attributes": [],
          "private": "eyJlMmJmYjczMC1lY2FhLTExZTYtOGY4OC0zNDM2M2JjN2M0YzAiOnsiY3JlYXRlIjoxODAwMDAwMDAwMDAwLCJkZWxldGUiOjE4MDAwMDAwMDAwMDAsInJlYWQiOjMwMDAwMDAwMDAwMCwidXBkYXRlIjoxODAwMDAwMDAwMDAwfX0=",
          "dependencies": [
            "module.common.azurerm_log_analytics_workspace.log_analytics_workspace",
            "module.common.azurerm_recovery_services_vault.rsv",
            "module.common.azurerm_storage_account.st_acc",
            "module.datadisk.azurerm_managed_disk.linux_data_disk",
            "module.linux.azurerm_availability_set.linux_avs",
            "module.linux.azurerm_linux_virtual_machine.vm_linux",
            "module.linux.azurerm_network_interface.linux_vm_network_interface",
            "module.linux.azurerm_public_ip.linux_public_ip",
            "module.linux.azurerm_virtual_machine_extension.azure_monitor",
            "module.linux.azurerm_virtual_machine_extension.linux_vm_network_watcher",
            "module.linux.null_resource.linux_provisioner",
            "module.network.azurerm_network_security_group.nsg",
            "module.network.azurerm_subnet.vnet_subnet",
            "module.network.azurerm_subnet_network_security_group_association.nsg_association",
            "module.network.azurerm_virtual_network.vnet",
            "module.rgroup.azurerm_resource_group.rgroup",
            "module.windows.azurerm_availability_set.win_vm_avs",
            "module.windows.azurerm_network_interface.win_network_interface",
            "module.windows.azurerm_public_ip.win_public_ip",
            "module.windows.azurerm_virtual_machine_extension.win_vm_extension",
            "module.windows.azurerm_windows_virtual_machine.windows_vm"
          ]
        },
        {
          "index_key": 2,
          "schema_version": 0,
          "attributes": {
            "caching": "ReadWrite",
            "create_option": "Attach",
            "id": "/subscriptions/43cac67b-c2a7-4907-b8de-07b7cbc98827/resourceGroups/n01594911-RG/providers/Microsoft.Compute/virtualMachines/vmlinux-n015949113/dataDisks/vmlinux-n015949111-data-disk1",
            "lun": 0,
            "managed_disk_id": "/subscriptions/43cac67b-c2a7-4907-b8de-07b7cbc98827/resourceGroups/n01594911-RG/providers/Microsoft.Compute/disks/vmlinux-n015949111-data-disk1",
            "timeouts": null,
            "virtual_machine_id": "/subscriptions/43cac67b-c2a7-4907-b8de-07b7cbc98827/resourceGroups/n01594911-RG/providers/Microsoft.Compute/virtualMachines/vmlinux-n015949113",
            "write_accelerator_enabled": false
          },
          "sensitive_attributes": [],
          "private": "eyJlMmJmYjczMC1lY2FhLTExZTYtOGY4OC0zNDM2M2JjN2M0YzAiOnsiY3JlYXRlIjoxODAwMDAwMDAwMDAwLCJkZWxldGUiOjE4MDAwMDAwMDAwMDAsInJlYWQiOjMwMDAwMDAwMDAwMCwidXBkYXRlIjoxODAwMDAwMDAwMDAwfX0=",
          "dependencies": [
            "module.common.azurerm_log_analytics_workspace.log_analytics_workspace",
            "module.common.azurerm_recovery_services_vault.rsv",
            "module.common.azurerm_storage_account.st_acc",
            "module.datadisk.azurerm_managed_disk.linux_data_disk",
            "module.linux.azurerm_availability_set.linux_avs",
            "module.linux.azurerm_linux_virtual_machine.vm_linux",
            "module.linux.azurerm_network_interface.linux_vm_network_interface",
            "module.linux.azurerm_public_ip.linux_public_ip",
            "module.linux.azurerm_virtual_machine_extension.azure_monitor",
            "module.linux.azurerm_virtual_machine_extension.linux_vm_network_watcher",
            "module.linux.null_resource.linux_provisioner",
            "module.network.azurerm_network_security_group.nsg",
            "module.network.azurerm_subnet.vnet_subnet",
            "module.network.azurerm_subnet_network_security_group_association.nsg_association",
            "module.network.azurerm_virtual_network.vnet",
            "module.rgroup.azurerm_resource_group.rgroup",
            "module.windows.azurerm_availability_set.win_vm_avs",
            "module.windows.azurerm_network_interface.win_network_interface",
            "module.windows.azurerm_public_ip.win_public_ip",
            "module.windows.azurerm_virtual_machine_extension.win_vm_extension",
            "module.windows.azurerm_windows_virtual_machine.windows_vm"
          ]
        }
      ]
    },
    {
      "module": "module.datadisk",
      "mode": "managed",
      "type": "azurerm_virtual_machine_data_disk_attachment",
      "name": "windows_disk_management",
      "provider": "provider[\"registry.terraform.io/hashicorp/azurerm\"]",
      "instances": [
        {
          "index_key": 0,
          "schema_version": 0,
          "attributes": {
            "caching": "ReadWrite",
            "create_option": "Attach",
            "id": "/subscriptions/43cac67b-c2a7-4907-b8de-07b7cbc98827/resourceGroups/n01594911-RG/providers/Microsoft.Compute/virtualMachines/n01594911-vm1/dataDisks/n01594911-vm1-data-disk1",
            "lun": 0,
            "managed_disk_id": "/subscriptions/43cac67b-c2a7-4907-b8de-07b7cbc98827/resourceGroups/n01594911-RG/providers/Microsoft.Compute/disks/n01594911-vm1-data-disk1",
            "timeouts": null,
            "virtual_machine_id": "/subscriptions/43cac67b-c2a7-4907-b8de-07b7cbc98827/resourceGroups/n01594911-RG/providers/Microsoft.Compute/virtualMachines/n01594911-vm1",
            "write_accelerator_enabled": false
          },
          "sensitive_attributes": [],
          "private": "eyJlMmJmYjczMC1lY2FhLTExZTYtOGY4OC0zNDM2M2JjN2M0YzAiOnsiY3JlYXRlIjoxODAwMDAwMDAwMDAwLCJkZWxldGUiOjE4MDAwMDAwMDAwMDAsInJlYWQiOjMwMDAwMDAwMDAwMCwidXBkYXRlIjoxODAwMDAwMDAwMDAwfX0=",
          "dependencies": [
            "module.common.azurerm_log_analytics_workspace.log_analytics_workspace",
            "module.common.azurerm_recovery_services_vault.rsv",
            "module.common.azurerm_storage_account.st_acc",
            "module.datadisk.azurerm_managed_disk.windows_data_disk",
            "module.linux.azurerm_availability_set.linux_avs",
            "module.linux.azurerm_linux_virtual_machine.vm_linux",
            "module.linux.azurerm_network_interface.linux_vm_network_interface",
            "module.linux.azurerm_public_ip.linux_public_ip",
            "module.linux.azurerm_virtual_machine_extension.azure_monitor",
            "module.linux.azurerm_virtual_machine_extension.linux_vm_network_watcher",
            "module.linux.null_resource.linux_provisioner",
            "module.network.azurerm_network_security_group.nsg",
            "module.network.azurerm_subnet.vnet_subnet",
            "module.network.azurerm_subnet_network_security_group_association.nsg_association",
            "module.network.azurerm_virtual_network.vnet",
            "module.rgroup.azurerm_resource_group.rgroup",
            "module.windows.azurerm_availability_set.win_vm_avs",
            "module.windows.azurerm_network_interface.win_network_interface",
            "module.windows.azurerm_public_ip.win_public_ip",
            "module.windows.azurerm_virtual_machine_extension.win_vm_extension",
            "module.windows.azurerm_windows_virtual_machine.windows_vm"
          ]
        }
      ]
    },
    {
      "module": "module.linux",
      "mode": "managed",
      "type": "azurerm_availability_set",
      "name": "linux_avs",
      "provider": "provider[\"registry.terraform.io/hashicorp/azurerm\"]",
      "instances": [
        {
          "schema_version": 0,
          "attributes": {
            "id": "/subscriptions/43cac67b-c2a7-4907-b8de-07b7cbc98827/resourceGroups/n01594911-RG/providers/Microsoft.Compute/availabilitySets/linux_availability_set",
            "location": "canadacentral",
            "managed": true,
            "name": "linux_availability_set",
            "platform_fault_domain_count": 3,
            "platform_update_domain_count": 5,
            "proximity_placement_group_id": null,
            "resource_group_name": "n01594911-RG",
            "tags": {
              "environment": "prod"
            },
            "timeouts": null
          },
          "sensitive_attributes": [],
          "private": "eyJlMmJmYjczMC1lY2FhLTExZTYtOGY4OC0zNDM2M2JjN2M0YzAiOnsiY3JlYXRlIjoxODAwMDAwMDAwMDAwLCJkZWxldGUiOjE4MDAwMDAwMDAwMDAsInJlYWQiOjMwMDAwMDAwMDAwMCwidXBkYXRlIjoxODAwMDAwMDAwMDAwfX0=",
          "dependencies": [
            "module.common.azurerm_log_analytics_workspace.log_analytics_workspace",
            "module.common.azurerm_recovery_services_vault.rsv",
            "module.common.azurerm_storage_account.st_acc",
            "module.network.azurerm_network_security_group.nsg",
            "module.network.azurerm_subnet.vnet_subnet",
            "module.network.azurerm_subnet_network_security_group_association.nsg_association",
            "module.network.azurerm_virtual_network.vnet",
            "module.rgroup.azurerm_resource_group.rgroup"
          ]
        }
      ]
    },
    {
      "module": "module.linux",
      "mode": "managed",
      "type": "azurerm_linux_virtual_machine",
      "name": "vm_linux",
      "provider": "provider[\"registry.terraform.io/hashicorp/azurerm\"]",
      "instances": [
        {
          "index_key": 0,
          "schema_version": 0,
          "attributes": {
            "additional_capabilities": [],
            "admin_password": null,
            "admin_ssh_key": [
              {
                "public_key": "ssh-rsa AAAAB3NzaC1yc2EAAAADAQABAAABgQC76KZpYY4L6q0Ifu00vtGu5epnvBlZbkbEq9VEkYE3Y6cIEnuk4ztuHeetmq74MbI5w3rzdFMNdZq26CAtFBB/xN7HUFlytcRllqgvQ4RKkYBN5y/ulFM8ZWLG7gKLuc3UJv+P2vjK5jIJ5fRv3VA949AMqGgYWOQf9Zi+k899UF33oARymkxggbj4G0EpzoiHJBkXaCi17ZuzipgC0tJ4quocXRKb5AszJbjF3vQvaf1pmhX5uvsemWm0AE7Ki+O1P9MBBgATSA/FPGCtE7k8NoAGt3uESIIIL3UwM+vqDgINUsALeEk4oCjQlrQ6Dmr2Zp6J9EEcn++ujHmcfCPYZ+k2qa2CBCAXHM0FhfcF+ddvIWbgJ/m41ObPwsDZSQhUzjIcxdDYDqmnoBDUva7MNJMiCBteE6bccDUg9cA61y2xl8+piI4YVtcM+VOvWbL5NaJE5my2z09MviQbP6ysiY5qw/HE/jtodD1QxqGXMCpRgGZ2U/wHARGCmYXjcJM= Owner@Amin\n",
                "username": "n01594911"
              }
            ],
            "admin_username": "n01594911",
            "allow_extension_operations": true,
            "availability_set_id": "/subscriptions/43cac67b-c2a7-4907-b8de-07b7cbc98827/resourceGroups/n01594911-RG/providers/Microsoft.Compute/availabilitySets/LINUX_AVAILABILITY_SET",
            "boot_diagnostics": [
              {
                "storage_account_uri": "https://n01594911sa.blob.core.windows.net/"
              }
            ],
            "capacity_reservation_group_id": "",
            "computer_name": "vmlinux-n015949111",
            "custom_data": null,
            "dedicated_host_group_id": "",
            "dedicated_host_id": "",
            "disable_password_authentication": true,
            "edge_zone": "",
            "encryption_at_host_enabled": false,
            "eviction_policy": "",
            "extensions_time_budget": "PT1H30M",
            "gallery_application": [],
            "id": "/subscriptions/43cac67b-c2a7-4907-b8de-07b7cbc98827/resourceGroups/n01594911-RG/providers/Microsoft.Compute/virtualMachines/vmlinux-n015949111",
            "identity": [],
            "license_type": "",
            "location": "canadacentral",
            "max_bid_price": -1,
            "name": "vmlinux-n015949111",
            "network_interface_ids": [
              "/subscriptions/43cac67b-c2a7-4907-b8de-07b7cbc98827/resourceGroups/n01594911-RG/providers/Microsoft.Network/networkInterfaces/vmlinux-n01594911-nic2"
            ],
            "os_disk": [
              {
                "caching": "ReadWrite",
                "diff_disk_settings": [],
                "disk_encryption_set_id": "",
                "disk_size_gb": 32,
                "name": "vmlinux-n01594911-os-disk1",
                "secure_vm_disk_encryption_set_id": "",
                "security_encryption_type": "",
                "storage_account_type": "Premium_LRS",
                "write_accelerator_enabled": false
              }
            ],
            "patch_assessment_mode": "ImageDefault",
            "patch_mode": "ImageDefault",
            "plan": [],
            "platform_fault_domain": -1,
            "priority": "Regular",
            "private_ip_address": "10.0.0.8",
            "private_ip_addresses": [
              "10.0.0.8"
            ],
            "provision_vm_agent": true,
            "proximity_placement_group_id": "",
            "public_ip_address": "4.205.105.15",
            "public_ip_addresses": [
              "4.205.105.15"
            ],
            "resource_group_name": "n01594911-RG",
            "secret": [],
            "secure_boot_enabled": false,
            "size": "Standard_B1s",
            "source_image_id": "",
            "source_image_reference": [
              {
                "offer": "CentOS",
                "publisher": "OpenLogic",
                "sku": "8_2",
                "version": "latest"
              }
            ],
            "tags": {
              "Assignment": "CCGC 5502 Automation Assignment",
              "Environment": "Learning",
              "ExpirationDate": "2024-12-31",
              "Name": "mohammed.hossain"
            },
            "termination_notification": null,
            "timeouts": null,
            "user_data": "",
            "virtual_machine_id": "8af2ad65-5cf1-4667-a688-2d7ef4aeaa74",
            "virtual_machine_scale_set_id": "",
            "vtpm_enabled": false,
            "zone": ""
          },
          "sensitive_attributes": [],
          "private": "eyJlMmJmYjczMC1lY2FhLTExZTYtOGY4OC0zNDM2M2JjN2M0YzAiOnsiY3JlYXRlIjoyNzAwMDAwMDAwMDAwLCJkZWxldGUiOjI3MDAwMDAwMDAwMDAsInJlYWQiOjMwMDAwMDAwMDAwMCwidXBkYXRlIjoyNzAwMDAwMDAwMDAwfX0=",
          "dependencies": [
            "module.common.azurerm_log_analytics_workspace.log_analytics_workspace",
            "module.common.azurerm_recovery_services_vault.rsv",
            "module.common.azurerm_storage_account.st_acc",
            "module.linux.azurerm_availability_set.linux_avs",
            "module.linux.azurerm_network_interface.linux_vm_network_interface",
            "module.linux.azurerm_public_ip.linux_public_ip",
            "module.network.azurerm_network_security_group.nsg",
            "module.network.azurerm_subnet.vnet_subnet",
            "module.network.azurerm_subnet_network_security_group_association.nsg_association",
            "module.network.azurerm_virtual_network.vnet",
            "module.rgroup.azurerm_resource_group.rgroup"
          ]
        },
        {
          "index_key": 1,
          "schema_version": 0,
          "attributes": {
            "additional_capabilities": [],
            "admin_password": null,
            "admin_ssh_key": [
              {
                "public_key": "ssh-rsa AAAAB3NzaC1yc2EAAAADAQABAAABgQC76KZpYY4L6q0Ifu00vtGu5epnvBlZbkbEq9VEkYE3Y6cIEnuk4ztuHeetmq74MbI5w3rzdFMNdZq26CAtFBB/xN7HUFlytcRllqgvQ4RKkYBN5y/ulFM8ZWLG7gKLuc3UJv+P2vjK5jIJ5fRv3VA949AMqGgYWOQf9Zi+k899UF33oARymkxggbj4G0EpzoiHJBkXaCi17ZuzipgC0tJ4quocXRKb5AszJbjF3vQvaf1pmhX5uvsemWm0AE7Ki+O1P9MBBgATSA/FPGCtE7k8NoAGt3uESIIIL3UwM+vqDgINUsALeEk4oCjQlrQ6Dmr2Zp6J9EEcn++ujHmcfCPYZ+k2qa2CBCAXHM0FhfcF+ddvIWbgJ/m41ObPwsDZSQhUzjIcxdDYDqmnoBDUva7MNJMiCBteE6bccDUg9cA61y2xl8+piI4YVtcM+VOvWbL5NaJE5my2z09MviQbP6ysiY5qw/HE/jtodD1QxqGXMCpRgGZ2U/wHARGCmYXjcJM= Owner@Amin\n",
                "username": "n01594911"
              }
            ],
            "admin_username": "n01594911",
            "allow_extension_operations": true,
            "availability_set_id": "/subscriptions/43cac67b-c2a7-4907-b8de-07b7cbc98827/resourceGroups/n01594911-RG/providers/Microsoft.Compute/availabilitySets/LINUX_AVAILABILITY_SET",
            "boot_diagnostics": [
              {
                "storage_account_uri": "https://n01594911sa.blob.core.windows.net/"
              }
            ],
            "capacity_reservation_group_id": "",
            "computer_name": "vmlinux-n015949112",
            "custom_data": null,
            "dedicated_host_group_id": "",
            "dedicated_host_id": "",
            "disable_password_authentication": true,
            "edge_zone": "",
            "encryption_at_host_enabled": false,
            "eviction_policy": "",
            "extensions_time_budget": "PT1H30M",
            "gallery_application": [],
            "id": "/subscriptions/43cac67b-c2a7-4907-b8de-07b7cbc98827/resourceGroups/n01594911-RG/providers/Microsoft.Compute/virtualMachines/vmlinux-n015949112",
            "identity": [],
            "license_type": "",
            "location": "canadacentral",
            "max_bid_price": -1,
            "name": "vmlinux-n015949112",
            "network_interface_ids": [
              "/subscriptions/43cac67b-c2a7-4907-b8de-07b7cbc98827/resourceGroups/n01594911-RG/providers/Microsoft.Network/networkInterfaces/vmlinux-n01594911-nic3"
            ],
            "os_disk": [
              {
                "caching": "ReadWrite",
                "diff_disk_settings": [],
                "disk_encryption_set_id": "",
                "disk_size_gb": 32,
                "name": "vmlinux-n01594911-os-disk2",
                "secure_vm_disk_encryption_set_id": "",
                "security_encryption_type": "",
                "storage_account_type": "Premium_LRS",
                "write_accelerator_enabled": false
              }
            ],
            "patch_assessment_mode": "ImageDefault",
            "patch_mode": "ImageDefault",
            "plan": [],
            "platform_fault_domain": -1,
            "priority": "Regular",
            "private_ip_address": "10.0.0.4",
            "private_ip_addresses": [
              "10.0.0.4"
            ],
            "provision_vm_agent": true,
            "proximity_placement_group_id": "",
            "public_ip_address": "4.205.105.14",
            "public_ip_addresses": [
              "4.205.105.14"
            ],
            "resource_group_name": "n01594911-RG",
            "secret": [],
            "secure_boot_enabled": false,
            "size": "Standard_B1s",
            "source_image_id": "",
            "source_image_reference": [
              {
                "offer": "CentOS",
                "publisher": "OpenLogic",
                "sku": "8_2",
                "version": "latest"
              }
            ],
            "tags": {
              "Assignment": "CCGC 5502 Automation Assignment",
              "Environment": "Learning",
              "ExpirationDate": "2024-12-31",
              "Name": "mohammed.hossain"
            },
            "termination_notification": null,
            "timeouts": null,
            "user_data": "",
            "virtual_machine_id": "563e7288-d297-4731-98e0-1f66ec163bb6",
            "virtual_machine_scale_set_id": "",
            "vtpm_enabled": false,
            "zone": ""
          },
          "sensitive_attributes": [],
          "private": "eyJlMmJmYjczMC1lY2FhLTExZTYtOGY4OC0zNDM2M2JjN2M0YzAiOnsiY3JlYXRlIjoyNzAwMDAwMDAwMDAwLCJkZWxldGUiOjI3MDAwMDAwMDAwMDAsInJlYWQiOjMwMDAwMDAwMDAwMCwidXBkYXRlIjoyNzAwMDAwMDAwMDAwfX0=",
          "dependencies": [
            "module.common.azurerm_log_analytics_workspace.log_analytics_workspace",
            "module.common.azurerm_recovery_services_vault.rsv",
            "module.common.azurerm_storage_account.st_acc",
            "module.linux.azurerm_availability_set.linux_avs",
            "module.linux.azurerm_network_interface.linux_vm_network_interface",
            "module.linux.azurerm_public_ip.linux_public_ip",
            "module.network.azurerm_network_security_group.nsg",
            "module.network.azurerm_subnet.vnet_subnet",
            "module.network.azurerm_subnet_network_security_group_association.nsg_association",
            "module.network.azurerm_virtual_network.vnet",
            "module.rgroup.azurerm_resource_group.rgroup"
          ]
        },
        {
          "index_key": 2,
          "schema_version": 0,
          "attributes": {
            "additional_capabilities": [],
            "admin_password": null,
            "admin_ssh_key": [
              {
                "public_key": "ssh-rsa AAAAB3NzaC1yc2EAAAADAQABAAABgQC76KZpYY4L6q0Ifu00vtGu5epnvBlZbkbEq9VEkYE3Y6cIEnuk4ztuHeetmq74MbI5w3rzdFMNdZq26CAtFBB/xN7HUFlytcRllqgvQ4RKkYBN5y/ulFM8ZWLG7gKLuc3UJv+P2vjK5jIJ5fRv3VA949AMqGgYWOQf9Zi+k899UF33oARymkxggbj4G0EpzoiHJBkXaCi17ZuzipgC0tJ4quocXRKb5AszJbjF3vQvaf1pmhX5uvsemWm0AE7Ki+O1P9MBBgATSA/FPGCtE7k8NoAGt3uESIIIL3UwM+vqDgINUsALeEk4oCjQlrQ6Dmr2Zp6J9EEcn++ujHmcfCPYZ+k2qa2CBCAXHM0FhfcF+ddvIWbgJ/m41ObPwsDZSQhUzjIcxdDYDqmnoBDUva7MNJMiCBteE6bccDUg9cA61y2xl8+piI4YVtcM+VOvWbL5NaJE5my2z09MviQbP6ysiY5qw/HE/jtodD1QxqGXMCpRgGZ2U/wHARGCmYXjcJM= Owner@Amin\n",
                "username": "n01594911"
              }
            ],
            "admin_username": "n01594911",
            "allow_extension_operations": true,
            "availability_set_id": "/subscriptions/43cac67b-c2a7-4907-b8de-07b7cbc98827/resourceGroups/n01594911-RG/providers/Microsoft.Compute/availabilitySets/LINUX_AVAILABILITY_SET",
            "boot_diagnostics": [
              {
                "storage_account_uri": "https://n01594911sa.blob.core.windows.net/"
              }
            ],
            "capacity_reservation_group_id": "",
            "computer_name": "vmlinux-n015949113",
            "custom_data": null,
            "dedicated_host_group_id": "",
            "dedicated_host_id": "",
            "disable_password_authentication": true,
            "edge_zone": "",
            "encryption_at_host_enabled": false,
            "eviction_policy": "",
            "extensions_time_budget": "PT1H30M",
            "gallery_application": [],
            "id": "/subscriptions/43cac67b-c2a7-4907-b8de-07b7cbc98827/resourceGroups/n01594911-RG/providers/Microsoft.Compute/virtualMachines/vmlinux-n015949113",
            "identity": [],
            "license_type": "",
            "location": "canadacentral",
            "max_bid_price": -1,
            "name": "vmlinux-n015949113",
            "network_interface_ids": [
              "/subscriptions/43cac67b-c2a7-4907-b8de-07b7cbc98827/resourceGroups/n01594911-RG/providers/Microsoft.Network/networkInterfaces/vmlinux-n01594911-nic1"
            ],
            "os_disk": [
              {
                "caching": "ReadWrite",
                "diff_disk_settings": [],
                "disk_encryption_set_id": "",
                "disk_size_gb": 32,
                "name": "vmlinux-n01594911-os-disk3",
                "secure_vm_disk_encryption_set_id": "",
                "security_encryption_type": "",
                "storage_account_type": "Premium_LRS",
                "write_accelerator_enabled": false
              }
            ],
            "patch_assessment_mode": "ImageDefault",
            "patch_mode": "ImageDefault",
            "plan": [],
            "platform_fault_domain": -1,
            "priority": "Regular",
            "private_ip_address": "10.0.0.6",
            "private_ip_addresses": [
              "10.0.0.6"
            ],
            "provision_vm_agent": true,
            "proximity_placement_group_id": "",
            "public_ip_address": "4.205.104.231",
            "public_ip_addresses": [
              "4.205.104.231"
            ],
            "resource_group_name": "n01594911-RG",
            "secret": [],
            "secure_boot_enabled": false,
            "size": "Standard_B1s",
            "source_image_id": "",
            "source_image_reference": [
              {
                "offer": "CentOS",
                "publisher": "OpenLogic",
                "sku": "8_2",
                "version": "latest"
              }
            ],
            "tags": {
              "Assignment": "CCGC 5502 Automation Assignment",
              "Environment": "Learning",
              "ExpirationDate": "2024-12-31",
              "Name": "mohammed.hossain"
            },
            "termination_notification": null,
            "timeouts": null,
            "user_data": "",
            "virtual_machine_id": "f67714a9-9e79-4dca-8f21-a228b2aefd41",
            "virtual_machine_scale_set_id": "",
            "vtpm_enabled": false,
            "zone": ""
          },
          "sensitive_attributes": [],
          "private": "eyJlMmJmYjczMC1lY2FhLTExZTYtOGY4OC0zNDM2M2JjN2M0YzAiOnsiY3JlYXRlIjoyNzAwMDAwMDAwMDAwLCJkZWxldGUiOjI3MDAwMDAwMDAwMDAsInJlYWQiOjMwMDAwMDAwMDAwMCwidXBkYXRlIjoyNzAwMDAwMDAwMDAwfX0=",
          "dependencies": [
            "module.common.azurerm_log_analytics_workspace.log_analytics_workspace",
            "module.common.azurerm_recovery_services_vault.rsv",
            "module.common.azurerm_storage_account.st_acc",
            "module.linux.azurerm_availability_set.linux_avs",
            "module.linux.azurerm_network_interface.linux_vm_network_interface",
            "module.linux.azurerm_public_ip.linux_public_ip",
            "module.network.azurerm_network_security_group.nsg",
            "module.network.azurerm_subnet.vnet_subnet",
            "module.network.azurerm_subnet_network_security_group_association.nsg_association",
            "module.network.azurerm_virtual_network.vnet",
            "module.rgroup.azurerm_resource_group.rgroup"
          ]
        }
      ]
    },
    {
      "module": "module.linux",
      "mode": "managed",
      "type": "azurerm_network_interface",
      "name": "linux_vm_network_interface",
      "provider": "provider[\"registry.terraform.io/hashicorp/azurerm\"]",
      "instances": [
        {
          "index_key": 0,
          "schema_version": 0,
          "attributes": {
            "applied_dns_servers": [],
            "dns_servers": [],
            "edge_zone": "",
            "enable_accelerated_networking": false,
            "enable_ip_forwarding": false,
            "id": "/subscriptions/43cac67b-c2a7-4907-b8de-07b7cbc98827/resourceGroups/n01594911-RG/providers/Microsoft.Network/networkInterfaces/vmlinux-n01594911-nic1",
            "internal_dns_name_label": "",
            "internal_domain_name_suffix": "r15g0u3gombenhee00tqckx3ca.ux.internal.cloudapp.net",
            "ip_configuration": [
              {
                "gateway_load_balancer_frontend_ip_configuration_id": "",
                "name": "vmlinux-n015949111-ipconfig11",
                "primary": true,
                "private_ip_address": "10.0.0.6",
                "private_ip_address_allocation": "Dynamic",
                "private_ip_address_version": "IPv4",
                "public_ip_address_id": "/subscriptions/43cac67b-c2a7-4907-b8de-07b7cbc98827/resourceGroups/n01594911-RG/providers/Microsoft.Network/publicIPAddresses/vmlinux-n01594911-pip2",
                "subnet_id": "/subscriptions/43cac67b-c2a7-4907-b8de-07b7cbc98827/resourceGroups/n01594911-RG/providers/Microsoft.Network/virtualNetworks/n01594911-VNET/subnets/n01594911-SUBNET"
              }
            ],
            "location": "canadacentral",
            "mac_address": "",
            "name": "vmlinux-n01594911-nic1",
            "private_ip_address": "10.0.0.6",
            "private_ip_addresses": [
              "10.0.0.6"
            ],
            "resource_group_name": "n01594911-RG",
            "tags": {
              "Assignment": "CCGC 5502 Automation Assignment",
              "Environment": "Learning",
              "ExpirationDate": "2024-12-31",
              "Name": "mohammed.hossain"
            },
            "timeouts": null,
            "virtual_machine_id": ""
          },
          "sensitive_attributes": [],
          "private": "eyJlMmJmYjczMC1lY2FhLTExZTYtOGY4OC0zNDM2M2JjN2M0YzAiOnsiY3JlYXRlIjoxODAwMDAwMDAwMDAwLCJkZWxldGUiOjE4MDAwMDAwMDAwMDAsInJlYWQiOjMwMDAwMDAwMDAwMCwidXBkYXRlIjoxODAwMDAwMDAwMDAwfX0=",
          "dependencies": [
            "module.common.azurerm_log_analytics_workspace.log_analytics_workspace",
            "module.common.azurerm_recovery_services_vault.rsv",
            "module.common.azurerm_storage_account.st_acc",
            "module.linux.azurerm_public_ip.linux_public_ip",
            "module.network.azurerm_network_security_group.nsg",
            "module.network.azurerm_subnet.vnet_subnet",
            "module.network.azurerm_subnet_network_security_group_association.nsg_association",
            "module.network.azurerm_virtual_network.vnet",
            "module.rgroup.azurerm_resource_group.rgroup"
          ]
        },
        {
          "index_key": 1,
          "schema_version": 0,
          "attributes": {
            "applied_dns_servers": [],
            "dns_servers": [],
            "edge_zone": "",
            "enable_accelerated_networking": false,
            "enable_ip_forwarding": false,
            "id": "/subscriptions/43cac67b-c2a7-4907-b8de-07b7cbc98827/resourceGroups/n01594911-RG/providers/Microsoft.Network/networkInterfaces/vmlinux-n01594911-nic2",
            "internal_dns_name_label": "",
            "internal_domain_name_suffix": "r15g0u3gombenhee00tqckx3ca.ux.internal.cloudapp.net",
            "ip_configuration": [
              {
                "gateway_load_balancer_frontend_ip_configuration_id": "",
                "name": "vmlinux-n015949111-ipconfig12",
                "primary": true,
                "private_ip_address": "10.0.0.8",
                "private_ip_address_allocation": "Dynamic",
                "private_ip_address_version": "IPv4",
                "public_ip_address_id": "/subscriptions/43cac67b-c2a7-4907-b8de-07b7cbc98827/resourceGroups/n01594911-RG/providers/Microsoft.Network/publicIPAddresses/vmlinux-n01594911-pip3",
                "subnet_id": "/subscriptions/43cac67b-c2a7-4907-b8de-07b7cbc98827/resourceGroups/n01594911-RG/providers/Microsoft.Network/virtualNetworks/n01594911-VNET/subnets/n01594911-SUBNET"
              }
            ],
            "location": "canadacentral",
            "mac_address": "",
            "name": "vmlinux-n01594911-nic2",
            "private_ip_address": "10.0.0.8",
            "private_ip_addresses": [
              "10.0.0.8"
            ],
            "resource_group_name": "n01594911-RG",
            "tags": {
              "Assignment": "CCGC 5502 Automation Assignment",
              "Environment": "Learning",
              "ExpirationDate": "2024-12-31",
              "Name": "mohammed.hossain"
            },
            "timeouts": null,
            "virtual_machine_id": ""
          },
          "sensitive_attributes": [],
          "private": "eyJlMmJmYjczMC1lY2FhLTExZTYtOGY4OC0zNDM2M2JjN2M0YzAiOnsiY3JlYXRlIjoxODAwMDAwMDAwMDAwLCJkZWxldGUiOjE4MDAwMDAwMDAwMDAsInJlYWQiOjMwMDAwMDAwMDAwMCwidXBkYXRlIjoxODAwMDAwMDAwMDAwfX0=",
          "dependencies": [
            "module.common.azurerm_log_analytics_workspace.log_analytics_workspace",
            "module.common.azurerm_recovery_services_vault.rsv",
            "module.common.azurerm_storage_account.st_acc",
            "module.linux.azurerm_public_ip.linux_public_ip",
            "module.network.azurerm_network_security_group.nsg",
            "module.network.azurerm_subnet.vnet_subnet",
            "module.network.azurerm_subnet_network_security_group_association.nsg_association",
            "module.network.azurerm_virtual_network.vnet",
            "module.rgroup.azurerm_resource_group.rgroup"
          ]
        },
        {
          "index_key": 2,
          "schema_version": 0,
          "attributes": {
            "applied_dns_servers": [],
            "dns_servers": [],
            "edge_zone": "",
            "enable_accelerated_networking": false,
            "enable_ip_forwarding": false,
            "id": "/subscriptions/43cac67b-c2a7-4907-b8de-07b7cbc98827/resourceGroups/n01594911-RG/providers/Microsoft.Network/networkInterfaces/vmlinux-n01594911-nic3",
            "internal_dns_name_label": "",
            "internal_domain_name_suffix": "r15g0u3gombenhee00tqckx3ca.ux.internal.cloudapp.net",
            "ip_configuration": [
              {
                "gateway_load_balancer_frontend_ip_configuration_id": "",
                "name": "vmlinux-n015949111-ipconfig13",
                "primary": true,
                "private_ip_address": "10.0.0.4",
                "private_ip_address_allocation": "Dynamic",
                "private_ip_address_version": "IPv4",
                "public_ip_address_id": "/subscriptions/43cac67b-c2a7-4907-b8de-07b7cbc98827/resourceGroups/n01594911-RG/providers/Microsoft.Network/publicIPAddresses/vmlinux-n01594911-pip1",
                "subnet_id": "/subscriptions/43cac67b-c2a7-4907-b8de-07b7cbc98827/resourceGroups/n01594911-RG/providers/Microsoft.Network/virtualNetworks/n01594911-VNET/subnets/n01594911-SUBNET"
              }
            ],
            "location": "canadacentral",
            "mac_address": "",
            "name": "vmlinux-n01594911-nic3",
            "private_ip_address": "10.0.0.4",
            "private_ip_addresses": [
              "10.0.0.4"
            ],
            "resource_group_name": "n01594911-RG",
            "tags": {
              "Assignment": "CCGC 5502 Automation Assignment",
              "Environment": "Learning",
              "ExpirationDate": "2024-12-31",
              "Name": "mohammed.hossain"
            },
            "timeouts": null,
            "virtual_machine_id": ""
          },
          "sensitive_attributes": [],
          "private": "eyJlMmJmYjczMC1lY2FhLTExZTYtOGY4OC0zNDM2M2JjN2M0YzAiOnsiY3JlYXRlIjoxODAwMDAwMDAwMDAwLCJkZWxldGUiOjE4MDAwMDAwMDAwMDAsInJlYWQiOjMwMDAwMDAwMDAwMCwidXBkYXRlIjoxODAwMDAwMDAwMDAwfX0=",
          "dependencies": [
            "module.common.azurerm_log_analytics_workspace.log_analytics_workspace",
            "module.common.azurerm_recovery_services_vault.rsv",
            "module.common.azurerm_storage_account.st_acc",
            "module.linux.azurerm_public_ip.linux_public_ip",
            "module.network.azurerm_network_security_group.nsg",
            "module.network.azurerm_subnet.vnet_subnet",
            "module.network.azurerm_subnet_network_security_group_association.nsg_association",
            "module.network.azurerm_virtual_network.vnet",
            "module.rgroup.azurerm_resource_group.rgroup"
          ]
        }
      ]
    },
    {
      "module": "module.linux",
      "mode": "managed",
      "type": "azurerm_public_ip",
      "name": "linux_public_ip",
      "provider": "provider[\"registry.terraform.io/hashicorp/azurerm\"]",
      "instances": [
        {
          "index_key": 0,
          "schema_version": 0,
          "attributes": {
            "allocation_method": "Dynamic",
            "ddos_protection_mode": "VirtualNetworkInherited",
            "ddos_protection_plan_id": null,
            "domain_name_label": "domain1-vmlinux-n01594911-1",
            "edge_zone": "",
            "fqdn": "domain1-vmlinux-n01594911-1.canadacentral.cloudapp.azure.com",
            "id": "/subscriptions/43cac67b-c2a7-4907-b8de-07b7cbc98827/resourceGroups/n01594911-RG/providers/Microsoft.Network/publicIPAddresses/vmlinux-n01594911-pip1",
            "idle_timeout_in_minutes": 30,
            "ip_address": "",
            "ip_tags": null,
            "ip_version": "IPv4",
            "location": "canadacentral",
            "name": "vmlinux-n01594911-pip1",
            "public_ip_prefix_id": null,
            "resource_group_name": "n01594911-RG",
            "reverse_fqdn": "",
            "sku": "Basic",
            "sku_tier": "Regional",
            "tags": {
              "Assignment": "CCGC 5502 Automation Assignment",
              "Environment": "Learning",
              "ExpirationDate": "2024-12-31",
              "Name": "mohammed.hossain"
            },
            "timeouts": null,
            "zones": null
          },
          "sensitive_attributes": [],
          "private": "eyJlMmJmYjczMC1lY2FhLTExZTYtOGY4OC0zNDM2M2JjN2M0YzAiOnsiY3JlYXRlIjoxODAwMDAwMDAwMDAwLCJkZWxldGUiOjE4MDAwMDAwMDAwMDAsInJlYWQiOjMwMDAwMDAwMDAwMCwidXBkYXRlIjoxODAwMDAwMDAwMDAwfX0=",
          "dependencies": [
            "module.common.azurerm_log_analytics_workspace.log_analytics_workspace",
            "module.common.azurerm_recovery_services_vault.rsv",
            "module.common.azurerm_storage_account.st_acc",
            "module.network.azurerm_network_security_group.nsg",
            "module.network.azurerm_subnet.vnet_subnet",
            "module.network.azurerm_subnet_network_security_group_association.nsg_association",
            "module.network.azurerm_virtual_network.vnet",
            "module.rgroup.azurerm_resource_group.rgroup"
          ]
        },
        {
          "index_key": 1,
          "schema_version": 0,
          "attributes": {
            "allocation_method": "Dynamic",
            "ddos_protection_mode": "VirtualNetworkInherited",
            "ddos_protection_plan_id": null,
            "domain_name_label": "domain1-vmlinux-n01594911-2",
            "edge_zone": "",
            "fqdn": "domain1-vmlinux-n01594911-2.canadacentral.cloudapp.azure.com",
            "id": "/subscriptions/43cac67b-c2a7-4907-b8de-07b7cbc98827/resourceGroups/n01594911-RG/providers/Microsoft.Network/publicIPAddresses/vmlinux-n01594911-pip2",
            "idle_timeout_in_minutes": 30,
            "ip_address": "",
            "ip_tags": null,
            "ip_version": "IPv4",
            "location": "canadacentral",
            "name": "vmlinux-n01594911-pip2",
            "public_ip_prefix_id": null,
            "resource_group_name": "n01594911-RG",
            "reverse_fqdn": "",
            "sku": "Basic",
            "sku_tier": "Regional",
            "tags": {
              "Assignment": "CCGC 5502 Automation Assignment",
              "Environment": "Learning",
              "ExpirationDate": "2024-12-31",
              "Name": "mohammed.hossain"
            },
            "timeouts": null,
            "zones": null
          },
          "sensitive_attributes": [],
          "private": "eyJlMmJmYjczMC1lY2FhLTExZTYtOGY4OC0zNDM2M2JjN2M0YzAiOnsiY3JlYXRlIjoxODAwMDAwMDAwMDAwLCJkZWxldGUiOjE4MDAwMDAwMDAwMDAsInJlYWQiOjMwMDAwMDAwMDAwMCwidXBkYXRlIjoxODAwMDAwMDAwMDAwfX0=",
          "dependencies": [
            "module.common.azurerm_log_analytics_workspace.log_analytics_workspace",
            "module.common.azurerm_recovery_services_vault.rsv",
            "module.common.azurerm_storage_account.st_acc",
            "module.network.azurerm_network_security_group.nsg",
            "module.network.azurerm_subnet.vnet_subnet",
            "module.network.azurerm_subnet_network_security_group_association.nsg_association",
            "module.network.azurerm_virtual_network.vnet",
            "module.rgroup.azurerm_resource_group.rgroup"
          ]
        },
        {
          "index_key": 2,
          "schema_version": 0,
          "attributes": {
            "allocation_method": "Dynamic",
            "ddos_protection_mode": "VirtualNetworkInherited",
            "ddos_protection_plan_id": null,
            "domain_name_label": "domain1-vmlinux-n01594911-3",
            "edge_zone": "",
            "fqdn": "domain1-vmlinux-n01594911-3.canadacentral.cloudapp.azure.com",
            "id": "/subscriptions/43cac67b-c2a7-4907-b8de-07b7cbc98827/resourceGroups/n01594911-RG/providers/Microsoft.Network/publicIPAddresses/vmlinux-n01594911-pip3",
            "idle_timeout_in_minutes": 30,
            "ip_address": "",
            "ip_tags": null,
            "ip_version": "IPv4",
            "location": "canadacentral",
            "name": "vmlinux-n01594911-pip3",
            "public_ip_prefix_id": null,
            "resource_group_name": "n01594911-RG",
            "reverse_fqdn": "",
            "sku": "Basic",
            "sku_tier": "Regional",
            "tags": {
              "Assignment": "CCGC 5502 Automation Assignment",
              "Environment": "Learning",
              "ExpirationDate": "2024-12-31",
              "Name": "mohammed.hossain"
            },
            "timeouts": null,
            "zones": null
          },
          "sensitive_attributes": [],
          "private": "eyJlMmJmYjczMC1lY2FhLTExZTYtOGY4OC0zNDM2M2JjN2M0YzAiOnsiY3JlYXRlIjoxODAwMDAwMDAwMDAwLCJkZWxldGUiOjE4MDAwMDAwMDAwMDAsInJlYWQiOjMwMDAwMDAwMDAwMCwidXBkYXRlIjoxODAwMDAwMDAwMDAwfX0=",
          "dependencies": [
            "module.common.azurerm_log_analytics_workspace.log_analytics_workspace",
            "module.common.azurerm_recovery_services_vault.rsv",
            "module.common.azurerm_storage_account.st_acc",
            "module.network.azurerm_network_security_group.nsg",
            "module.network.azurerm_subnet.vnet_subnet",
            "module.network.azurerm_subnet_network_security_group_association.nsg_association",
            "module.network.azurerm_virtual_network.vnet",
            "module.rgroup.azurerm_resource_group.rgroup"
          ]
        }
      ]
    },
    {
      "module": "module.linux",
      "mode": "managed",
      "type": "azurerm_virtual_machine_extension",
      "name": "azure_monitor",
      "provider": "provider[\"registry.terraform.io/hashicorp/azurerm\"]",
      "instances": [
        {
          "index_key": 0,
          "schema_version": 0,
          "attributes": {
            "auto_upgrade_minor_version": true,
            "automatic_upgrade_enabled": false,
            "failure_suppression_enabled": false,
            "id": "/subscriptions/43cac67b-c2a7-4907-b8de-07b7cbc98827/resourceGroups/n01594911-RG/providers/Microsoft.Compute/virtualMachines/vmlinux-n015949111/extensions/azure_monitor-1",
            "name": "azure_monitor-1",
            "protected_settings": null,
            "protected_settings_from_key_vault": [],
            "publisher": "Microsoft.Azure.Monitor",
            "settings": "",
            "tags": {
              "Assignment": "CCGC 5502 Automation Assignment",
              "Environment": "Learning",
              "ExpirationDate": "2024-12-31",
              "Name": "mohammed.hossain"
            },
            "timeouts": null,
            "type": "AzureMonitorLinuxAgent",
            "type_handler_version": "1.0",
            "virtual_machine_id": "/subscriptions/43cac67b-c2a7-4907-b8de-07b7cbc98827/resourceGroups/n01594911-RG/providers/Microsoft.Compute/virtualMachines/vmlinux-n015949111"
          },
          "sensitive_attributes": [],
          "private": "eyJlMmJmYjczMC1lY2FhLTExZTYtOGY4OC0zNDM2M2JjN2M0YzAiOnsiY3JlYXRlIjoxODAwMDAwMDAwMDAwLCJkZWxldGUiOjE4MDAwMDAwMDAwMDAsInJlYWQiOjMwMDAwMDAwMDAwMCwidXBkYXRlIjoxODAwMDAwMDAwMDAwfX0=",
          "dependencies": [
            "module.common.azurerm_log_analytics_workspace.log_analytics_workspace",
            "module.common.azurerm_recovery_services_vault.rsv",
            "module.common.azurerm_storage_account.st_acc",
            "module.linux.azurerm_availability_set.linux_avs",
            "module.linux.azurerm_linux_virtual_machine.vm_linux",
            "module.linux.azurerm_network_interface.linux_vm_network_interface",
            "module.linux.azurerm_public_ip.linux_public_ip",
            "module.network.azurerm_network_security_group.nsg",
            "module.network.azurerm_subnet.vnet_subnet",
            "module.network.azurerm_subnet_network_security_group_association.nsg_association",
            "module.network.azurerm_virtual_network.vnet",
            "module.rgroup.azurerm_resource_group.rgroup"
          ]
        },
        {
          "index_key": 1,
          "schema_version": 0,
          "attributes": {
            "auto_upgrade_minor_version": true,
            "automatic_upgrade_enabled": false,
            "failure_suppression_enabled": false,
            "id": "/subscriptions/43cac67b-c2a7-4907-b8de-07b7cbc98827/resourceGroups/n01594911-RG/providers/Microsoft.Compute/virtualMachines/vmlinux-n015949112/extensions/azure_monitor-2",
            "name": "azure_monitor-2",
            "protected_settings": null,
            "protected_settings_from_key_vault": [],
            "publisher": "Microsoft.Azure.Monitor",
            "settings": "",
            "tags": {
              "Assignment": "CCGC 5502 Automation Assignment",
              "Environment": "Learning",
              "ExpirationDate": "2024-12-31",
              "Name": "mohammed.hossain"
            },
            "timeouts": null,
            "type": "AzureMonitorLinuxAgent",
            "type_handler_version": "1.0",
            "virtual_machine_id": "/subscriptions/43cac67b-c2a7-4907-b8de-07b7cbc98827/resourceGroups/n01594911-RG/providers/Microsoft.Compute/virtualMachines/vmlinux-n015949112"
          },
          "sensitive_attributes": [],
          "private": "eyJlMmJmYjczMC1lY2FhLTExZTYtOGY4OC0zNDM2M2JjN2M0YzAiOnsiY3JlYXRlIjoxODAwMDAwMDAwMDAwLCJkZWxldGUiOjE4MDAwMDAwMDAwMDAsInJlYWQiOjMwMDAwMDAwMDAwMCwidXBkYXRlIjoxODAwMDAwMDAwMDAwfX0=",
          "dependencies": [
            "module.common.azurerm_log_analytics_workspace.log_analytics_workspace",
            "module.common.azurerm_recovery_services_vault.rsv",
            "module.common.azurerm_storage_account.st_acc",
            "module.linux.azurerm_availability_set.linux_avs",
            "module.linux.azurerm_linux_virtual_machine.vm_linux",
            "module.linux.azurerm_network_interface.linux_vm_network_interface",
            "module.linux.azurerm_public_ip.linux_public_ip",
            "module.network.azurerm_network_security_group.nsg",
            "module.network.azurerm_subnet.vnet_subnet",
            "module.network.azurerm_subnet_network_security_group_association.nsg_association",
            "module.network.azurerm_virtual_network.vnet",
            "module.rgroup.azurerm_resource_group.rgroup"
          ]
        },
        {
          "index_key": 2,
          "schema_version": 0,
          "attributes": {
            "auto_upgrade_minor_version": true,
            "automatic_upgrade_enabled": false,
            "failure_suppression_enabled": false,
            "id": "/subscriptions/43cac67b-c2a7-4907-b8de-07b7cbc98827/resourceGroups/n01594911-RG/providers/Microsoft.Compute/virtualMachines/vmlinux-n015949113/extensions/azure_monitor-3",
            "name": "azure_monitor-3",
            "protected_settings": null,
            "protected_settings_from_key_vault": [],
            "publisher": "Microsoft.Azure.Monitor",
            "settings": "",
            "tags": {
              "Assignment": "CCGC 5502 Automation Assignment",
              "Environment": "Learning",
              "ExpirationDate": "2024-12-31",
              "Name": "mohammed.hossain"
            },
            "timeouts": null,
            "type": "AzureMonitorLinuxAgent",
            "type_handler_version": "1.0",
            "virtual_machine_id": "/subscriptions/43cac67b-c2a7-4907-b8de-07b7cbc98827/resourceGroups/n01594911-RG/providers/Microsoft.Compute/virtualMachines/vmlinux-n015949113"
          },
          "sensitive_attributes": [],
          "private": "eyJlMmJmYjczMC1lY2FhLTExZTYtOGY4OC0zNDM2M2JjN2M0YzAiOnsiY3JlYXRlIjoxODAwMDAwMDAwMDAwLCJkZWxldGUiOjE4MDAwMDAwMDAwMDAsInJlYWQiOjMwMDAwMDAwMDAwMCwidXBkYXRlIjoxODAwMDAwMDAwMDAwfX0=",
          "dependencies": [
            "module.common.azurerm_log_analytics_workspace.log_analytics_workspace",
            "module.common.azurerm_recovery_services_vault.rsv",
            "module.common.azurerm_storage_account.st_acc",
            "module.linux.azurerm_availability_set.linux_avs",
            "module.linux.azurerm_linux_virtual_machine.vm_linux",
            "module.linux.azurerm_network_interface.linux_vm_network_interface",
            "module.linux.azurerm_public_ip.linux_public_ip",
            "module.network.azurerm_network_security_group.nsg",
            "module.network.azurerm_subnet.vnet_subnet",
            "module.network.azurerm_subnet_network_security_group_association.nsg_association",
            "module.network.azurerm_virtual_network.vnet",
            "module.rgroup.azurerm_resource_group.rgroup"
          ]
        }
      ]
    },
    {
      "module": "module.linux",
      "mode": "managed",
      "type": "azurerm_virtual_machine_extension",
      "name": "linux_vm_network_watcher",
      "provider": "provider[\"registry.terraform.io/hashicorp/azurerm\"]",
      "instances": [
        {
          "index_key": 0,
          "schema_version": 0,
          "attributes": {
            "auto_upgrade_minor_version": true,
            "automatic_upgrade_enabled": false,
            "failure_suppression_enabled": false,
            "id": "/subscriptions/43cac67b-c2a7-4907-b8de-07b7cbc98827/resourceGroups/n01594911-RG/providers/Microsoft.Compute/virtualMachines/vmlinux-n015949111/extensions/linux_vm_network_watcher-1",
            "name": "linux_vm_network_watcher-1",
            "protected_settings": "    {\n      \"storageAccountName\": \"n01594911sa\",\n      \"storageAccountKey\": \"xEUgJL7nDFcAgR/6cUNC8XwhoyXpW7mF6os/MyHQx0WEJBuP7dpTyh03T4h3aNeoHCwRlhkxps4e+AStTCuqJw==\"\n    }\n",
            "protected_settings_from_key_vault": [],
            "publisher": "Microsoft.Azure.NetworkWatcher",
            "settings": "{\"xmlCfg\":\"\"}",
            "tags": {
              "Assignment": "CCGC 5502 Automation Assignment",
              "Environment": "Learning",
              "ExpirationDate": "2024-12-31",
              "Name": "mohammed.hossain"
            },
            "timeouts": null,
            "type": "NetworkWatcherAgentLinux",
            "type_handler_version": "1.4",
            "virtual_machine_id": "/subscriptions/43cac67b-c2a7-4907-b8de-07b7cbc98827/resourceGroups/n01594911-RG/providers/Microsoft.Compute/virtualMachines/vmlinux-n015949111"
          },
          "sensitive_attributes": [
            [
              {
                "type": "get_attr",
                "value": "protected_settings"
              }
            ]
          ],
          "private": "eyJlMmJmYjczMC1lY2FhLTExZTYtOGY4OC0zNDM2M2JjN2M0YzAiOnsiY3JlYXRlIjoxODAwMDAwMDAwMDAwLCJkZWxldGUiOjE4MDAwMDAwMDAwMDAsInJlYWQiOjMwMDAwMDAwMDAwMCwidXBkYXRlIjoxODAwMDAwMDAwMDAwfX0=",
          "dependencies": [
            "module.common.azurerm_log_analytics_workspace.log_analytics_workspace",
            "module.common.azurerm_recovery_services_vault.rsv",
            "module.common.azurerm_storage_account.st_acc",
            "module.linux.azurerm_availability_set.linux_avs",
            "module.linux.azurerm_linux_virtual_machine.vm_linux",
            "module.linux.azurerm_network_interface.linux_vm_network_interface",
            "module.linux.azurerm_public_ip.linux_public_ip",
            "module.network.azurerm_network_security_group.nsg",
            "module.network.azurerm_subnet.vnet_subnet",
            "module.network.azurerm_subnet_network_security_group_association.nsg_association",
            "module.network.azurerm_virtual_network.vnet",
            "module.rgroup.azurerm_resource_group.rgroup"
          ]
        },
        {
          "index_key": 1,
          "schema_version": 0,
          "attributes": {
            "auto_upgrade_minor_version": true,
            "automatic_upgrade_enabled": false,
            "failure_suppression_enabled": false,
            "id": "/subscriptions/43cac67b-c2a7-4907-b8de-07b7cbc98827/resourceGroups/n01594911-RG/providers/Microsoft.Compute/virtualMachines/vmlinux-n015949112/extensions/linux_vm_network_watcher-2",
            "name": "linux_vm_network_watcher-2",
            "protected_settings": "    {\n      \"storageAccountName\": \"n01594911sa\",\n      \"storageAccountKey\": \"xEUgJL7nDFcAgR/6cUNC8XwhoyXpW7mF6os/MyHQx0WEJBuP7dpTyh03T4h3aNeoHCwRlhkxps4e+AStTCuqJw==\"\n    }\n",
            "protected_settings_from_key_vault": [],
            "publisher": "Microsoft.Azure.NetworkWatcher",
            "settings": "{\"xmlCfg\":\"\"}",
            "tags": {
              "Assignment": "CCGC 5502 Automation Assignment",
              "Environment": "Learning",
              "ExpirationDate": "2024-12-31",
              "Name": "mohammed.hossain"
            },
            "timeouts": null,
            "type": "NetworkWatcherAgentLinux",
            "type_handler_version": "1.4",
            "virtual_machine_id": "/subscriptions/43cac67b-c2a7-4907-b8de-07b7cbc98827/resourceGroups/n01594911-RG/providers/Microsoft.Compute/virtualMachines/vmlinux-n015949112"
          },
          "sensitive_attributes": [
            [
              {
                "type": "get_attr",
                "value": "protected_settings"
              }
            ]
          ],
          "private": "eyJlMmJmYjczMC1lY2FhLTExZTYtOGY4OC0zNDM2M2JjN2M0YzAiOnsiY3JlYXRlIjoxODAwMDAwMDAwMDAwLCJkZWxldGUiOjE4MDAwMDAwMDAwMDAsInJlYWQiOjMwMDAwMDAwMDAwMCwidXBkYXRlIjoxODAwMDAwMDAwMDAwfX0=",
          "dependencies": [
            "module.common.azurerm_log_analytics_workspace.log_analytics_workspace",
            "module.common.azurerm_recovery_services_vault.rsv",
            "module.common.azurerm_storage_account.st_acc",
            "module.linux.azurerm_availability_set.linux_avs",
            "module.linux.azurerm_linux_virtual_machine.vm_linux",
            "module.linux.azurerm_network_interface.linux_vm_network_interface",
            "module.linux.azurerm_public_ip.linux_public_ip",
            "module.network.azurerm_network_security_group.nsg",
            "module.network.azurerm_subnet.vnet_subnet",
            "module.network.azurerm_subnet_network_security_group_association.nsg_association",
            "module.network.azurerm_virtual_network.vnet",
            "module.rgroup.azurerm_resource_group.rgroup"
          ]
        },
        {
          "index_key": 2,
          "schema_version": 0,
          "attributes": {
            "auto_upgrade_minor_version": true,
            "automatic_upgrade_enabled": false,
            "failure_suppression_enabled": false,
            "id": "/subscriptions/43cac67b-c2a7-4907-b8de-07b7cbc98827/resourceGroups/n01594911-RG/providers/Microsoft.Compute/virtualMachines/vmlinux-n015949113/extensions/linux_vm_network_watcher-3",
            "name": "linux_vm_network_watcher-3",
            "protected_settings": "    {\n      \"storageAccountName\": \"n01594911sa\",\n      \"storageAccountKey\": \"xEUgJL7nDFcAgR/6cUNC8XwhoyXpW7mF6os/MyHQx0WEJBuP7dpTyh03T4h3aNeoHCwRlhkxps4e+AStTCuqJw==\"\n    }\n",
            "protected_settings_from_key_vault": [],
            "publisher": "Microsoft.Azure.NetworkWatcher",
            "settings": "{\"xmlCfg\":\"\"}",
            "tags": {
              "Assignment": "CCGC 5502 Automation Assignment",
              "Environment": "Learning",
              "ExpirationDate": "2024-12-31",
              "Name": "mohammed.hossain"
            },
            "timeouts": null,
            "type": "NetworkWatcherAgentLinux",
            "type_handler_version": "1.4",
            "virtual_machine_id": "/subscriptions/43cac67b-c2a7-4907-b8de-07b7cbc98827/resourceGroups/n01594911-RG/providers/Microsoft.Compute/virtualMachines/vmlinux-n015949113"
          },
          "sensitive_attributes": [
            [
              {
                "type": "get_attr",
                "value": "protected_settings"
              }
            ]
          ],
          "private": "eyJlMmJmYjczMC1lY2FhLTExZTYtOGY4OC0zNDM2M2JjN2M0YzAiOnsiY3JlYXRlIjoxODAwMDAwMDAwMDAwLCJkZWxldGUiOjE4MDAwMDAwMDAwMDAsInJlYWQiOjMwMDAwMDAwMDAwMCwidXBkYXRlIjoxODAwMDAwMDAwMDAwfX0=",
          "dependencies": [
            "module.common.azurerm_log_analytics_workspace.log_analytics_workspace",
            "module.common.azurerm_recovery_services_vault.rsv",
            "module.common.azurerm_storage_account.st_acc",
            "module.linux.azurerm_availability_set.linux_avs",
            "module.linux.azurerm_linux_virtual_machine.vm_linux",
            "module.linux.azurerm_network_interface.linux_vm_network_interface",
            "module.linux.azurerm_public_ip.linux_public_ip",
            "module.network.azurerm_network_security_group.nsg",
            "module.network.azurerm_subnet.vnet_subnet",
            "module.network.azurerm_subnet_network_security_group_association.nsg_association",
            "module.network.azurerm_virtual_network.vnet",
            "module.rgroup.azurerm_resource_group.rgroup"
          ]
        }
      ]
    },
    {
      "module": "module.linux",
      "mode": "managed",
      "type": "null_resource",
      "name": "linux_provisioner",
      "provider": "provider[\"registry.terraform.io/hashicorp/null\"]",
      "instances": [
        {
          "index_key": 0,
          "schema_version": 0,
          "attributes": {
            "id": "3996487533789650320",
            "triggers": null
          },
          "sensitive_attributes": [],
          "dependencies": [
            "module.common.azurerm_log_analytics_workspace.log_analytics_workspace",
            "module.common.azurerm_recovery_services_vault.rsv",
            "module.common.azurerm_storage_account.st_acc",
            "module.linux.azurerm_availability_set.linux_avs",
            "module.linux.azurerm_linux_virtual_machine.vm_linux",
            "module.linux.azurerm_network_interface.linux_vm_network_interface",
            "module.linux.azurerm_public_ip.linux_public_ip",
            "module.network.azurerm_network_security_group.nsg",
            "module.network.azurerm_subnet.vnet_subnet",
            "module.network.azurerm_subnet_network_security_group_association.nsg_association",
            "module.network.azurerm_virtual_network.vnet",
            "module.rgroup.azurerm_resource_group.rgroup"
          ]
        },
        {
          "index_key": 1,
          "schema_version": 0,
          "attributes": {
            "id": "3573037383591770182",
            "triggers": null
          },
          "sensitive_attributes": [],
          "dependencies": [
            "module.common.azurerm_log_analytics_workspace.log_analytics_workspace",
            "module.common.azurerm_recovery_services_vault.rsv",
            "module.common.azurerm_storage_account.st_acc",
            "module.linux.azurerm_availability_set.linux_avs",
            "module.linux.azurerm_linux_virtual_machine.vm_linux",
            "module.linux.azurerm_network_interface.linux_vm_network_interface",
            "module.linux.azurerm_public_ip.linux_public_ip",
            "module.network.azurerm_network_security_group.nsg",
            "module.network.azurerm_subnet.vnet_subnet",
            "module.network.azurerm_subnet_network_security_group_association.nsg_association",
            "module.network.azurerm_virtual_network.vnet",
            "module.rgroup.azurerm_resource_group.rgroup"
          ]
        },
        {
          "index_key": 2,
          "schema_version": 0,
          "attributes": {
            "id": "458754457604305849",
            "triggers": null
          },
          "sensitive_attributes": [],
          "dependencies": [
            "module.common.azurerm_log_analytics_workspace.log_analytics_workspace",
            "module.common.azurerm_recovery_services_vault.rsv",
            "module.common.azurerm_storage_account.st_acc",
            "module.linux.azurerm_availability_set.linux_avs",
            "module.linux.azurerm_linux_virtual_machine.vm_linux",
            "module.linux.azurerm_network_interface.linux_vm_network_interface",
            "module.linux.azurerm_public_ip.linux_public_ip",
            "module.network.azurerm_network_security_group.nsg",
            "module.network.azurerm_subnet.vnet_subnet",
            "module.network.azurerm_subnet_network_security_group_association.nsg_association",
            "module.network.azurerm_virtual_network.vnet",
            "module.rgroup.azurerm_resource_group.rgroup"
          ]
        }
      ]
    },
    {
      "module": "module.loadbalancer",
      "mode": "managed",
      "type": "azurerm_lb",
      "name": "linux_vm_lb",
      "provider": "provider[\"registry.terraform.io/hashicorp/azurerm\"]",
      "instances": [
        {
          "schema_version": 0,
          "attributes": {
            "edge_zone": "",
            "frontend_ip_configuration": [
              {
                "gateway_load_balancer_frontend_ip_configuration_id": "",
                "id": "/subscriptions/43cac67b-c2a7-4907-b8de-07b7cbc98827/resourceGroups/n01594911-RG/providers/Microsoft.Network/loadBalancers/linux_lb/frontendIPConfigurations/PublicIPAddress",
                "inbound_nat_rules": [],
                "load_balancer_rules": [],
                "name": "PublicIPAddress",
                "outbound_rules": [],
                "private_ip_address": "",
                "private_ip_address_allocation": "Dynamic",
                "private_ip_address_version": "",
                "public_ip_address_id": "/subscriptions/43cac67b-c2a7-4907-b8de-07b7cbc98827/resourceGroups/n01594911-RG/providers/Microsoft.Network/publicIPAddresses/PublicIPForLB",
                "public_ip_prefix_id": "",
                "subnet_id": "",
                "zones": null
              }
            ],
            "id": "/subscriptions/43cac67b-c2a7-4907-b8de-07b7cbc98827/resourceGroups/n01594911-RG/providers/Microsoft.Network/loadBalancers/linux_lb",
            "location": "canadacentral",
            "name": "linux_lb",
            "private_ip_address": "",
            "private_ip_addresses": [],
            "resource_group_name": "n01594911-RG",
            "sku": "Basic",
            "sku_tier": "Regional",
            "tags": {
              "Assignment": "CCGC 5502 Automation Assignment",
              "Environment": "Learning",
              "ExpirationDate": "2024-12-31",
              "Name": "mohammed.hossain"
            },
            "timeouts": null
          },
          "sensitive_attributes": [],
          "private": "eyJlMmJmYjczMC1lY2FhLTExZTYtOGY4OC0zNDM2M2JjN2M0YzAiOnsiY3JlYXRlIjoxODAwMDAwMDAwMDAwLCJkZWxldGUiOjE4MDAwMDAwMDAwMDAsInJlYWQiOjMwMDAwMDAwMDAwMCwidXBkYXRlIjoxODAwMDAwMDAwMDAwfX0=",
          "dependencies": [
            "module.common.azurerm_log_analytics_workspace.log_analytics_workspace",
            "module.common.azurerm_recovery_services_vault.rsv",
            "module.common.azurerm_storage_account.st_acc",
            "module.linux.azurerm_availability_set.linux_avs",
            "module.linux.azurerm_linux_virtual_machine.vm_linux",
            "module.linux.azurerm_network_interface.linux_vm_network_interface",
            "module.linux.azurerm_public_ip.linux_public_ip",
            "module.linux.azurerm_virtual_machine_extension.azure_monitor",
            "module.linux.azurerm_virtual_machine_extension.linux_vm_network_watcher",
            "module.linux.null_resource.linux_provisioner",
            "module.loadbalancer.azurerm_public_ip.load_balancer_public_ip",
            "module.network.azurerm_network_security_group.nsg",
            "module.network.azurerm_subnet.vnet_subnet",
            "module.network.azurerm_subnet_network_security_group_association.nsg_association",
            "module.network.azurerm_virtual_network.vnet",
            "module.rgroup.azurerm_resource_group.rgroup"
          ]
        }
      ]
    },
    {
      "module": "module.loadbalancer",
      "mode": "managed",
      "type": "azurerm_lb_backend_address_pool",
      "name": "lb_pool",
      "provider": "provider[\"registry.terraform.io/hashicorp/azurerm\"]",
      "instances": [
        {
          "schema_version": 0,
          "attributes": {
            "backend_ip_configurations": [],
            "id": "/subscriptions/43cac67b-c2a7-4907-b8de-07b7cbc98827/resourceGroups/n01594911-RG/providers/Microsoft.Network/loadBalancers/linux_lb/backendAddressPools/BackEndAddressPool",
            "inbound_nat_rules": [],
            "load_balancing_rules": [],
            "loadbalancer_id": "/subscriptions/43cac67b-c2a7-4907-b8de-07b7cbc98827/resourceGroups/n01594911-RG/providers/Microsoft.Network/loadBalancers/linux_lb",
            "name": "BackEndAddressPool",
            "outbound_rules": [],
            "timeouts": null,
            "tunnel_interface": [],
            "virtual_network_id": ""
          },
          "sensitive_attributes": [],
          "private": "eyJlMmJmYjczMC1lY2FhLTExZTYtOGY4OC0zNDM2M2JjN2M0YzAiOnsiY3JlYXRlIjoxODAwMDAwMDAwMDAwLCJkZWxldGUiOjE4MDAwMDAwMDAwMDAsInJlYWQiOjMwMDAwMDAwMDAwMCwidXBkYXRlIjoxODAwMDAwMDAwMDAwfX0=",
          "dependencies": [
            "module.common.azurerm_log_analytics_workspace.log_analytics_workspace",
            "module.common.azurerm_recovery_services_vault.rsv",
            "module.common.azurerm_storage_account.st_acc",
            "module.linux.azurerm_availability_set.linux_avs",
            "module.linux.azurerm_linux_virtual_machine.vm_linux",
            "module.linux.azurerm_network_interface.linux_vm_network_interface",
            "module.linux.azurerm_public_ip.linux_public_ip",
            "module.linux.azurerm_virtual_machine_extension.azure_monitor",
            "module.linux.azurerm_virtual_machine_extension.linux_vm_network_watcher",
            "module.linux.null_resource.linux_provisioner",
            "module.loadbalancer.azurerm_lb.linux_vm_lb",
            "module.loadbalancer.azurerm_public_ip.load_balancer_public_ip",
            "module.network.azurerm_network_security_group.nsg",
            "module.network.azurerm_subnet.vnet_subnet",
            "module.network.azurerm_subnet_network_security_group_association.nsg_association",
            "module.network.azurerm_virtual_network.vnet",
            "module.rgroup.azurerm_resource_group.rgroup"
          ]
        }
      ]
    },
    {
      "module": "module.loadbalancer",
      "mode": "managed",
      "type": "azurerm_lb_rule",
      "name": "lb_rule",
      "provider": "provider[\"registry.terraform.io/hashicorp/azurerm\"]",
      "instances": [
        {
          "schema_version": 0,
          "attributes": {
            "backend_address_pool_ids": null,
            "backend_port": 22,
            "disable_outbound_snat": false,
            "enable_floating_ip": false,
            "enable_tcp_reset": false,
            "frontend_ip_configuration_id": "/subscriptions/43cac67b-c2a7-4907-b8de-07b7cbc98827/resourceGroups/n01594911-RG/providers/Microsoft.Network/loadBalancers/linux_lb/frontendIPConfigurations/PublicIPAddress",
            "frontend_ip_configuration_name": "PublicIPAddress",
            "frontend_port": 22,
            "id": "/subscriptions/43cac67b-c2a7-4907-b8de-07b7cbc98827/resourceGroups/n01594911-RG/providers/Microsoft.Network/loadBalancers/linux_lb/loadBalancingRules/LBRule",
            "idle_timeout_in_minutes": 4,
            "load_distribution": "Default",
            "loadbalancer_id": "/subscriptions/43cac67b-c2a7-4907-b8de-07b7cbc98827/resourceGroups/n01594911-RG/providers/Microsoft.Network/loadBalancers/linux_lb",
            "name": "LBRule",
            "probe_id": "",
            "protocol": "Tcp",
            "timeouts": null
          },
          "sensitive_attributes": [],
          "private": "eyJlMmJmYjczMC1lY2FhLTExZTYtOGY4OC0zNDM2M2JjN2M0YzAiOnsiY3JlYXRlIjoxODAwMDAwMDAwMDAwLCJkZWxldGUiOjE4MDAwMDAwMDAwMDAsInJlYWQiOjMwMDAwMDAwMDAwMCwidXBkYXRlIjoxODAwMDAwMDAwMDAwfX0=",
          "dependencies": [
            "module.common.azurerm_log_analytics_workspace.log_analytics_workspace",
            "module.common.azurerm_recovery_services_vault.rsv",
            "module.common.azurerm_storage_account.st_acc",
            "module.linux.azurerm_availability_set.linux_avs",
            "module.linux.azurerm_linux_virtual_machine.vm_linux",
            "module.linux.azurerm_network_interface.linux_vm_network_interface",
            "module.linux.azurerm_public_ip.linux_public_ip",
            "module.linux.azurerm_virtual_machine_extension.azure_monitor",
            "module.linux.azurerm_virtual_machine_extension.linux_vm_network_watcher",
            "module.linux.null_resource.linux_provisioner",
            "module.loadbalancer.azurerm_lb.linux_vm_lb",
            "module.loadbalancer.azurerm_public_ip.load_balancer_public_ip",
            "module.network.azurerm_network_security_group.nsg",
            "module.network.azurerm_subnet.vnet_subnet",
            "module.network.azurerm_subnet_network_security_group_association.nsg_association",
            "module.network.azurerm_virtual_network.vnet",
            "module.rgroup.azurerm_resource_group.rgroup"
          ]
        }
      ]
    },
    {
      "module": "module.loadbalancer",
      "mode": "managed",
      "type": "azurerm_network_interface_backend_address_pool_association",
      "name": "lb_pool_association",
      "provider": "provider[\"registry.terraform.io/hashicorp/azurerm\"]",
      "instances": [
        {
          "index_key": 0,
          "schema_version": 0,
          "attributes": {
            "backend_address_pool_id": "/subscriptions/43cac67b-c2a7-4907-b8de-07b7cbc98827/resourceGroups/n01594911-RG/providers/Microsoft.Network/loadBalancers/linux_lb/backendAddressPools/BackEndAddressPool",
            "id": "/subscriptions/43cac67b-c2a7-4907-b8de-07b7cbc98827/resourceGroups/n01594911-RG/providers/Microsoft.Network/networkInterfaces/vmlinux-n01594911-nic1/ipConfigurations/vmlinux-n015949111-ipconfig11|/subscriptions/43cac67b-c2a7-4907-b8de-07b7cbc98827/resourceGroups/n01594911-RG/providers/Microsoft.Network/loadBalancers/linux_lb/backendAddressPools/BackEndAddressPool",
            "ip_configuration_name": "vmlinux-n015949111-ipconfig11",
            "network_interface_id": "/subscriptions/43cac67b-c2a7-4907-b8de-07b7cbc98827/resourceGroups/n01594911-RG/providers/Microsoft.Network/networkInterfaces/vmlinux-n01594911-nic1",
            "timeouts": null
          },
          "sensitive_attributes": [],
          "private": "eyJlMmJmYjczMC1lY2FhLTExZTYtOGY4OC0zNDM2M2JjN2M0YzAiOnsiY3JlYXRlIjoxODAwMDAwMDAwMDAwLCJkZWxldGUiOjE4MDAwMDAwMDAwMDAsInJlYWQiOjMwMDAwMDAwMDAwMCwidXBkYXRlIjoxODAwMDAwMDAwMDAwfX0=",
          "dependencies": [
            "module.common.azurerm_log_analytics_workspace.log_analytics_workspace",
            "module.common.azurerm_recovery_services_vault.rsv",
            "module.common.azurerm_storage_account.st_acc",
            "module.linux.azurerm_availability_set.linux_avs",
            "module.linux.azurerm_linux_virtual_machine.vm_linux",
            "module.linux.azurerm_network_interface.linux_vm_network_interface",
            "module.linux.azurerm_public_ip.linux_public_ip",
            "module.linux.azurerm_virtual_machine_extension.azure_monitor",
            "module.linux.azurerm_virtual_machine_extension.linux_vm_network_watcher",
            "module.linux.null_resource.linux_provisioner",
            "module.loadbalancer.azurerm_lb.linux_vm_lb",
            "module.loadbalancer.azurerm_lb_backend_address_pool.lb_pool",
            "module.loadbalancer.azurerm_public_ip.load_balancer_public_ip",
            "module.network.azurerm_network_security_group.nsg",
            "module.network.azurerm_subnet.vnet_subnet",
            "module.network.azurerm_subnet_network_security_group_association.nsg_association",
            "module.network.azurerm_virtual_network.vnet",
            "module.rgroup.azurerm_resource_group.rgroup"
          ]
        }
      ]
    },
    {
      "module": "module.loadbalancer",
      "mode": "managed",
      "type": "azurerm_public_ip",
      "name": "load_balancer_public_ip",
      "provider": "provider[\"registry.terraform.io/hashicorp/azurerm\"]",
      "instances": [
        {
          "schema_version": 0,
          "attributes": {
            "allocation_method": "Static",
            "ddos_protection_mode": "VirtualNetworkInherited",
            "ddos_protection_plan_id": null,
            "domain_name_label": null,
            "edge_zone": "",
            "fqdn": null,
            "id": "/subscriptions/43cac67b-c2a7-4907-b8de-07b7cbc98827/resourceGroups/n01594911-RG/providers/Microsoft.Network/publicIPAddresses/PublicIPForLB",
            "idle_timeout_in_minutes": 4,
            "ip_address": "4.205.59.183",
            "ip_tags": null,
            "ip_version": "IPv4",
            "location": "canadacentral",
            "name": "PublicIPForLB",
            "public_ip_prefix_id": null,
            "resource_group_name": "n01594911-RG",
            "reverse_fqdn": null,
            "sku": "Basic",
            "sku_tier": "Regional",
            "tags": {
              "Assignment": "CCGC 5502 Automation Assignment",
              "Environment": "Learning",
              "ExpirationDate": "2024-12-31",
              "Name": "mohammed.hossain"
            },
            "timeouts": null,
            "zones": null
          },
          "sensitive_attributes": [],
          "private": "eyJlMmJmYjczMC1lY2FhLTExZTYtOGY4OC0zNDM2M2JjN2M0YzAiOnsiY3JlYXRlIjoxODAwMDAwMDAwMDAwLCJkZWxldGUiOjE4MDAwMDAwMDAwMDAsInJlYWQiOjMwMDAwMDAwMDAwMCwidXBkYXRlIjoxODAwMDAwMDAwMDAwfX0=",
          "dependencies": [
            "module.common.azurerm_log_analytics_workspace.log_analytics_workspace",
            "module.common.azurerm_recovery_services_vault.rsv",
            "module.common.azurerm_storage_account.st_acc",
            "module.linux.azurerm_availability_set.linux_avs",
            "module.linux.azurerm_linux_virtual_machine.vm_linux",
            "module.linux.azurerm_network_interface.linux_vm_network_interface",
            "module.linux.azurerm_public_ip.linux_public_ip",
            "module.linux.azurerm_virtual_machine_extension.azure_monitor",
            "module.linux.azurerm_virtual_machine_extension.linux_vm_network_watcher",
            "module.linux.null_resource.linux_provisioner",
            "module.network.azurerm_network_security_group.nsg",
            "module.network.azurerm_subnet.vnet_subnet",
            "module.network.azurerm_subnet_network_security_group_association.nsg_association",
            "module.network.azurerm_virtual_network.vnet",
            "module.rgroup.azurerm_resource_group.rgroup"
          ]
        }
      ]
    },
    {
      "module": "module.network",
      "mode": "managed",
      "type": "azurerm_network_security_group",
      "name": "nsg",
      "provider": "provider[\"registry.terraform.io/hashicorp/azurerm\"]",
      "instances": [
        {
          "schema_version": 0,
          "attributes": {
            "id": "/subscriptions/43cac67b-c2a7-4907-b8de-07b7cbc98827/resourceGroups/n01594911-RG/providers/Microsoft.Network/networkSecurityGroups/n01594911-NSG",
            "location": "canadacentral",
            "name": "n01594911-NSG",
            "resource_group_name": "n01594911-RG",
            "security_rule": [
              {
                "access": "Allow",
                "description": "",
                "destination_address_prefix": "*",
                "destination_address_prefixes": [],
                "destination_application_security_group_ids": [],
                "destination_port_range": "22",
                "destination_port_ranges": [],
                "direction": "Inbound",
                "name": "AllowSSH",
                "priority": 100,
                "protocol": "Tcp",
                "source_address_prefix": "*",
                "source_address_prefixes": [],
                "source_application_security_group_ids": [],
                "source_port_range": "*",
                "source_port_ranges": []
              },
              {
                "access": "Allow",
                "description": "",
                "destination_address_prefix": "*",
                "destination_address_prefixes": [],
                "destination_application_security_group_ids": [],
                "destination_port_range": "3389",
                "destination_port_ranges": [],
                "direction": "Inbound",
                "name": "ALLOWRDP",
                "priority": 101,
                "protocol": "Tcp",
                "source_address_prefix": "*",
                "source_address_prefixes": [],
                "source_application_security_group_ids": [],
                "source_port_range": "*",
                "source_port_ranges": []
              },
              {
                "access": "Allow",
                "description": "",
                "destination_address_prefix": "*",
                "destination_address_prefixes": [],
                "destination_application_security_group_ids": [],
                "destination_port_range": "5985",
                "destination_port_ranges": [],
                "direction": "Inbound",
                "name": "AllowWinRM",
                "priority": 102,
                "protocol": "Tcp",
                "source_address_prefix": "*",
                "source_address_prefixes": [],
                "source_application_security_group_ids": [],
                "source_port_range": "*",
                "source_port_ranges": []
              },
              {
                "access": "Allow",
                "description": "",
                "destination_address_prefix": "*",
                "destination_address_prefixes": [],
                "destination_application_security_group_ids": [],
                "destination_port_range": "80",
                "destination_port_ranges": [],
                "direction": "Inbound",
                "name": "AllowHTTP",
                "priority": 103,
                "protocol": "Tcp",
                "source_address_prefix": "*",
                "source_address_prefixes": [],
                "source_application_security_group_ids": [],
                "source_port_range": "*",
                "source_port_ranges": []
              }
            ],
            "tags": null,
            "timeouts": null
          },
          "sensitive_attributes": [],
          "private": "eyJlMmJmYjczMC1lY2FhLTExZTYtOGY4OC0zNDM2M2JjN2M0YzAiOnsiY3JlYXRlIjoxODAwMDAwMDAwMDAwLCJkZWxldGUiOjE4MDAwMDAwMDAwMDAsInJlYWQiOjMwMDAwMDAwMDAwMCwidXBkYXRlIjoxODAwMDAwMDAwMDAwfX0=",
          "dependencies": [
            "module.rgroup.azurerm_resource_group.rgroup"
          ]
        }
      ]
    },
    {
      "module": "module.network",
      "mode": "managed",
      "type": "azurerm_subnet",
      "name": "vnet_subnet",
      "provider": "provider[\"registry.terraform.io/hashicorp/azurerm\"]",
      "instances": [
        {
          "schema_version": 0,
          "attributes": {
            "address_prefixes": [
              "10.0.0.0/24"
            ],
            "delegation": [],
            "enforce_private_link_endpoint_network_policies": false,
            "enforce_private_link_service_network_policies": false,
            "id": "/subscriptions/43cac67b-c2a7-4907-b8de-07b7cbc98827/resourceGroups/n01594911-RG/providers/Microsoft.Network/virtualNetworks/n01594911-VNET/subnets/n01594911-SUBNET",
            "name": "n01594911-SUBNET",
            "private_endpoint_network_policies_enabled": true,
            "private_link_service_network_policies_enabled": true,
            "resource_group_name": "n01594911-RG",
            "service_endpoint_policy_ids": null,
            "service_endpoints": null,
            "timeouts": null,
            "virtual_network_name": "n01594911-VNET"
          },
          "sensitive_attributes": [],
          "private": "eyJlMmJmYjczMC1lY2FhLTExZTYtOGY4OC0zNDM2M2JjN2M0YzAiOnsiY3JlYXRlIjoxODAwMDAwMDAwMDAwLCJkZWxldGUiOjE4MDAwMDAwMDAwMDAsInJlYWQiOjMwMDAwMDAwMDAwMCwidXBkYXRlIjoxODAwMDAwMDAwMDAwfX0=",
          "dependencies": [
            "module.network.azurerm_virtual_network.vnet",
            "module.rgroup.azurerm_resource_group.rgroup"
          ]
        }
      ]
    },
    {
      "module": "module.network",
      "mode": "managed",
      "type": "azurerm_subnet_network_security_group_association",
      "name": "nsg_association",
      "provider": "provider[\"registry.terraform.io/hashicorp/azurerm\"]",
      "instances": [
        {
          "schema_version": 0,
          "attributes": {
            "id": "/subscriptions/43cac67b-c2a7-4907-b8de-07b7cbc98827/resourceGroups/n01594911-RG/providers/Microsoft.Network/virtualNetworks/n01594911-VNET/subnets/n01594911-SUBNET",
            "network_security_group_id": "/subscriptions/43cac67b-c2a7-4907-b8de-07b7cbc98827/resourceGroups/n01594911-RG/providers/Microsoft.Network/networkSecurityGroups/n01594911-NSG",
            "subnet_id": "/subscriptions/43cac67b-c2a7-4907-b8de-07b7cbc98827/resourceGroups/n01594911-RG/providers/Microsoft.Network/virtualNetworks/n01594911-VNET/subnets/n01594911-SUBNET",
            "timeouts": null
          },
          "sensitive_attributes": [],
          "private": "eyJlMmJmYjczMC1lY2FhLTExZTYtOGY4OC0zNDM2M2JjN2M0YzAiOnsiY3JlYXRlIjoxODAwMDAwMDAwMDAwLCJkZWxldGUiOjE4MDAwMDAwMDAwMDAsInJlYWQiOjMwMDAwMDAwMDAwMCwidXBkYXRlIjoxODAwMDAwMDAwMDAwfX0=",
          "dependencies": [
            "module.network.azurerm_network_security_group.nsg",
            "module.network.azurerm_subnet.vnet_subnet",
            "module.network.azurerm_virtual_network.vnet",
            "module.rgroup.azurerm_resource_group.rgroup"
          ]
        }
      ]
    },
    {
      "module": "module.network",
      "mode": "managed",
      "type": "azurerm_virtual_network",
      "name": "vnet",
      "provider": "provider[\"registry.terraform.io/hashicorp/azurerm\"]",
      "instances": [
        {
          "schema_version": 0,
          "attributes": {
            "address_space": [
              "10.0.0.0/16"
            ],
            "bgp_community": "",
            "ddos_protection_plan": [],
            "dns_servers": [],
            "edge_zone": "",
            "flow_timeout_in_minutes": 0,
            "guid": "536dfe8e-73a6-4602-9c84-d6a7012afd10",
            "id": "/subscriptions/43cac67b-c2a7-4907-b8de-07b7cbc98827/resourceGroups/n01594911-RG/providers/Microsoft.Network/virtualNetworks/n01594911-VNET",
            "location": "canadacentral",
            "name": "n01594911-VNET",
            "resource_group_name": "n01594911-RG",
            "subnet": [],
            "tags": {
              "Assignment": "CCGC 5502 Automation Assignment",
              "Environment": "Learning",
              "ExpirationDate": "2024-12-31",
              "Name": "mohammed.hossain"
            },
            "timeouts": null
          },
          "sensitive_attributes": [],
          "private": "eyJlMmJmYjczMC1lY2FhLTExZTYtOGY4OC0zNDM2M2JjN2M0YzAiOnsiY3JlYXRlIjoxODAwMDAwMDAwMDAwLCJkZWxldGUiOjE4MDAwMDAwMDAwMDAsInJlYWQiOjMwMDAwMDAwMDAwMCwidXBkYXRlIjoxODAwMDAwMDAwMDAwfX0=",
          "dependencies": [
            "module.rgroup.azurerm_resource_group.rgroup"
          ]
        }
      ]
    },
    {
      "module": "module.rgroup",
      "mode": "managed",
      "type": "azurerm_resource_group",
      "name": "rgroup",
      "provider": "provider[\"registry.terraform.io/hashicorp/azurerm\"]",
      "instances": [
        {
          "schema_version": 0,
          "attributes": {
            "id": "/subscriptions/43cac67b-c2a7-4907-b8de-07b7cbc98827/resourceGroups/n01594911-RG",
            "location": "canadacentral",
            "managed_by": "",
            "name": "n01594911-RG",
            "tags": {
              "Assignment": "CCGC 5502 Automation Assignment",
              "Environment": "Learning",
              "ExpirationDate": "2024-12-31",
              "Name": "mohammed.hossain"
            },
            "timeouts": null
          },
          "sensitive_attributes": [],
          "private": "eyJlMmJmYjczMC1lY2FhLTExZTYtOGY4OC0zNDM2M2JjN2M0YzAiOnsiY3JlYXRlIjo1NDAwMDAwMDAwMDAwLCJkZWxldGUiOjU0MDAwMDAwMDAwMDAsInJlYWQiOjMwMDAwMDAwMDAwMCwidXBkYXRlIjo1NDAwMDAwMDAwMDAwfX0="
        }
      ]
    },
    {
      "module": "module.windows",
      "mode": "managed",
      "type": "azurerm_availability_set",
      "name": "win_vm_avs",
      "provider": "provider[\"registry.terraform.io/hashicorp/azurerm\"]",
      "instances": [
        {
          "schema_version": 0,
          "attributes": {
            "id": "/subscriptions/43cac67b-c2a7-4907-b8de-07b7cbc98827/resourceGroups/n01594911-RG/providers/Microsoft.Compute/availabilitySets/win_avs",
            "location": "canadacentral",
            "managed": true,
            "name": "win_avs",
            "platform_fault_domain_count": 3,
            "platform_update_domain_count": 5,
            "proximity_placement_group_id": null,
            "resource_group_name": "n01594911-RG",
            "tags": {
              "environment": "prod"
            },
            "timeouts": null
          },
          "sensitive_attributes": [],
          "private": "eyJlMmJmYjczMC1lY2FhLTExZTYtOGY4OC0zNDM2M2JjN2M0YzAiOnsiY3JlYXRlIjoxODAwMDAwMDAwMDAwLCJkZWxldGUiOjE4MDAwMDAwMDAwMDAsInJlYWQiOjMwMDAwMDAwMDAwMCwidXBkYXRlIjoxODAwMDAwMDAwMDAwfX0=",
          "dependencies": [
            "module.common.azurerm_log_analytics_workspace.log_analytics_workspace",
            "module.common.azurerm_recovery_services_vault.rsv",
            "module.common.azurerm_storage_account.st_acc",
            "module.network.azurerm_network_security_group.nsg",
            "module.network.azurerm_subnet.vnet_subnet",
            "module.network.azurerm_subnet_network_security_group_association.nsg_association",
            "module.network.azurerm_virtual_network.vnet",
            "module.rgroup.azurerm_resource_group.rgroup"
          ]
        }
      ]
    },
    {
      "module": "module.windows",
      "mode": "managed",
      "type": "azurerm_network_interface",
      "name": "win_network_interface",
      "provider": "provider[\"registry.terraform.io/hashicorp/azurerm\"]",
      "instances": [
        {
          "index_key": "n01594911-vm1",
          "schema_version": 0,
          "attributes": {
            "applied_dns_servers": [],
            "dns_servers": [],
            "edge_zone": "",
            "enable_accelerated_networking": false,
            "enable_ip_forwarding": false,
            "id": "/subscriptions/43cac67b-c2a7-4907-b8de-07b7cbc98827/resourceGroups/n01594911-RG/providers/Microsoft.Network/networkInterfaces/n01594911-vm1-nic",
            "internal_dns_name_label": "",
            "internal_domain_name_suffix": "r15g0u3gombenhee00tqckx3ca.ux.internal.cloudapp.net",
            "ip_configuration": [
              {
                "gateway_load_balancer_frontend_ip_configuration_id": "",
                "name": "n01594911-vm1-nic",
                "primary": true,
                "private_ip_address": "10.0.0.7",
                "private_ip_address_allocation": "Dynamic",
                "private_ip_address_version": "IPv4",
                "public_ip_address_id": "/subscriptions/43cac67b-c2a7-4907-b8de-07b7cbc98827/resourceGroups/n01594911-RG/providers/Microsoft.Network/publicIPAddresses/n01594911-vm1-public-ip",
                "subnet_id": "/subscriptions/43cac67b-c2a7-4907-b8de-07b7cbc98827/resourceGroups/n01594911-RG/providers/Microsoft.Network/virtualNetworks/n01594911-VNET/subnets/n01594911-SUBNET"
              }
            ],
            "location": "canadacentral",
            "mac_address": "",
            "name": "n01594911-vm1-nic",
            "private_ip_address": "10.0.0.7",
            "private_ip_addresses": [
              "10.0.0.7"
            ],
            "resource_group_name": "n01594911-RG",
            "tags": {
              "Assignment": "CCGC 5502 Automation Assignment",
              "Environment": "Learning",
              "ExpirationDate": "2024-12-31",
              "Name": "mohammed.hossain"
            },
            "timeouts": null,
            "virtual_machine_id": ""
          },
          "sensitive_attributes": [],
          "private": "eyJlMmJmYjczMC1lY2FhLTExZTYtOGY4OC0zNDM2M2JjN2M0YzAiOnsiY3JlYXRlIjoxODAwMDAwMDAwMDAwLCJkZWxldGUiOjE4MDAwMDAwMDAwMDAsInJlYWQiOjMwMDAwMDAwMDAwMCwidXBkYXRlIjoxODAwMDAwMDAwMDAwfX0=",
          "dependencies": [
            "module.common.azurerm_log_analytics_workspace.log_analytics_workspace",
            "module.common.azurerm_recovery_services_vault.rsv",
            "module.common.azurerm_storage_account.st_acc",
            "module.network.azurerm_network_security_group.nsg",
            "module.network.azurerm_subnet.vnet_subnet",
            "module.network.azurerm_subnet_network_security_group_association.nsg_association",
            "module.network.azurerm_virtual_network.vnet",
            "module.rgroup.azurerm_resource_group.rgroup",
            "module.windows.azurerm_public_ip.win_public_ip"
          ]
        },
        {
          "index_key": "n01594911-vm2",
          "schema_version": 0,
          "attributes": {
            "applied_dns_servers": [],
            "dns_servers": [],
            "edge_zone": "",
            "enable_accelerated_networking": false,
            "enable_ip_forwarding": false,
            "id": "/subscriptions/43cac67b-c2a7-4907-b8de-07b7cbc98827/resourceGroups/n01594911-RG/providers/Microsoft.Network/networkInterfaces/n01594911-vm2-nic",
            "internal_dns_name_label": "",
            "internal_domain_name_suffix": "r15g0u3gombenhee00tqckx3ca.ux.internal.cloudapp.net",
            "ip_configuration": [
              {
                "gateway_load_balancer_frontend_ip_configuration_id": "",
                "name": "n01594911-vm2-nic",
                "primary": true,
                "private_ip_address": "10.0.0.5",
                "private_ip_address_allocation": "Dynamic",
                "private_ip_address_version": "IPv4",
                "public_ip_address_id": "/subscriptions/43cac67b-c2a7-4907-b8de-07b7cbc98827/resourceGroups/n01594911-RG/providers/Microsoft.Network/publicIPAddresses/n01594911-vm2-public-ip",
                "subnet_id": "/subscriptions/43cac67b-c2a7-4907-b8de-07b7cbc98827/resourceGroups/n01594911-RG/providers/Microsoft.Network/virtualNetworks/n01594911-VNET/subnets/n01594911-SUBNET"
              }
            ],
            "location": "canadacentral",
            "mac_address": "",
            "name": "n01594911-vm2-nic",
            "private_ip_address": "10.0.0.5",
            "private_ip_addresses": [
              "10.0.0.5"
            ],
            "resource_group_name": "n01594911-RG",
            "tags": {
              "Assignment": "CCGC 5502 Automation Assignment",
              "Environment": "Learning",
              "ExpirationDate": "2024-12-31",
              "Name": "mohammed.hossain"
            },
            "timeouts": null,
            "virtual_machine_id": ""
          },
          "sensitive_attributes": [],
          "private": "eyJlMmJmYjczMC1lY2FhLTExZTYtOGY4OC0zNDM2M2JjN2M0YzAiOnsiY3JlYXRlIjoxODAwMDAwMDAwMDAwLCJkZWxldGUiOjE4MDAwMDAwMDAwMDAsInJlYWQiOjMwMDAwMDAwMDAwMCwidXBkYXRlIjoxODAwMDAwMDAwMDAwfX0=",
          "dependencies": [
            "module.common.azurerm_log_analytics_workspace.log_analytics_workspace",
            "module.common.azurerm_recovery_services_vault.rsv",
            "module.common.azurerm_storage_account.st_acc",
            "module.network.azurerm_network_security_group.nsg",
            "module.network.azurerm_subnet.vnet_subnet",
            "module.network.azurerm_subnet_network_security_group_association.nsg_association",
            "module.network.azurerm_virtual_network.vnet",
            "module.rgroup.azurerm_resource_group.rgroup",
            "module.windows.azurerm_public_ip.win_public_ip"
          ]
        }
      ]
    },
    {
      "module": "module.windows",
      "mode": "managed",
      "type": "azurerm_public_ip",
      "name": "win_public_ip",
      "provider": "provider[\"registry.terraform.io/hashicorp/azurerm\"]",
      "instances": [
        {
          "index_key": "n01594911-vm1",
          "schema_version": 0,
          "attributes": {
            "allocation_method": "Dynamic",
            "ddos_protection_mode": "VirtualNetworkInherited",
            "ddos_protection_plan_id": null,
            "domain_name_label": "terraform-assignment-n01594911-vm1",
            "edge_zone": "",
            "fqdn": "terraform-assignment-n01594911-vm1.canadacentral.cloudapp.azure.com",
            "id": "/subscriptions/43cac67b-c2a7-4907-b8de-07b7cbc98827/resourceGroups/n01594911-RG/providers/Microsoft.Network/publicIPAddresses/n01594911-vm1-public-ip",
            "idle_timeout_in_minutes": 4,
            "ip_address": "",
            "ip_tags": null,
            "ip_version": "IPv4",
            "location": "canadacentral",
            "name": "n01594911-vm1-public-ip",
            "public_ip_prefix_id": null,
            "resource_group_name": "n01594911-RG",
            "reverse_fqdn": "",
            "sku": "Basic",
            "sku_tier": "Regional",
            "tags": {
              "Assignment": "CCGC 5502 Automation Assignment",
              "Environment": "Learning",
              "ExpirationDate": "2024-12-31",
              "Name": "mohammed.hossain"
            },
            "timeouts": null,
            "zones": null
          },
          "sensitive_attributes": [],
          "private": "eyJlMmJmYjczMC1lY2FhLTExZTYtOGY4OC0zNDM2M2JjN2M0YzAiOnsiY3JlYXRlIjoxODAwMDAwMDAwMDAwLCJkZWxldGUiOjE4MDAwMDAwMDAwMDAsInJlYWQiOjMwMDAwMDAwMDAwMCwidXBkYXRlIjoxODAwMDAwMDAwMDAwfX0=",
          "dependencies": [
            "module.common.azurerm_log_analytics_workspace.log_analytics_workspace",
            "module.common.azurerm_recovery_services_vault.rsv",
            "module.common.azurerm_storage_account.st_acc",
            "module.network.azurerm_network_security_group.nsg",
            "module.network.azurerm_subnet.vnet_subnet",
            "module.network.azurerm_subnet_network_security_group_association.nsg_association",
            "module.network.azurerm_virtual_network.vnet",
            "module.rgroup.azurerm_resource_group.rgroup"
          ]
        },
        {
          "index_key": "n01594911-vm2",
          "schema_version": 0,
          "attributes": {
            "allocation_method": "Dynamic",
            "ddos_protection_mode": "VirtualNetworkInherited",
            "ddos_protection_plan_id": null,
            "domain_name_label": "terraform-assignment-n01594911-vm2",
            "edge_zone": "",
            "fqdn": "terraform-assignment-n01594911-vm2.canadacentral.cloudapp.azure.com",
            "id": "/subscriptions/43cac67b-c2a7-4907-b8de-07b7cbc98827/resourceGroups/n01594911-RG/providers/Microsoft.Network/publicIPAddresses/n01594911-vm2-public-ip",
            "idle_timeout_in_minutes": 4,
            "ip_address": "",
            "ip_tags": null,
            "ip_version": "IPv4",
            "location": "canadacentral",
            "name": "n01594911-vm2-public-ip",
            "public_ip_prefix_id": null,
            "resource_group_name": "n01594911-RG",
            "reverse_fqdn": "",
            "sku": "Basic",
            "sku_tier": "Regional",
            "tags": {
              "Assignment": "CCGC 5502 Automation Assignment",
              "Environment": "Learning",
              "ExpirationDate": "2024-12-31",
              "Name": "mohammed.hossain"
            },
            "timeouts": null,
            "zones": null
          },
          "sensitive_attributes": [],
          "private": "eyJlMmJmYjczMC1lY2FhLTExZTYtOGY4OC0zNDM2M2JjN2M0YzAiOnsiY3JlYXRlIjoxODAwMDAwMDAwMDAwLCJkZWxldGUiOjE4MDAwMDAwMDAwMDAsInJlYWQiOjMwMDAwMDAwMDAwMCwidXBkYXRlIjoxODAwMDAwMDAwMDAwfX0=",
          "dependencies": [
            "module.common.azurerm_log_analytics_workspace.log_analytics_workspace",
            "module.common.azurerm_recovery_services_vault.rsv",
            "module.common.azurerm_storage_account.st_acc",
            "module.network.azurerm_network_security_group.nsg",
            "module.network.azurerm_subnet.vnet_subnet",
            "module.network.azurerm_subnet_network_security_group_association.nsg_association",
            "module.network.azurerm_virtual_network.vnet",
            "module.rgroup.azurerm_resource_group.rgroup"
          ]
        }
      ]
    },
    {
      "module": "module.windows",
      "mode": "managed",
      "type": "azurerm_virtual_machine_extension",
      "name": "win_vm_extension",
      "provider": "provider[\"registry.terraform.io/hashicorp/azurerm\"]",
      "instances": [
        {
          "index_key": "n01594911-vm1",
          "schema_version": 0,
          "attributes": {
            "auto_upgrade_minor_version": true,
            "automatic_upgrade_enabled": false,
            "failure_suppression_enabled": false,
            "id": "/subscriptions/43cac67b-c2a7-4907-b8de-07b7cbc98827/resourceGroups/n01594911-RG/providers/Microsoft.Compute/virtualMachines/n01594911-vm1/extensions/IaaSAntimalware",
            "name": "IaaSAntimalware",
            "protected_settings": null,
            "protected_settings_from_key_vault": [],
            "publisher": "Microsoft.Azure.Security",
            "settings": "{\"AntimalwareEnabled\":true,\"Exclusions\":{\"Extensions\":\"\",\"Paths\":\"\",\"Processes\":\"\"},\"RealtimeProtectionEnabled\":\"true\",\"ScheduledScanSettings\":{\"day\":\"1\",\"isEnabled\":\"true\",\"scanType\":\"Quick\",\"time\":\"120\"}}",
            "tags": null,
            "timeouts": null,
            "type": "IaaSAntimalware",
            "type_handler_version": "1.3",
            "virtual_machine_id": "/subscriptions/43cac67b-c2a7-4907-b8de-07b7cbc98827/resourceGroups/n01594911-RG/providers/Microsoft.Compute/virtualMachines/n01594911-vm1"
          },
          "sensitive_attributes": [],
          "private": "eyJlMmJmYjczMC1lY2FhLTExZTYtOGY4OC0zNDM2M2JjN2M0YzAiOnsiY3JlYXRlIjoxODAwMDAwMDAwMDAwLCJkZWxldGUiOjE4MDAwMDAwMDAwMDAsInJlYWQiOjMwMDAwMDAwMDAwMCwidXBkYXRlIjoxODAwMDAwMDAwMDAwfX0=",
          "dependencies": [
            "module.common.azurerm_log_analytics_workspace.log_analytics_workspace",
            "module.common.azurerm_recovery_services_vault.rsv",
            "module.common.azurerm_storage_account.st_acc",
            "module.network.azurerm_network_security_group.nsg",
            "module.network.azurerm_subnet.vnet_subnet",
            "module.network.azurerm_subnet_network_security_group_association.nsg_association",
            "module.network.azurerm_virtual_network.vnet",
            "module.rgroup.azurerm_resource_group.rgroup",
            "module.windows.azurerm_availability_set.win_vm_avs",
            "module.windows.azurerm_network_interface.win_network_interface",
            "module.windows.azurerm_public_ip.win_public_ip",
            "module.windows.azurerm_windows_virtual_machine.windows_vm"
          ]
        },
        {
          "index_key": "n01594911-vm2",
          "schema_version": 0,
          "attributes": {
            "auto_upgrade_minor_version": true,
            "automatic_upgrade_enabled": false,
            "failure_suppression_enabled": false,
            "id": "/subscriptions/43cac67b-c2a7-4907-b8de-07b7cbc98827/resourceGroups/n01594911-RG/providers/Microsoft.Compute/virtualMachines/n01594911-vm2/extensions/IaaSAntimalware",
            "name": "IaaSAntimalware",
            "protected_settings": null,
            "protected_settings_from_key_vault": [],
            "publisher": "Microsoft.Azure.Security",
            "settings": "{\"AntimalwareEnabled\":true,\"Exclusions\":{\"Extensions\":\"\",\"Paths\":\"\",\"Processes\":\"\"},\"RealtimeProtectionEnabled\":\"true\",\"ScheduledScanSettings\":{\"day\":\"1\",\"isEnabled\":\"true\",\"scanType\":\"Quick\",\"time\":\"120\"}}",
            "tags": null,
            "timeouts": null,
            "type": "IaaSAntimalware",
            "type_handler_version": "1.3",
            "virtual_machine_id": "/subscriptions/43cac67b-c2a7-4907-b8de-07b7cbc98827/resourceGroups/n01594911-RG/providers/Microsoft.Compute/virtualMachines/n01594911-vm2"
          },
          "sensitive_attributes": [],
          "private": "eyJlMmJmYjczMC1lY2FhLTExZTYtOGY4OC0zNDM2M2JjN2M0YzAiOnsiY3JlYXRlIjoxODAwMDAwMDAwMDAwLCJkZWxldGUiOjE4MDAwMDAwMDAwMDAsInJlYWQiOjMwMDAwMDAwMDAwMCwidXBkYXRlIjoxODAwMDAwMDAwMDAwfX0=",
          "dependencies": [
            "module.common.azurerm_log_analytics_workspace.log_analytics_workspace",
            "module.common.azurerm_recovery_services_vault.rsv",
            "module.common.azurerm_storage_account.st_acc",
            "module.network.azurerm_network_security_group.nsg",
            "module.network.azurerm_subnet.vnet_subnet",
            "module.network.azurerm_subnet_network_security_group_association.nsg_association",
            "module.network.azurerm_virtual_network.vnet",
            "module.rgroup.azurerm_resource_group.rgroup",
            "module.windows.azurerm_availability_set.win_vm_avs",
            "module.windows.azurerm_network_interface.win_network_interface",
            "module.windows.azurerm_public_ip.win_public_ip",
            "module.windows.azurerm_windows_virtual_machine.windows_vm"
          ]
        }
      ]
    },
    {
      "module": "module.windows",
      "mode": "managed",
      "type": "azurerm_windows_virtual_machine",
      "name": "windows_vm",
      "provider": "provider[\"registry.terraform.io/hashicorp/azurerm\"]",
      "instances": [
        {
          "index_key": "n01594911-vm1",
          "schema_version": 0,
          "attributes": {
            "additional_capabilities": [],
            "additional_unattend_content": [],
            "admin_password": "Amin@123",
            "admin_username": "n01594911",
            "allow_extension_operations": true,
            "availability_set_id": "",
            "boot_diagnostics": [
              {
                "storage_account_uri": "https://n01594911sa.blob.core.windows.net/"
              }
            ],
            "capacity_reservation_group_id": "",
            "computer_name": "n01594911-vm1",
            "custom_data": null,
            "dedicated_host_group_id": "",
            "dedicated_host_id": "",
            "edge_zone": "",
            "enable_automatic_updates": true,
            "encryption_at_host_enabled": false,
            "eviction_policy": "",
            "extensions_time_budget": "PT1H30M",
            "gallery_application": [],
            "hotpatching_enabled": false,
            "id": "/subscriptions/43cac67b-c2a7-4907-b8de-07b7cbc98827/resourceGroups/n01594911-RG/providers/Microsoft.Compute/virtualMachines/n01594911-vm1",
            "identity": [],
            "license_type": "",
            "location": "canadacentral",
            "max_bid_price": -1,
            "name": "n01594911-vm1",
            "network_interface_ids": [
              "/subscriptions/43cac67b-c2a7-4907-b8de-07b7cbc98827/resourceGroups/n01594911-RG/providers/Microsoft.Network/networkInterfaces/n01594911-vm1-nic"
            ],
            "os_disk": [
              {
                "caching": "ReadWrite",
                "diff_disk_settings": [],
                "disk_encryption_set_id": "",
                "disk_size_gb": 128,
                "name": "n01594911-vm1",
                "secure_vm_disk_encryption_set_id": "",
                "security_encryption_type": "",
                "storage_account_type": "StandardSSD_LRS",
                "write_accelerator_enabled": false
              }
            ],
            "patch_assessment_mode": "ImageDefault",
            "patch_mode": "AutomaticByOS",
            "plan": [],
            "platform_fault_domain": -1,
            "priority": "Regular",
            "private_ip_address": "10.0.0.7",
            "private_ip_addresses": [
              "10.0.0.7"
            ],
            "provision_vm_agent": true,
            "proximity_placement_group_id": "",
            "public_ip_address": "20.220.150.158",
            "public_ip_addresses": [
              "20.220.150.158"
            ],
            "resource_group_name": "n01594911-RG",
            "secret": [],
            "secure_boot_enabled": false,
            "size": "Standard_B1s",
            "source_image_id": "",
            "source_image_reference": [
              {
                "offer": "WindowsServer",
                "publisher": "MicrosoftWindowsServer",
                "sku": "2016-Datacenter",
                "version": "latest"
              }
            ],
            "tags": {
              "Assignment": "CCGC 5502 Automation Assignment",
              "Environment": "Learning",
              "ExpirationDate": "2024-12-31",
              "Name": "mohammed.hossain"
            },
            "termination_notification": null,
            "timeouts": null,
            "timezone": "",
            "user_data": "",
            "virtual_machine_id": "ab06c3be-867e-4767-9a89-965cf1523120",
            "virtual_machine_scale_set_id": "",
            "vtpm_enabled": false,
            "winrm_listener": [
              {
                "certificate_url": "",
                "protocol": "Http"
              }
            ],
            "zone": ""
          },
          "sensitive_attributes": [],
          "private": "eyJlMmJmYjczMC1lY2FhLTExZTYtOGY4OC0zNDM2M2JjN2M0YzAiOnsiY3JlYXRlIjoyNzAwMDAwMDAwMDAwLCJkZWxldGUiOjI3MDAwMDAwMDAwMDAsInJlYWQiOjMwMDAwMDAwMDAwMCwidXBkYXRlIjoyNzAwMDAwMDAwMDAwfX0=",
          "dependencies": [
            "module.common.azurerm_log_analytics_workspace.log_analytics_workspace",
            "module.common.azurerm_recovery_services_vault.rsv",
            "module.common.azurerm_storage_account.st_acc",
            "module.network.azurerm_network_security_group.nsg",
            "module.network.azurerm_subnet.vnet_subnet",
            "module.network.azurerm_subnet_network_security_group_association.nsg_association",
            "module.network.azurerm_virtual_network.vnet",
            "module.rgroup.azurerm_resource_group.rgroup",
            "module.windows.azurerm_availability_set.win_vm_avs",
            "module.windows.azurerm_network_interface.win_network_interface",
            "module.windows.azurerm_public_ip.win_public_ip"
          ]
        },
        {
          "index_key": "n01594911-vm2",
          "schema_version": 0,
          "attributes": {
            "additional_capabilities": [],
            "additional_unattend_content": [],
            "admin_password": "Amin@123",
            "admin_username": "n01594911",
            "allow_extension_operations": true,
            "availability_set_id": "",
            "boot_diagnostics": [
              {
                "storage_account_uri": "https://n01594911sa.blob.core.windows.net/"
              }
            ],
            "capacity_reservation_group_id": "",
            "computer_name": "n01594911-vm2",
            "custom_data": null,
            "dedicated_host_group_id": "",
            "dedicated_host_id": "",
            "edge_zone": "",
            "enable_automatic_updates": true,
            "encryption_at_host_enabled": false,
            "eviction_policy": "",
            "extensions_time_budget": "PT1H30M",
            "gallery_application": [],
            "hotpatching_enabled": false,
            "id": "/subscriptions/43cac67b-c2a7-4907-b8de-07b7cbc98827/resourceGroups/n01594911-RG/providers/Microsoft.Compute/virtualMachines/n01594911-vm2",
            "identity": [],
            "license_type": "",
            "location": "canadacentral",
            "max_bid_price": -1,
            "name": "n01594911-vm2",
            "network_interface_ids": [
              "/subscriptions/43cac67b-c2a7-4907-b8de-07b7cbc98827/resourceGroups/n01594911-RG/providers/Microsoft.Network/networkInterfaces/n01594911-vm2-nic"
            ],
            "os_disk": [
              {
                "caching": "ReadWrite",
                "diff_disk_settings": [],
                "disk_encryption_set_id": "",
                "disk_size_gb": 128,
                "name": "n01594911-vm2",
                "secure_vm_disk_encryption_set_id": "",
                "security_encryption_type": "",
                "storage_account_type": "StandardSSD_LRS",
                "write_accelerator_enabled": false
              }
            ],
            "patch_assessment_mode": "ImageDefault",
            "patch_mode": "AutomaticByOS",
            "plan": [],
            "platform_fault_domain": -1,
            "priority": "Regular",
            "private_ip_address": "10.0.0.5",
            "private_ip_addresses": [
              "10.0.0.5"
            ],
            "provision_vm_agent": true,
            "proximity_placement_group_id": "",
            "public_ip_address": "4.205.104.222",
            "public_ip_addresses": [
              "4.205.104.222"
            ],
            "resource_group_name": "n01594911-RG",
            "secret": [],
            "secure_boot_enabled": false,
            "size": "Standard_B1ms",
            "source_image_id": "",
            "source_image_reference": [
              {
                "offer": "WindowsServer",
                "publisher": "MicrosoftWindowsServer",
                "sku": "2016-Datacenter",
                "version": "latest"
              }
            ],
            "tags": {
              "Assignment": "CCGC 5502 Automation Assignment",
              "Environment": "Learning",
              "ExpirationDate": "2024-12-31",
              "Name": "mohammed.hossain"
            },
            "termination_notification": null,
            "timeouts": null,
            "timezone": "",
            "user_data": "",
            "virtual_machine_id": "9bd3ed6b-f845-4d0f-a221-fde73279c87c",
            "virtual_machine_scale_set_id": "",
            "vtpm_enabled": false,
            "winrm_listener": [
              {
                "certificate_url": "",
                "protocol": "Http"
              }
            ],
            "zone": ""
          },
          "sensitive_attributes": [],
          "private": "eyJlMmJmYjczMC1lY2FhLTExZTYtOGY4OC0zNDM2M2JjN2M0YzAiOnsiY3JlYXRlIjoyNzAwMDAwMDAwMDAwLCJkZWxldGUiOjI3MDAwMDAwMDAwMDAsInJlYWQiOjMwMDAwMDAwMDAwMCwidXBkYXRlIjoyNzAwMDAwMDAwMDAwfX0=",
          "dependencies": [
            "module.common.azurerm_log_analytics_workspace.log_analytics_workspace",
            "module.common.azurerm_recovery_services_vault.rsv",
            "module.common.azurerm_storage_account.st_acc",
            "module.network.azurerm_network_security_group.nsg",
            "module.network.azurerm_subnet.vnet_subnet",
            "module.network.azurerm_subnet_network_security_group_association.nsg_association",
            "module.network.azurerm_virtual_network.vnet",
            "module.rgroup.azurerm_resource_group.rgroup",
            "module.windows.azurerm_availability_set.win_vm_avs",
            "module.windows.azurerm_network_interface.win_network_interface",
            "module.windows.azurerm_public_ip.win_public_ip"
          ]
        }
      ]
    }
  ],
  "check_results": null
}
